// !$*UTF8*$!
{
	archiveVersion = 1;
	classes = {
	};
	objectVersion = 56;
	objects = {

/* Begin PBXBuildFile section */
		244EB944306004A5CB42C338 /* User+Schema.swift in Sources */ = {isa = PBXBuildFile; fileRef = 5BBC0B37A32F33423FE5F60D /* User+Schema.swift */; };
		392EF8EAE755C271A9472C1C /* amplifyconfiguration.json in Resources */ = {isa = PBXBuildFile; fileRef = D9179760947888B9F0613F4B /* amplifyconfiguration.json */; };
		5DDAF38E01F93465CFBA5EAE /* awsconfiguration.json in Resources */ = {isa = PBXBuildFile; fileRef = 2DE0EC291922DAB9CFB2C068 /* awsconfiguration.json */; };
		64C6A9509AE91BF8107231E0 /* Session.swift in Sources */ = {isa = PBXBuildFile; fileRef = 0CB941005A219887539F437F /* Session.swift */; };
		65EB8B7F0792FA6A77D3F7DE /* Project.swift in Sources */ = {isa = PBXBuildFile; fileRef = A21EA54876D8A5ECB6EFAFC8 /* Project.swift */; };
		74FAED5A93C9CA1CBA468188 /* Priority.swift in Sources */ = {isa = PBXBuildFile; fileRef = E1F8946CC5880A8134AE56BC /* Priority.swift */; };
		A6D207C73E6C0835E2EE6E4C /* User.swift in Sources */ = {isa = PBXBuildFile; fileRef = 946F237B04D95635BE6B041E /* User.swift */; };
		A8453C0FEA8A0E969C7C4DBA /* Project+Schema.swift in Sources */ = {isa = PBXBuildFile; fileRef = 28ED0A8147BCB45602FC6B75 /* Project+Schema.swift */; };
		AB019BDA29DCC57D007010ED /* String+isReallyEmpty.swift in Sources */ = {isa = PBXBuildFile; fileRef = AB019BD929DCC57D007010ED /* String+isReallyEmpty.swift */; };
		AB06CDE329DA2CC000F4D912 /* AuthService.swift in Sources */ = {isa = PBXBuildFile; fileRef = AB06CDE229DA2CC000F4D912 /* AuthService.swift */; };
		AB06CDE529DA2D4F00F4D912 /* AuthServiceError.swift in Sources */ = {isa = PBXBuildFile; fileRef = AB06CDE429DA2D4F00F4D912 /* AuthServiceError.swift */; };
		AB06CDE829DB08EF00F4D912 /* SectionTitle.swift in Sources */ = {isa = PBXBuildFile; fileRef = AB06CDE729DB08EF00F4D912 /* SectionTitle.swift */; };
		AB0967B629F9518B0023C055 /* TotalHoursWorkedHomeScreenWidget.swift in Sources */ = {isa = PBXBuildFile; fileRef = AB0967B429F950EE0023C055 /* TotalHoursWorkedHomeScreenWidget.swift */; };
		AB0967B729F9518B0023C055 /* TotalHoursWorkedHomeScreenWidgetView.swift in Sources */ = {isa = PBXBuildFile; fileRef = AB0967B529F9512B0023C055 /* TotalHoursWorkedHomeScreenWidgetView.swift */; };
		AB0967BB29F95A5F0023C055 /* PlaceholderData.swift in Sources */ = {isa = PBXBuildFile; fileRef = AB0967B929F95A5C0023C055 /* PlaceholderData.swift */; };
		AB0967BD29F9632E0023C055 /* LastWeekChartPlaceholder.swift in Sources */ = {isa = PBXBuildFile; fileRef = AB0967BC29F9632E0023C055 /* LastWeekChartPlaceholder.swift */; };
		AB1F41FE29EEDEE700344FDA /* amplifyconfiguration.json in Resources */ = {isa = PBXBuildFile; fileRef = D9179760947888B9F0613F4B /* amplifyconfiguration.json */; };
		AB1F41FF29EEDEE700344FDA /* awsconfiguration.json in Resources */ = {isa = PBXBuildFile; fileRef = 2DE0EC291922DAB9CFB2C068 /* awsconfiguration.json */; };
		AB1F420129F01EFE00344FDA /* KeychainError.swift in Sources */ = {isa = PBXBuildFile; fileRef = AB1F420029F01EFE00344FDA /* KeychainError.swift */; };
		AB1F420329F0208600344FDA /* KeychainConstants.swift in Sources */ = {isa = PBXBuildFile; fileRef = AB1F420229F0208600344FDA /* KeychainConstants.swift */; };
		AB1F420429F0245100344FDA /* LoginStatus.swift in Sources */ = {isa = PBXBuildFile; fileRef = ABCD330729D477EC00BA9529 /* LoginStatus.swift */; };
		AB1F420529F0285200344FDA /* KeychainConstants.swift in Sources */ = {isa = PBXBuildFile; fileRef = AB1F420229F0208600344FDA /* KeychainConstants.swift */; };
		AB1F420629F0296500344FDA /* KeychainError.swift in Sources */ = {isa = PBXBuildFile; fileRef = AB1F420029F01EFE00344FDA /* KeychainError.swift */; };
		AB250F6829D32B5100CE6728 /* AWSCognitoAuthPlugin in Frameworks */ = {isa = PBXBuildFile; productRef = AB250F6729D32B5100CE6728 /* AWSCognitoAuthPlugin */; };
		AB2C0A6029DB11660018B62F /* AddEditProjectView.swift in Sources */ = {isa = PBXBuildFile; fileRef = AB2C0A5F29DB11660018B62F /* AddEditProjectView.swift */; };
		AB2C0A6229DB13220018B62F /* AddEditProjectViewModel.swift in Sources */ = {isa = PBXBuildFile; fileRef = AB2C0A6129DB13220018B62F /* AddEditProjectViewModel.swift */; };
		AB2C0A6429DB152C0018B62F /* CustomSegmentedPicker.swift in Sources */ = {isa = PBXBuildFile; fileRef = AB2C0A6329DB152C0018B62F /* CustomSegmentedPicker.swift */; };
		AB2C0A6729DB15D10018B62F /* Priority+Helpers.swift in Sources */ = {isa = PBXBuildFile; fileRef = AB2C0A6629DB15D10018B62F /* Priority+Helpers.swift */; };
		AB2D1EF829D5C30E00215C9C /* CustomDivider.swift in Sources */ = {isa = PBXBuildFile; fileRef = AB2D1EF729D5C30E00215C9C /* CustomDivider.swift */; };
		AB32079929E6E81A007AC36E /* WidgetKit.framework in Frameworks */ = {isa = PBXBuildFile; fileRef = AB32077F29E6E7EB007AC36E /* WidgetKit.framework */; };
		AB32079A29E6E81A007AC36E /* SwiftUI.framework in Frameworks */ = {isa = PBXBuildFile; fileRef = AB32078129E6E7EB007AC36E /* SwiftUI.framework */; };
		AB32079D29E6E81A007AC36E /* AccountableWidgetsBundle.swift in Sources */ = {isa = PBXBuildFile; fileRef = AB32079C29E6E81A007AC36E /* AccountableWidgetsBundle.swift */; };
		AB3207A129E6E81A007AC36E /* LastWeekChartWidgetView.swift in Sources */ = {isa = PBXBuildFile; fileRef = AB3207A029E6E81A007AC36E /* LastWeekChartWidgetView.swift */; };
		AB3207A329E6E81B007AC36E /* Assets.xcassets in Resources */ = {isa = PBXBuildFile; fileRef = AB3207A229E6E81B007AC36E /* Assets.xcassets */; };
		AB3207A729E6E81B007AC36E /* AccountableWidgetsExtension.appex in Embed Foundation Extensions */ = {isa = PBXBuildFile; fileRef = AB32079829E6E81A007AC36E /* AccountableWidgetsExtension.appex */; settings = {ATTRIBUTES = (RemoveHeadersOnCopy, ); }; };
		AB3207C329E6EF1C007AC36E /* User.swift in Sources */ = {isa = PBXBuildFile; fileRef = 946F237B04D95635BE6B041E /* User.swift */; };
		AB3207C429E6EF1C007AC36E /* Project.swift in Sources */ = {isa = PBXBuildFile; fileRef = A21EA54876D8A5ECB6EFAFC8 /* Project.swift */; };
		AB3207C529E6EF1C007AC36E /* Session.swift in Sources */ = {isa = PBXBuildFile; fileRef = 0CB941005A219887539F437F /* Session.swift */; };
		AB3207C629E6EF1C007AC36E /* Weekday.swift in Sources */ = {isa = PBXBuildFile; fileRef = 9070A37BC6840D06E536FB42 /* Weekday.swift */; };
		AB3207C729E6EF1C007AC36E /* Project+Schema.swift in Sources */ = {isa = PBXBuildFile; fileRef = 28ED0A8147BCB45602FC6B75 /* Project+Schema.swift */; };
		AB3207C829E6EF1C007AC36E /* AmplifyModels.swift in Sources */ = {isa = PBXBuildFile; fileRef = D781533A5E6CD22C412C1473 /* AmplifyModels.swift */; };
		AB3207C929E6EF1C007AC36E /* Priority.swift in Sources */ = {isa = PBXBuildFile; fileRef = E1F8946CC5880A8134AE56BC /* Priority.swift */; };
		AB3207CA29E6EF1C007AC36E /* User+Schema.swift in Sources */ = {isa = PBXBuildFile; fileRef = 5BBC0B37A32F33423FE5F60D /* User+Schema.swift */; };
		AB3207CB29E6EF1C007AC36E /* Session+Schema.swift in Sources */ = {isa = PBXBuildFile; fileRef = 8F4DB6D200749F1674B76C74 /* Session+Schema.swift */; };
		AB3207CD29E6EF24007AC36E /* DatabaseService.swift in Sources */ = {isa = PBXBuildFile; fileRef = ABB998F129D9CCF600421E01 /* DatabaseService.swift */; };
		AB3207CE29E6EF24007AC36E /* AuthService.swift in Sources */ = {isa = PBXBuildFile; fileRef = AB06CDE229DA2CC000F4D912 /* AuthService.swift */; };
		AB3207CF29E6EF2B007AC36E /* DateConstants.swift in Sources */ = {isa = PBXBuildFile; fileRef = AB6D7C3C29E30AD800C2DB1F /* DateConstants.swift */; };
		AB3207D029E6EF2B007AC36E /* ErrorMessageConstants.swift in Sources */ = {isa = PBXBuildFile; fileRef = ABB2D84829D69057004F9278 /* ErrorMessageConstants.swift */; };
		AB3207D129E6EF2B007AC36E /* UiConstants.swift in Sources */ = {isa = PBXBuildFile; fileRef = ABAC1F3629D8751C007B0A0B /* UiConstants.swift */; };
		AB3207D229E6EF2B007AC36E /* NotificationConstants.swift in Sources */ = {isa = PBXBuildFile; fileRef = AB88C8C629D7988000F5DAD1 /* NotificationConstants.swift */; };
		AB3207D329E6EF3A007AC36E /* DataStoreError.swift in Sources */ = {isa = PBXBuildFile; fileRef = ABB998F429D9CE7900421E01 /* DataStoreError.swift */; };
		AB3207D429E6EF3A007AC36E /* AuthServiceError.swift in Sources */ = {isa = PBXBuildFile; fileRef = AB06CDE429DA2D4F00F4D912 /* AuthServiceError.swift */; };
		AB3207D629E6EF8D007AC36E /* Amplify in Frameworks */ = {isa = PBXBuildFile; productRef = AB3207D529E6EF8D007AC36E /* Amplify */; };
		AB38AA2D29FB5922008F6368 /* View+scenePhaseChanges.swift in Sources */ = {isa = PBXBuildFile; fileRef = AB38AA2C29FB5922008F6368 /* View+scenePhaseChanges.swift */; };
		AB44AD4829E244DF003175BB /* SessionRow.swift in Sources */ = {isa = PBXBuildFile; fileRef = AB44AD4729E244DF003175BB /* SessionRow.swift */; };
		AB45540829D7110700A5CFEB /* SignUpView.swift in Sources */ = {isa = PBXBuildFile; fileRef = AB45540729D7110700A5CFEB /* SignUpView.swift */; };
		AB45540A29D7110F00A5CFEB /* SignUpViewModel.swift in Sources */ = {isa = PBXBuildFile; fileRef = AB45540929D7110F00A5CFEB /* SignUpViewModel.swift */; };
		AB45540C29D71A6B00A5CFEB /* OnboardingNavigationController.swift in Sources */ = {isa = PBXBuildFile; fileRef = AB45540B29D71A6B00A5CFEB /* OnboardingNavigationController.swift */; };
		AB45540E29D71B1300A5CFEB /* OnboardingNavigationDestination.swift in Sources */ = {isa = PBXBuildFile; fileRef = AB45540D29D71B1300A5CFEB /* OnboardingNavigationDestination.swift */; };
		AB45541129D71C0500A5CFEB /* ConfirmCodeView.swift in Sources */ = {isa = PBXBuildFile; fileRef = AB45541029D71C0500A5CFEB /* ConfirmCodeView.swift */; };
		AB45541329D725AA00A5CFEB /* AuthController.swift in Sources */ = {isa = PBXBuildFile; fileRef = AB45541229D725AA00A5CFEB /* AuthController.swift */; };
		AB45541A29D72B4300A5CFEB /* ConfirmCodeViewModel.swift in Sources */ = {isa = PBXBuildFile; fileRef = AB45541929D72B4300A5CFEB /* ConfirmCodeViewModel.swift */; };
		AB47E61E29FC04110016AB7F /* StoreKit.framework in Frameworks */ = {isa = PBXBuildFile; fileRef = AB47E61D29FC04110016AB7F /* StoreKit.framework */; };
		AB47E62529FC10F20016AB7F /* UpgradeView.swift in Sources */ = {isa = PBXBuildFile; fileRef = AB47E62429FC10F20016AB7F /* UpgradeView.swift */; };
		AB47E62729FC10F80016AB7F /* UpgradeViewModel.swift in Sources */ = {isa = PBXBuildFile; fileRef = AB47E62629FC10F80016AB7F /* UpgradeViewModel.swift */; };
		AB4ADC0729E04FCF000AFDCA /* OngoingSessionTitleAndBox.swift in Sources */ = {isa = PBXBuildFile; fileRef = AB4ADC0629E04FCF000AFDCA /* OngoingSessionTitleAndBox.swift */; };
		AB4ADC0B29E06291000AFDCA /* Session+Helpers.swift in Sources */ = {isa = PBXBuildFile; fileRef = AB4ADC0A29E06291000AFDCA /* Session+Helpers.swift */; };
		AB4ADC0D29E063AE000AFDCA /* Int+secondsAsPeriodOfTime.swift in Sources */ = {isa = PBXBuildFile; fileRef = AB4ADC0C29E063AE000AFDCA /* Int+secondsAsPeriodOfTime.swift */; };
		AB4ADC1029E06623000AFDCA /* FirstThreeProjectSessionsList.swift in Sources */ = {isa = PBXBuildFile; fileRef = AB4ADC0F29E06623000AFDCA /* FirstThreeProjectSessionsList.swift */; };
		AB4ADC1229E0666A000AFDCA /* FirstThreeProjectSessionsHeader.swift in Sources */ = {isa = PBXBuildFile; fileRef = AB4ADC1129E0666A000AFDCA /* FirstThreeProjectSessionsHeader.swift */; };
		AB5609E829D86AED00B75F46 /* AsyncButton.swift in Sources */ = {isa = PBXBuildFile; fileRef = AB5609E729D86AEC00B75F46 /* AsyncButton.swift */; };
		AB59AB2629DDB9F80041F6F8 /* ProjectDetailsView.swift in Sources */ = {isa = PBXBuildFile; fileRef = AB59AB2529DDB9F80041F6F8 /* ProjectDetailsView.swift */; };
		AB59AB2829DDBA000041F6F8 /* ProjectDetailsViewModel.swift in Sources */ = {isa = PBXBuildFile; fileRef = AB59AB2729DDBA000041F6F8 /* ProjectDetailsViewModel.swift */; };
		AB59AB2B29DDBAA00041F6F8 /* Project+Helpers.swift in Sources */ = {isa = PBXBuildFile; fileRef = AB59AB2A29DDBAA00041F6F8 /* Project+Helpers.swift */; };
		AB59AB2D29DDBCA20041F6F8 /* CustomProgressView.swift in Sources */ = {isa = PBXBuildFile; fileRef = AB59AB2C29DDBCA20041F6F8 /* CustomProgressView.swift */; };
		AB59AB3229DDBDB90041F6F8 /* HomeViewProjectRow.swift in Sources */ = {isa = PBXBuildFile; fileRef = AB59AB3129DDBDB90041F6F8 /* HomeViewProjectRow.swift */; };
		AB6071B229FEB08400F18BFF /* Launch Screen.storyboard in Resources */ = {isa = PBXBuildFile; fileRef = AB6071B129FEB08400F18BFF /* Launch Screen.storyboard */; };
		AB67AA0129DDFBD400D797BD /* HomeProjectsList.swift in Sources */ = {isa = PBXBuildFile; fileRef = AB67AA0029DDFBD400D797BD /* HomeProjectsList.swift */; };
		AB67AA0529DDFCD700D797BD /* HomeProjectsHeader.swift in Sources */ = {isa = PBXBuildFile; fileRef = AB67AA0429DDFCD700D797BD /* HomeProjectsHeader.swift */; };
		AB67AA0729DE00AF00D797BD /* CustomGroupBox.swift in Sources */ = {isa = PBXBuildFile; fileRef = AB67AA0629DE00AF00D797BD /* CustomGroupBox.swift */; };
		AB67AA0929DE2CA100D797BD /* OngoingSessionController.swift in Sources */ = {isa = PBXBuildFile; fileRef = AB67AA0829DE2CA100D797BD /* OngoingSessionController.swift */; };
		AB67AA0C29DE327F00D797BD /* StartStopSessionView.swift in Sources */ = {isa = PBXBuildFile; fileRef = AB67AA0B29DE327F00D797BD /* StartStopSessionView.swift */; };
		AB68D9FD29F2D2C8008F5077 /* Provider.swift in Sources */ = {isa = PBXBuildFile; fileRef = AB68D9FB29F2D28E008F5077 /* Provider.swift */; };
		AB68DA0229F2D448008F5077 /* SimpleEntry.swift in Sources */ = {isa = PBXBuildFile; fileRef = AB68DA0129F2D448008F5077 /* SimpleEntry.swift */; };
		AB6D7C3D29E30AD800C2DB1F /* DateConstants.swift in Sources */ = {isa = PBXBuildFile; fileRef = AB6D7C3C29E30AD800C2DB1F /* DateConstants.swift */; };
		AB74D08D29E4F72E00BFEA2B /* ProjectDetailsStatsGrid.swift in Sources */ = {isa = PBXBuildFile; fileRef = AB74D08C29E4F72E00BFEA2B /* ProjectDetailsStatsGrid.swift */; };
		AB75E35829EC741D00609496 /* Int+secondsAsPeriodOfTime.swift in Sources */ = {isa = PBXBuildFile; fileRef = AB4ADC0C29E063AE000AFDCA /* Int+secondsAsPeriodOfTime.swift */; };
		AB75E35929EC742F00609496 /* BarMarkAnnotationTextStyle.swift in Sources */ = {isa = PBXBuildFile; fileRef = ABA4DE5729E60FF000D65434 /* BarMarkAnnotationTextStyle.swift */; };
		AB75E35A29EC751300609496 /* SectionTitle.swift in Sources */ = {isa = PBXBuildFile; fileRef = AB06CDE729DB08EF00F4D912 /* SectionTitle.swift */; };
		AB77867329D5C9AE00CE5989 /* SocialSignInButtonStyle.swift in Sources */ = {isa = PBXBuildFile; fileRef = AB77867229D5C9AE00CE5989 /* SocialSignInButtonStyle.swift */; };
		AB77867529D5CFB600CE5989 /* SplashScreenView.swift in Sources */ = {isa = PBXBuildFile; fileRef = AB77867429D5CFB600CE5989 /* SplashScreenView.swift */; };
		AB77867C29D5D37900CE5989 /* PrimaryButtonStyle.swift in Sources */ = {isa = PBXBuildFile; fileRef = AB77867B29D5D37900CE5989 /* PrimaryButtonStyle.swift */; };
		AB80C9B429F9D82B00E637F5 /* TotalHoursWorkedLockScreenWidget.swift in Sources */ = {isa = PBXBuildFile; fileRef = AB80C9B229F9D59B00E637F5 /* TotalHoursWorkedLockScreenWidget.swift */; };
		AB80C9B529F9D82B00E637F5 /* TotalHoursWorkedLockScreenWidgetView.swift in Sources */ = {isa = PBXBuildFile; fileRef = AB80C9B329F9D59C00E637F5 /* TotalHoursWorkedLockScreenWidgetView.swift */; };
		AB88C8C529D780D400F5DAD1 /* ConfirmCodeTextField.swift in Sources */ = {isa = PBXBuildFile; fileRef = AB88C8C429D780D400F5DAD1 /* ConfirmCodeTextField.swift */; };
		AB88C8C729D7988000F5DAD1 /* NotificationConstants.swift in Sources */ = {isa = PBXBuildFile; fileRef = AB88C8C629D7988000F5DAD1 /* NotificationConstants.swift */; };
		ABA4DE5129E5EB7900D65434 /* HomeChartCarousel.swift in Sources */ = {isa = PBXBuildFile; fileRef = ABA4DE5029E5EB7900D65434 /* HomeChartCarousel.swift */; };
		ABA4DE5429E6061C00D65434 /* StatBox.swift in Sources */ = {isa = PBXBuildFile; fileRef = ABA4DE5329E6061C00D65434 /* StatBox.swift */; };
		ABA4DE5629E607C800D65434 /* StatGrid.swift in Sources */ = {isa = PBXBuildFile; fileRef = ABA4DE5529E607C800D65434 /* StatGrid.swift */; };
		ABA4DE5829E60FF000D65434 /* BarMarkAnnotationTextStyle.swift in Sources */ = {isa = PBXBuildFile; fileRef = ABA4DE5729E60FF000D65434 /* BarMarkAnnotationTextStyle.swift */; };
		ABA728AA29DC5C6D00E66D98 /* CustomBackButton.swift in Sources */ = {isa = PBXBuildFile; fileRef = ABA728A929DC5C6D00E66D98 /* CustomBackButton.swift */; };
		ABA728AC29DC6E4100E66D98 /* Color+CustomColors.swift in Sources */ = {isa = PBXBuildFile; fileRef = ABA728AB29DC6E4100E66D98 /* Color+CustomColors.swift */; };
		ABAC1F3529D87358007B0A0B /* CenteredHeader.swift in Sources */ = {isa = PBXBuildFile; fileRef = ABAC1F3429D87358007B0A0B /* CenteredHeader.swift */; };
		ABAC1F3729D8751C007B0A0B /* UiConstants.swift in Sources */ = {isa = PBXBuildFile; fileRef = ABAC1F3629D8751C007B0A0B /* UiConstants.swift */; };
		ABAC1F3929D877FB007B0A0B /* NoAutoCapsOrCorrectionsTextField.swift in Sources */ = {isa = PBXBuildFile; fileRef = ABAC1F3829D877FB007B0A0B /* NoAutoCapsOrCorrectionsTextField.swift */; };
		ABAC1F3B29D87CBA007B0A0B /* TextFieldType.swift in Sources */ = {isa = PBXBuildFile; fileRef = ABAC1F3A29D87CBA007B0A0B /* TextFieldType.swift */; };
		ABB2D84629D68BB1004F9278 /* Notification.Name+CustomNotifications.swift in Sources */ = {isa = PBXBuildFile; fileRef = ABB2D84529D68BB1004F9278 /* Notification.Name+CustomNotifications.swift */; };
		ABB2D84929D69057004F9278 /* ErrorMessageConstants.swift in Sources */ = {isa = PBXBuildFile; fileRef = ABB2D84829D69057004F9278 /* ErrorMessageConstants.swift */; };
		ABB8CD9629DB815D00367A62 /* View+HideKeyboard.swift in Sources */ = {isa = PBXBuildFile; fileRef = ABB8CD9529DB815D00367A62 /* View+HideKeyboard.swift */; };
		ABB998EC29D9B7C700421E01 /* HomeView.swift in Sources */ = {isa = PBXBuildFile; fileRef = ABB998EB29D9B7C700421E01 /* HomeView.swift */; };
		ABB998EF29D9B7F900421E01 /* HomeViewModel.swift in Sources */ = {isa = PBXBuildFile; fileRef = ABB998EE29D9B7F900421E01 /* HomeViewModel.swift */; };
		ABB998F229D9CCF600421E01 /* DatabaseService.swift in Sources */ = {isa = PBXBuildFile; fileRef = ABB998F129D9CCF600421E01 /* DatabaseService.swift */; };
		ABB998F529D9CE7900421E01 /* DataStoreError.swift in Sources */ = {isa = PBXBuildFile; fileRef = ABB998F429D9CE7900421E01 /* DataStoreError.swift */; };
		ABBC403829E4B98800FD447A /* ProjectDetailsSessionChart.swift in Sources */ = {isa = PBXBuildFile; fileRef = ABBC403729E4B98800FD447A /* ProjectDetailsSessionChart.swift */; };
		ABBC403A29E4BB3000FD447A /* ProjectDetailsPastWeekSection.swift in Sources */ = {isa = PBXBuildFile; fileRef = ABBC403929E4BB3000FD447A /* ProjectDetailsPastWeekSection.swift */; };
		ABC1267029E70EE4007C2996 /* User+Helpers.swift in Sources */ = {isa = PBXBuildFile; fileRef = ABDC752529E237D70020E5F9 /* User+Helpers.swift */; };
		ABC1267129E70EE4007C2996 /* Project+Helpers.swift in Sources */ = {isa = PBXBuildFile; fileRef = AB59AB2A29DDBAA00041F6F8 /* Project+Helpers.swift */; };
		ABC1267229E70EE4007C2996 /* Session+Helpers.swift in Sources */ = {isa = PBXBuildFile; fileRef = AB4ADC0A29E06291000AFDCA /* Session+Helpers.swift */; };
		ABC1267329E70EE4007C2996 /* Weekday+Helpers.swift in Sources */ = {isa = PBXBuildFile; fileRef = ABDB663D29E2FFA300684219 /* Weekday+Helpers.swift */; };
		ABC1267429E70EE4007C2996 /* Priority+Helpers.swift in Sources */ = {isa = PBXBuildFile; fileRef = AB2C0A6629DB15D10018B62F /* Priority+Helpers.swift */; };
		ABC1267629E7153C007C2996 /* AWSAPIPlugin in Frameworks */ = {isa = PBXBuildFile; productRef = ABC1267529E7153C007C2996 /* AWSAPIPlugin */; };
		ABC1267829E7153C007C2996 /* AWSCognitoAuthPlugin in Frameworks */ = {isa = PBXBuildFile; productRef = ABC1267729E7153C007C2996 /* AWSCognitoAuthPlugin */; };
		ABC1267A29E7153C007C2996 /* AWSDataStorePlugin in Frameworks */ = {isa = PBXBuildFile; productRef = ABC1267929E7153C007C2996 /* AWSDataStorePlugin */; };
		ABC1CE6A29F6D193007452C7 /* FileManagerError.swift in Sources */ = {isa = PBXBuildFile; fileRef = ABC1CE6929F6D193007452C7 /* FileManagerError.swift */; };
		ABC1CE6B29F6D1F6007452C7 /* FileManagerError.swift in Sources */ = {isa = PBXBuildFile; fileRef = ABC1CE6929F6D193007452C7 /* FileManagerError.swift */; };
		ABC1CE6D29F6D2DB007452C7 /* Data+prettyPrintedJSONString().swift in Sources */ = {isa = PBXBuildFile; fileRef = ABC1CE6C29F6D2DB007452C7 /* Data+prettyPrintedJSONString().swift */; };
		ABC1CE6E29F6D2DD007452C7 /* Data+prettyPrintedJSONString().swift in Sources */ = {isa = PBXBuildFile; fileRef = ABC1CE6C29F6D2DB007452C7 /* Data+prettyPrintedJSONString().swift */; };
		ABC1CE9429F6DC8A007452C7 /* URL+storeUrl.swift in Sources */ = {isa = PBXBuildFile; fileRef = ABC1CE9329F6DC8A007452C7 /* URL+storeUrl.swift */; };
		ABC1CE9529F6DC8A007452C7 /* URL+storeUrl.swift in Sources */ = {isa = PBXBuildFile; fileRef = ABC1CE9329F6DC8A007452C7 /* URL+storeUrl.swift */; };
		ABCD330629D475E900BA9529 /* LoginViewModel.swift in Sources */ = {isa = PBXBuildFile; fileRef = ABCD330529D475E900BA9529 /* LoginViewModel.swift */; };
		ABCD330829D477EC00BA9529 /* LoginStatus.swift in Sources */ = {isa = PBXBuildFile; fileRef = ABCD330729D477EC00BA9529 /* LoginStatus.swift */; };
		ABCD330C29D4841400BA9529 /* TextFieldWithLine.swift in Sources */ = {isa = PBXBuildFile; fileRef = ABCD330B29D4841400BA9529 /* TextFieldWithLine.swift */; };
		ABD8B56029D0DB42007BF1BC /* AccountableApp.swift in Sources */ = {isa = PBXBuildFile; fileRef = ABD8B55F29D0DB42007BF1BC /* AccountableApp.swift */; };
		ABD8B56229D0DB42007BF1BC /* LoginView.swift in Sources */ = {isa = PBXBuildFile; fileRef = ABD8B56129D0DB42007BF1BC /* LoginView.swift */; };
		ABD8B56429D0DB43007BF1BC /* Assets.xcassets in Resources */ = {isa = PBXBuildFile; fileRef = ABD8B56329D0DB43007BF1BC /* Assets.xcassets */; };
		ABD8B56729D0DB43007BF1BC /* Preview Assets.xcassets in Resources */ = {isa = PBXBuildFile; fileRef = ABD8B56629D0DB43007BF1BC /* Preview Assets.xcassets */; };
		ABD8B56F29D0E185007BF1BC /* AWSAPIPlugin in Frameworks */ = {isa = PBXBuildFile; productRef = ABD8B56E29D0E185007BF1BC /* AWSAPIPlugin */; };
		ABD8B57129D0E185007BF1BC /* AWSDataStorePlugin in Frameworks */ = {isa = PBXBuildFile; productRef = ABD8B57029D0E185007BF1BC /* AWSDataStorePlugin */; };
		ABD8B57329D0E185007BF1BC /* Amplify in Frameworks */ = {isa = PBXBuildFile; productRef = ABD8B57229D0E185007BF1BC /* Amplify */; };
		ABD8C84E29FCAA7200F942CA /* StoreKitConfiguration.storekit in Resources */ = {isa = PBXBuildFile; fileRef = ABD8C84D29FCAA7200F942CA /* StoreKitConfiguration.storekit */; };
		ABDB663E29E2FFA300684219 /* Weekday+Helpers.swift in Sources */ = {isa = PBXBuildFile; fileRef = ABDB663D29E2FFA300684219 /* Weekday+Helpers.swift */; };
		ABDC752629E237D70020E5F9 /* User+Helpers.swift in Sources */ = {isa = PBXBuildFile; fileRef = ABDC752529E237D70020E5F9 /* User+Helpers.swift */; };
		ABDC752929E23A100020E5F9 /* AllSessionsView.swift in Sources */ = {isa = PBXBuildFile; fileRef = ABDC752829E23A100020E5F9 /* AllSessionsView.swift */; };
		ABDC752B29E23A1A0020E5F9 /* AllSessionsViewModel.swift in Sources */ = {isa = PBXBuildFile; fileRef = ABDC752A29E23A1A0020E5F9 /* AllSessionsViewModel.swift */; };
		ABDCA77829F585EA009B0DA9 /* ViewState.swift in Sources */ = {isa = PBXBuildFile; fileRef = AB45541429D726F200A5CFEB /* ViewState.swift */; };
		ABDCA77929F585EB009B0DA9 /* ViewState.swift in Sources */ = {isa = PBXBuildFile; fileRef = AB45541429D726F200A5CFEB /* ViewState.swift */; };
		ABDCA77B29F58C63009B0DA9 /* Date+Helpers.swift in Sources */ = {isa = PBXBuildFile; fileRef = ABDCA77A29F58C63009B0DA9 /* Date+Helpers.swift */; };
		ABDCA77C29F58C66009B0DA9 /* Date+Helpers.swift in Sources */ = {isa = PBXBuildFile; fileRef = ABDCA77A29F58C63009B0DA9 /* Date+Helpers.swift */; };
		ABDCA77E29F5D328009B0DA9 /* FileManagerController.swift in Sources */ = {isa = PBXBuildFile; fileRef = ABDCA77D29F5D328009B0DA9 /* FileManagerController.swift */; };
		ABDCA78029F5D359009B0DA9 /* FileManagerConstants.swift in Sources */ = {isa = PBXBuildFile; fileRef = ABDCA77F29F5D359009B0DA9 /* FileManagerConstants.swift */; };
		ABDCA78229F5D36C009B0DA9 /* AppGroupConstants.swift in Sources */ = {isa = PBXBuildFile; fileRef = ABDCA78129F5D36C009B0DA9 /* AppGroupConstants.swift */; };
		ABDCA78329F5E2D2009B0DA9 /* FileManagerController.swift in Sources */ = {isa = PBXBuildFile; fileRef = ABDCA77D29F5D328009B0DA9 /* FileManagerController.swift */; };
		ABDCA78429F5E3A9009B0DA9 /* FileManagerConstants.swift in Sources */ = {isa = PBXBuildFile; fileRef = ABDCA77F29F5D359009B0DA9 /* FileManagerConstants.swift */; };
		ABDCA78529F5E3B7009B0DA9 /* AppGroupConstants.swift in Sources */ = {isa = PBXBuildFile; fileRef = ABDCA78129F5D36C009B0DA9 /* AppGroupConstants.swift */; };
		ABEECFC229FD4A640011C15D /* StoreKitError.swift in Sources */ = {isa = PBXBuildFile; fileRef = ABEECFC129FD4A640011C15D /* StoreKitError.swift */; };
		ABEECFC729FD5BD50011C15D /* StoreKitTransactionController.swift in Sources */ = {isa = PBXBuildFile; fileRef = ABEECFC629FD5BD50011C15D /* StoreKitTransactionController.swift */; };
		ABEECFCC29FD9C1C0011C15D /* StoreKitConstants.swift in Sources */ = {isa = PBXBuildFile; fileRef = ABEECFCB29FD9C1C0011C15D /* StoreKitConstants.swift */; };
		ABF5093C29F2D591004D80FA /* LastWeekChartWidget.swift in Sources */ = {isa = PBXBuildFile; fileRef = AB68D9FE29F2D3FB008F5077 /* LastWeekChartWidget.swift */; };
		ABF6EF4229D4722000918FD2 /* LoginController.swift in Sources */ = {isa = PBXBuildFile; fileRef = ABF6EF4129D4722000918FD2 /* LoginController.swift */; };
		B0B82126D421A137CB3DF277 /* Session+Schema.swift in Sources */ = {isa = PBXBuildFile; fileRef = 8F4DB6D200749F1674B76C74 /* Session+Schema.swift */; };
		B544ADD6DEC40FB4F639C956 /* Weekday.swift in Sources */ = {isa = PBXBuildFile; fileRef = 9070A37BC6840D06E536FB42 /* Weekday.swift */; };
		E0C960E8788CE8E94464E4C3 /* AmplifyModels.swift in Sources */ = {isa = PBXBuildFile; fileRef = D781533A5E6CD22C412C1473 /* AmplifyModels.swift */; };
/* End PBXBuildFile section */

/* Begin PBXContainerItemProxy section */
		AB3207A529E6E81B007AC36E /* PBXContainerItemProxy */ = {
			isa = PBXContainerItemProxy;
			containerPortal = ABD8B55429D0DB42007BF1BC /* Project object */;
			proxyType = 1;
			remoteGlobalIDString = AB32079729E6E81A007AC36E;
			remoteInfo = AccountableWidgetsExtension;
		};
/* End PBXContainerItemProxy section */

/* Begin PBXCopyFilesBuildPhase section */
		AB32079029E6E7ED007AC36E /* Embed Foundation Extensions */ = {
			isa = PBXCopyFilesBuildPhase;
			buildActionMask = 2147483647;
			dstPath = "";
			dstSubfolderSpec = 13;
			files = (
				AB3207A729E6E81B007AC36E /* AccountableWidgetsExtension.appex in Embed Foundation Extensions */,
			);
			name = "Embed Foundation Extensions";
			runOnlyForDeploymentPostprocessing = 0;
		};
/* End PBXCopyFilesBuildPhase section */

/* Begin PBXFileReference section */
		0CB941005A219887539F437F /* Session.swift */ = {isa = PBXFileReference; explicitFileType = sourcecode.swift; name = Session.swift; path = amplify/generated/models/Session.swift; sourceTree = "<group>"; };
		28ED0A8147BCB45602FC6B75 /* Project+Schema.swift */ = {isa = PBXFileReference; explicitFileType = sourcecode.swift; name = "Project+Schema.swift"; path = "amplify/generated/models/Project+Schema.swift"; sourceTree = "<group>"; };
		2DE0EC291922DAB9CFB2C068 /* awsconfiguration.json */ = {isa = PBXFileReference; explicitFileType = text.json; path = awsconfiguration.json; sourceTree = "<group>"; };
		5BBC0B37A32F33423FE5F60D /* User+Schema.swift */ = {isa = PBXFileReference; explicitFileType = sourcecode.swift; name = "User+Schema.swift"; path = "amplify/generated/models/User+Schema.swift"; sourceTree = "<group>"; };
		8F4DB6D200749F1674B76C74 /* Session+Schema.swift */ = {isa = PBXFileReference; explicitFileType = sourcecode.swift; name = "Session+Schema.swift"; path = "amplify/generated/models/Session+Schema.swift"; sourceTree = "<group>"; };
		9070A37BC6840D06E536FB42 /* Weekday.swift */ = {isa = PBXFileReference; explicitFileType = sourcecode.swift; name = Weekday.swift; path = amplify/generated/models/Weekday.swift; sourceTree = "<group>"; };
		946F237B04D95635BE6B041E /* User.swift */ = {isa = PBXFileReference; explicitFileType = sourcecode.swift; name = User.swift; path = amplify/generated/models/User.swift; sourceTree = "<group>"; };
		A21EA54876D8A5ECB6EFAFC8 /* Project.swift */ = {isa = PBXFileReference; explicitFileType = sourcecode.swift; name = Project.swift; path = amplify/generated/models/Project.swift; sourceTree = "<group>"; };
		AB019BD929DCC57D007010ED /* String+isReallyEmpty.swift */ = {isa = PBXFileReference; lastKnownFileType = sourcecode.swift; path = "String+isReallyEmpty.swift"; sourceTree = "<group>"; };
		AB06CDE229DA2CC000F4D912 /* AuthService.swift */ = {isa = PBXFileReference; lastKnownFileType = sourcecode.swift; path = AuthService.swift; sourceTree = "<group>"; };
		AB06CDE429DA2D4F00F4D912 /* AuthServiceError.swift */ = {isa = PBXFileReference; lastKnownFileType = sourcecode.swift; path = AuthServiceError.swift; sourceTree = "<group>"; };
		AB06CDE729DB08EF00F4D912 /* SectionTitle.swift */ = {isa = PBXFileReference; lastKnownFileType = sourcecode.swift; path = SectionTitle.swift; sourceTree = "<group>"; };
		AB0967B429F950EE0023C055 /* TotalHoursWorkedHomeScreenWidget.swift */ = {isa = PBXFileReference; lastKnownFileType = sourcecode.swift; path = TotalHoursWorkedHomeScreenWidget.swift; sourceTree = "<group>"; };
		AB0967B529F9512B0023C055 /* TotalHoursWorkedHomeScreenWidgetView.swift */ = {isa = PBXFileReference; lastKnownFileType = sourcecode.swift; path = TotalHoursWorkedHomeScreenWidgetView.swift; sourceTree = "<group>"; };
		AB0967B929F95A5C0023C055 /* PlaceholderData.swift */ = {isa = PBXFileReference; lastKnownFileType = sourcecode.swift; path = PlaceholderData.swift; sourceTree = "<group>"; };
		AB0967BC29F9632E0023C055 /* LastWeekChartPlaceholder.swift */ = {isa = PBXFileReference; lastKnownFileType = sourcecode.swift; path = LastWeekChartPlaceholder.swift; sourceTree = "<group>"; };
		AB1F420029F01EFE00344FDA /* KeychainError.swift */ = {isa = PBXFileReference; lastKnownFileType = sourcecode.swift; path = KeychainError.swift; sourceTree = "<group>"; };
		AB1F420229F0208600344FDA /* KeychainConstants.swift */ = {isa = PBXFileReference; lastKnownFileType = sourcecode.swift; path = KeychainConstants.swift; sourceTree = "<group>"; };
		AB2C0A5F29DB11660018B62F /* AddEditProjectView.swift */ = {isa = PBXFileReference; lastKnownFileType = sourcecode.swift; path = AddEditProjectView.swift; sourceTree = "<group>"; };
		AB2C0A6129DB13220018B62F /* AddEditProjectViewModel.swift */ = {isa = PBXFileReference; lastKnownFileType = sourcecode.swift; path = AddEditProjectViewModel.swift; sourceTree = "<group>"; };
		AB2C0A6329DB152C0018B62F /* CustomSegmentedPicker.swift */ = {isa = PBXFileReference; lastKnownFileType = sourcecode.swift; path = CustomSegmentedPicker.swift; sourceTree = "<group>"; };
		AB2C0A6629DB15D10018B62F /* Priority+Helpers.swift */ = {isa = PBXFileReference; lastKnownFileType = sourcecode.swift; path = "Priority+Helpers.swift"; sourceTree = "<group>"; };
		AB2D1EF729D5C30E00215C9C /* CustomDivider.swift */ = {isa = PBXFileReference; lastKnownFileType = sourcecode.swift; path = CustomDivider.swift; sourceTree = "<group>"; };
		AB32077F29E6E7EB007AC36E /* WidgetKit.framework */ = {isa = PBXFileReference; lastKnownFileType = wrapper.framework; name = WidgetKit.framework; path = System/Library/Frameworks/WidgetKit.framework; sourceTree = SDKROOT; };
		AB32078129E6E7EB007AC36E /* SwiftUI.framework */ = {isa = PBXFileReference; lastKnownFileType = wrapper.framework; name = SwiftUI.framework; path = System/Library/Frameworks/SwiftUI.framework; sourceTree = SDKROOT; };
		AB32079829E6E81A007AC36E /* AccountableWidgetsExtension.appex */ = {isa = PBXFileReference; explicitFileType = "wrapper.app-extension"; includeInIndex = 0; path = AccountableWidgetsExtension.appex; sourceTree = BUILT_PRODUCTS_DIR; };
		AB32079C29E6E81A007AC36E /* AccountableWidgetsBundle.swift */ = {isa = PBXFileReference; lastKnownFileType = sourcecode.swift; path = AccountableWidgetsBundle.swift; sourceTree = "<group>"; };
		AB3207A029E6E81A007AC36E /* LastWeekChartWidgetView.swift */ = {isa = PBXFileReference; lastKnownFileType = sourcecode.swift; path = LastWeekChartWidgetView.swift; sourceTree = "<group>"; };
		AB3207A229E6E81B007AC36E /* Assets.xcassets */ = {isa = PBXFileReference; lastKnownFileType = folder.assetcatalog; path = Assets.xcassets; sourceTree = "<group>"; };
		AB3207A429E6E81B007AC36E /* Info.plist */ = {isa = PBXFileReference; lastKnownFileType = text.plist.xml; path = Info.plist; sourceTree = "<group>"; };
		AB38AA2C29FB5922008F6368 /* View+scenePhaseChanges.swift */ = {isa = PBXFileReference; fileEncoding = 4; lastKnownFileType = sourcecode.swift; path = "View+scenePhaseChanges.swift"; sourceTree = "<group>"; };
		AB3CF95429D2874A00E7FD45 /* Info.plist */ = {isa = PBXFileReference; lastKnownFileType = text.plist; path = Info.plist; sourceTree = "<group>"; };
		AB44AD4729E244DF003175BB /* SessionRow.swift */ = {isa = PBXFileReference; lastKnownFileType = sourcecode.swift; path = SessionRow.swift; sourceTree = "<group>"; };
		AB45540729D7110700A5CFEB /* SignUpView.swift */ = {isa = PBXFileReference; lastKnownFileType = sourcecode.swift; path = SignUpView.swift; sourceTree = "<group>"; };
		AB45540929D7110F00A5CFEB /* SignUpViewModel.swift */ = {isa = PBXFileReference; lastKnownFileType = sourcecode.swift; path = SignUpViewModel.swift; sourceTree = "<group>"; };
		AB45540B29D71A6B00A5CFEB /* OnboardingNavigationController.swift */ = {isa = PBXFileReference; lastKnownFileType = sourcecode.swift; path = OnboardingNavigationController.swift; sourceTree = "<group>"; };
		AB45540D29D71B1300A5CFEB /* OnboardingNavigationDestination.swift */ = {isa = PBXFileReference; lastKnownFileType = sourcecode.swift; path = OnboardingNavigationDestination.swift; sourceTree = "<group>"; };
		AB45541029D71C0500A5CFEB /* ConfirmCodeView.swift */ = {isa = PBXFileReference; lastKnownFileType = sourcecode.swift; path = ConfirmCodeView.swift; sourceTree = "<group>"; };
		AB45541229D725AA00A5CFEB /* AuthController.swift */ = {isa = PBXFileReference; lastKnownFileType = sourcecode.swift; path = AuthController.swift; sourceTree = "<group>"; };
		AB45541429D726F200A5CFEB /* ViewState.swift */ = {isa = PBXFileReference; lastKnownFileType = sourcecode.swift; path = ViewState.swift; sourceTree = "<group>"; };
		AB45541929D72B4300A5CFEB /* ConfirmCodeViewModel.swift */ = {isa = PBXFileReference; lastKnownFileType = sourcecode.swift; path = ConfirmCodeViewModel.swift; sourceTree = "<group>"; };
		AB47E61D29FC04110016AB7F /* StoreKit.framework */ = {isa = PBXFileReference; lastKnownFileType = wrapper.framework; name = StoreKit.framework; path = System/Library/Frameworks/StoreKit.framework; sourceTree = SDKROOT; };
		AB47E62429FC10F20016AB7F /* UpgradeView.swift */ = {isa = PBXFileReference; lastKnownFileType = sourcecode.swift; path = UpgradeView.swift; sourceTree = "<group>"; };
		AB47E62629FC10F80016AB7F /* UpgradeViewModel.swift */ = {isa = PBXFileReference; lastKnownFileType = sourcecode.swift; path = UpgradeViewModel.swift; sourceTree = "<group>"; };
		AB4ADC0629E04FCF000AFDCA /* OngoingSessionTitleAndBox.swift */ = {isa = PBXFileReference; lastKnownFileType = sourcecode.swift; path = OngoingSessionTitleAndBox.swift; sourceTree = "<group>"; };
		AB4ADC0A29E06291000AFDCA /* Session+Helpers.swift */ = {isa = PBXFileReference; lastKnownFileType = sourcecode.swift; path = "Session+Helpers.swift"; sourceTree = "<group>"; };
		AB4ADC0C29E063AE000AFDCA /* Int+secondsAsPeriodOfTime.swift */ = {isa = PBXFileReference; lastKnownFileType = sourcecode.swift; path = "Int+secondsAsPeriodOfTime.swift"; sourceTree = "<group>"; };
		AB4ADC0F29E06623000AFDCA /* FirstThreeProjectSessionsList.swift */ = {isa = PBXFileReference; lastKnownFileType = sourcecode.swift; path = FirstThreeProjectSessionsList.swift; sourceTree = "<group>"; };
		AB4ADC1129E0666A000AFDCA /* FirstThreeProjectSessionsHeader.swift */ = {isa = PBXFileReference; lastKnownFileType = sourcecode.swift; path = FirstThreeProjectSessionsHeader.swift; sourceTree = "<group>"; };
		AB5609E729D86AEC00B75F46 /* AsyncButton.swift */ = {isa = PBXFileReference; fileEncoding = 4; lastKnownFileType = sourcecode.swift; path = AsyncButton.swift; sourceTree = "<group>"; };
		AB59AB2529DDB9F80041F6F8 /* ProjectDetailsView.swift */ = {isa = PBXFileReference; lastKnownFileType = sourcecode.swift; path = ProjectDetailsView.swift; sourceTree = "<group>"; };
		AB59AB2729DDBA000041F6F8 /* ProjectDetailsViewModel.swift */ = {isa = PBXFileReference; lastKnownFileType = sourcecode.swift; path = ProjectDetailsViewModel.swift; sourceTree = "<group>"; };
		AB59AB2A29DDBAA00041F6F8 /* Project+Helpers.swift */ = {isa = PBXFileReference; lastKnownFileType = sourcecode.swift; path = "Project+Helpers.swift"; sourceTree = "<group>"; };
		AB59AB2C29DDBCA20041F6F8 /* CustomProgressView.swift */ = {isa = PBXFileReference; lastKnownFileType = sourcecode.swift; path = CustomProgressView.swift; sourceTree = "<group>"; };
		AB59AB3129DDBDB90041F6F8 /* HomeViewProjectRow.swift */ = {isa = PBXFileReference; lastKnownFileType = sourcecode.swift; path = HomeViewProjectRow.swift; sourceTree = "<group>"; };
		AB6071B129FEB08400F18BFF /* Launch Screen.storyboard */ = {isa = PBXFileReference; lastKnownFileType = file.storyboard; path = "Launch Screen.storyboard"; sourceTree = "<group>"; };
		AB67AA0029DDFBD400D797BD /* HomeProjectsList.swift */ = {isa = PBXFileReference; lastKnownFileType = sourcecode.swift; path = HomeProjectsList.swift; sourceTree = "<group>"; };
		AB67AA0429DDFCD700D797BD /* HomeProjectsHeader.swift */ = {isa = PBXFileReference; lastKnownFileType = sourcecode.swift; path = HomeProjectsHeader.swift; sourceTree = "<group>"; };
		AB67AA0629DE00AF00D797BD /* CustomGroupBox.swift */ = {isa = PBXFileReference; lastKnownFileType = sourcecode.swift; path = CustomGroupBox.swift; sourceTree = "<group>"; };
		AB67AA0829DE2CA100D797BD /* OngoingSessionController.swift */ = {isa = PBXFileReference; lastKnownFileType = sourcecode.swift; path = OngoingSessionController.swift; sourceTree = "<group>"; };
		AB67AA0B29DE327F00D797BD /* StartStopSessionView.swift */ = {isa = PBXFileReference; lastKnownFileType = sourcecode.swift; path = StartStopSessionView.swift; sourceTree = "<group>"; };
		AB68D9FB29F2D28E008F5077 /* Provider.swift */ = {isa = PBXFileReference; lastKnownFileType = sourcecode.swift; path = Provider.swift; sourceTree = "<group>"; };
		AB68D9FE29F2D3FB008F5077 /* LastWeekChartWidget.swift */ = {isa = PBXFileReference; lastKnownFileType = sourcecode.swift; path = LastWeekChartWidget.swift; sourceTree = "<group>"; };
		AB68DA0129F2D448008F5077 /* SimpleEntry.swift */ = {isa = PBXFileReference; lastKnownFileType = sourcecode.swift; path = SimpleEntry.swift; sourceTree = "<group>"; };
		AB6D7C3C29E30AD800C2DB1F /* DateConstants.swift */ = {isa = PBXFileReference; lastKnownFileType = sourcecode.swift; path = DateConstants.swift; sourceTree = "<group>"; };
		AB74D08C29E4F72E00BFEA2B /* ProjectDetailsStatsGrid.swift */ = {isa = PBXFileReference; lastKnownFileType = sourcecode.swift; path = ProjectDetailsStatsGrid.swift; sourceTree = "<group>"; };
		AB75E34D29EC4C5200609496 /* Accountable.entitlements */ = {isa = PBXFileReference; lastKnownFileType = text.plist.entitlements; path = Accountable.entitlements; sourceTree = "<group>"; };
		AB75E34E29EC4CC500609496 /* AccountableWidgetsExtension.entitlements */ = {isa = PBXFileReference; lastKnownFileType = text.plist.entitlements; path = AccountableWidgetsExtension.entitlements; sourceTree = "<group>"; };
		AB77867229D5C9AE00CE5989 /* SocialSignInButtonStyle.swift */ = {isa = PBXFileReference; lastKnownFileType = sourcecode.swift; path = SocialSignInButtonStyle.swift; sourceTree = "<group>"; };
		AB77867429D5CFB600CE5989 /* SplashScreenView.swift */ = {isa = PBXFileReference; lastKnownFileType = sourcecode.swift; path = SplashScreenView.swift; sourceTree = "<group>"; };
		AB77867B29D5D37900CE5989 /* PrimaryButtonStyle.swift */ = {isa = PBXFileReference; lastKnownFileType = sourcecode.swift; path = PrimaryButtonStyle.swift; sourceTree = "<group>"; };
		AB80C9B229F9D59B00E637F5 /* TotalHoursWorkedLockScreenWidget.swift */ = {isa = PBXFileReference; lastKnownFileType = sourcecode.swift; path = TotalHoursWorkedLockScreenWidget.swift; sourceTree = "<group>"; };
		AB80C9B329F9D59C00E637F5 /* TotalHoursWorkedLockScreenWidgetView.swift */ = {isa = PBXFileReference; lastKnownFileType = sourcecode.swift; path = TotalHoursWorkedLockScreenWidgetView.swift; sourceTree = "<group>"; };
		AB88C8C429D780D400F5DAD1 /* ConfirmCodeTextField.swift */ = {isa = PBXFileReference; lastKnownFileType = sourcecode.swift; path = ConfirmCodeTextField.swift; sourceTree = "<group>"; };
		AB88C8C629D7988000F5DAD1 /* NotificationConstants.swift */ = {isa = PBXFileReference; lastKnownFileType = sourcecode.swift; path = NotificationConstants.swift; sourceTree = "<group>"; };
		ABA4DE5029E5EB7900D65434 /* HomeChartCarousel.swift */ = {isa = PBXFileReference; lastKnownFileType = sourcecode.swift; path = HomeChartCarousel.swift; sourceTree = "<group>"; };
		ABA4DE5329E6061C00D65434 /* StatBox.swift */ = {isa = PBXFileReference; lastKnownFileType = sourcecode.swift; path = StatBox.swift; sourceTree = "<group>"; };
		ABA4DE5529E607C800D65434 /* StatGrid.swift */ = {isa = PBXFileReference; lastKnownFileType = sourcecode.swift; path = StatGrid.swift; sourceTree = "<group>"; };
		ABA4DE5729E60FF000D65434 /* BarMarkAnnotationTextStyle.swift */ = {isa = PBXFileReference; lastKnownFileType = sourcecode.swift; path = BarMarkAnnotationTextStyle.swift; sourceTree = "<group>"; };
		ABA728A929DC5C6D00E66D98 /* CustomBackButton.swift */ = {isa = PBXFileReference; lastKnownFileType = sourcecode.swift; path = CustomBackButton.swift; sourceTree = "<group>"; };
		ABA728AB29DC6E4100E66D98 /* Color+CustomColors.swift */ = {isa = PBXFileReference; lastKnownFileType = sourcecode.swift; path = "Color+CustomColors.swift"; sourceTree = "<group>"; };
		ABAC1F3429D87358007B0A0B /* CenteredHeader.swift */ = {isa = PBXFileReference; lastKnownFileType = sourcecode.swift; path = CenteredHeader.swift; sourceTree = "<group>"; };
		ABAC1F3629D8751C007B0A0B /* UiConstants.swift */ = {isa = PBXFileReference; lastKnownFileType = sourcecode.swift; path = UiConstants.swift; sourceTree = "<group>"; };
		ABAC1F3829D877FB007B0A0B /* NoAutoCapsOrCorrectionsTextField.swift */ = {isa = PBXFileReference; lastKnownFileType = sourcecode.swift; path = NoAutoCapsOrCorrectionsTextField.swift; sourceTree = "<group>"; };
		ABAC1F3A29D87CBA007B0A0B /* TextFieldType.swift */ = {isa = PBXFileReference; lastKnownFileType = sourcecode.swift; path = TextFieldType.swift; sourceTree = "<group>"; };
		ABB2D84529D68BB1004F9278 /* Notification.Name+CustomNotifications.swift */ = {isa = PBXFileReference; lastKnownFileType = sourcecode.swift; path = "Notification.Name+CustomNotifications.swift"; sourceTree = "<group>"; };
		ABB2D84829D69057004F9278 /* ErrorMessageConstants.swift */ = {isa = PBXFileReference; lastKnownFileType = sourcecode.swift; path = ErrorMessageConstants.swift; sourceTree = "<group>"; };
		ABB8CD9529DB815D00367A62 /* View+HideKeyboard.swift */ = {isa = PBXFileReference; lastKnownFileType = sourcecode.swift; path = "View+HideKeyboard.swift"; sourceTree = "<group>"; };
		ABB998EB29D9B7C700421E01 /* HomeView.swift */ = {isa = PBXFileReference; lastKnownFileType = sourcecode.swift; path = HomeView.swift; sourceTree = "<group>"; };
		ABB998EE29D9B7F900421E01 /* HomeViewModel.swift */ = {isa = PBXFileReference; lastKnownFileType = sourcecode.swift; path = HomeViewModel.swift; sourceTree = "<group>"; };
		ABB998F129D9CCF600421E01 /* DatabaseService.swift */ = {isa = PBXFileReference; lastKnownFileType = sourcecode.swift; path = DatabaseService.swift; sourceTree = "<group>"; };
		ABB998F429D9CE7900421E01 /* DataStoreError.swift */ = {isa = PBXFileReference; lastKnownFileType = sourcecode.swift; path = DataStoreError.swift; sourceTree = "<group>"; };
		ABBC403729E4B98800FD447A /* ProjectDetailsSessionChart.swift */ = {isa = PBXFileReference; lastKnownFileType = sourcecode.swift; path = ProjectDetailsSessionChart.swift; sourceTree = "<group>"; };
		ABBC403929E4BB3000FD447A /* ProjectDetailsPastWeekSection.swift */ = {isa = PBXFileReference; lastKnownFileType = sourcecode.swift; path = ProjectDetailsPastWeekSection.swift; sourceTree = "<group>"; };
		ABC1CE6929F6D193007452C7 /* FileManagerError.swift */ = {isa = PBXFileReference; lastKnownFileType = sourcecode.swift; path = FileManagerError.swift; sourceTree = "<group>"; };
		ABC1CE6C29F6D2DB007452C7 /* Data+prettyPrintedJSONString().swift */ = {isa = PBXFileReference; fileEncoding = 4; lastKnownFileType = sourcecode.swift; path = "Data+prettyPrintedJSONString().swift"; sourceTree = "<group>"; };
		ABC1CE9329F6DC8A007452C7 /* URL+storeUrl.swift */ = {isa = PBXFileReference; lastKnownFileType = sourcecode.swift; path = "URL+storeUrl.swift"; sourceTree = "<group>"; };
		ABCD330529D475E900BA9529 /* LoginViewModel.swift */ = {isa = PBXFileReference; lastKnownFileType = sourcecode.swift; path = LoginViewModel.swift; sourceTree = "<group>"; };
		ABCD330729D477EC00BA9529 /* LoginStatus.swift */ = {isa = PBXFileReference; lastKnownFileType = sourcecode.swift; path = LoginStatus.swift; sourceTree = "<group>"; };
		ABCD330B29D4841400BA9529 /* TextFieldWithLine.swift */ = {isa = PBXFileReference; lastKnownFileType = sourcecode.swift; path = TextFieldWithLine.swift; sourceTree = "<group>"; };
		ABD8B55C29D0DB42007BF1BC /* Accountable.app */ = {isa = PBXFileReference; explicitFileType = wrapper.application; includeInIndex = 0; path = Accountable.app; sourceTree = BUILT_PRODUCTS_DIR; };
		ABD8B55F29D0DB42007BF1BC /* AccountableApp.swift */ = {isa = PBXFileReference; lastKnownFileType = sourcecode.swift; path = AccountableApp.swift; sourceTree = "<group>"; };
		ABD8B56129D0DB42007BF1BC /* LoginView.swift */ = {isa = PBXFileReference; lastKnownFileType = sourcecode.swift; path = LoginView.swift; sourceTree = "<group>"; };
		ABD8B56329D0DB43007BF1BC /* Assets.xcassets */ = {isa = PBXFileReference; lastKnownFileType = folder.assetcatalog; path = Assets.xcassets; sourceTree = "<group>"; };
		ABD8B56629D0DB43007BF1BC /* Preview Assets.xcassets */ = {isa = PBXFileReference; lastKnownFileType = folder.assetcatalog; path = "Preview Assets.xcassets"; sourceTree = "<group>"; };
		ABD8C84D29FCAA7200F942CA /* StoreKitConfiguration.storekit */ = {isa = PBXFileReference; lastKnownFileType = text; path = StoreKitConfiguration.storekit; sourceTree = "<group>"; };
		ABDB663D29E2FFA300684219 /* Weekday+Helpers.swift */ = {isa = PBXFileReference; lastKnownFileType = sourcecode.swift; path = "Weekday+Helpers.swift"; sourceTree = "<group>"; };
		ABDC752529E237D70020E5F9 /* User+Helpers.swift */ = {isa = PBXFileReference; lastKnownFileType = sourcecode.swift; path = "User+Helpers.swift"; sourceTree = "<group>"; };
		ABDC752829E23A100020E5F9 /* AllSessionsView.swift */ = {isa = PBXFileReference; lastKnownFileType = sourcecode.swift; path = AllSessionsView.swift; sourceTree = "<group>"; };
		ABDC752A29E23A1A0020E5F9 /* AllSessionsViewModel.swift */ = {isa = PBXFileReference; lastKnownFileType = sourcecode.swift; path = AllSessionsViewModel.swift; sourceTree = "<group>"; };
		ABDCA77A29F58C63009B0DA9 /* Date+Helpers.swift */ = {isa = PBXFileReference; lastKnownFileType = sourcecode.swift; path = "Date+Helpers.swift"; sourceTree = "<group>"; };
		ABDCA77D29F5D328009B0DA9 /* FileManagerController.swift */ = {isa = PBXFileReference; lastKnownFileType = sourcecode.swift; path = FileManagerController.swift; sourceTree = "<group>"; };
		ABDCA77F29F5D359009B0DA9 /* FileManagerConstants.swift */ = {isa = PBXFileReference; lastKnownFileType = sourcecode.swift; path = FileManagerConstants.swift; sourceTree = "<group>"; };
		ABDCA78129F5D36C009B0DA9 /* AppGroupConstants.swift */ = {isa = PBXFileReference; lastKnownFileType = sourcecode.swift; path = AppGroupConstants.swift; sourceTree = "<group>"; };
		ABEECFC129FD4A640011C15D /* StoreKitError.swift */ = {isa = PBXFileReference; lastKnownFileType = sourcecode.swift; path = StoreKitError.swift; sourceTree = "<group>"; };
		ABEECFC629FD5BD50011C15D /* StoreKitTransactionController.swift */ = {isa = PBXFileReference; lastKnownFileType = sourcecode.swift; path = StoreKitTransactionController.swift; sourceTree = "<group>"; };
		ABEECFCB29FD9C1C0011C15D /* StoreKitConstants.swift */ = {isa = PBXFileReference; lastKnownFileType = sourcecode.swift; path = StoreKitConstants.swift; sourceTree = "<group>"; };
		ABF6EF4129D4722000918FD2 /* LoginController.swift */ = {isa = PBXFileReference; lastKnownFileType = sourcecode.swift; path = LoginController.swift; sourceTree = "<group>"; };
		D781533A5E6CD22C412C1473 /* AmplifyModels.swift */ = {isa = PBXFileReference; explicitFileType = sourcecode.swift; name = AmplifyModels.swift; path = amplify/generated/models/AmplifyModels.swift; sourceTree = "<group>"; };
		D9179760947888B9F0613F4B /* amplifyconfiguration.json */ = {isa = PBXFileReference; explicitFileType = text.json; path = amplifyconfiguration.json; sourceTree = "<group>"; };
		E1F8946CC5880A8134AE56BC /* Priority.swift */ = {isa = PBXFileReference; explicitFileType = sourcecode.swift; name = Priority.swift; path = amplify/generated/models/Priority.swift; sourceTree = "<group>"; };
/* End PBXFileReference section */

/* Begin PBXFrameworksBuildPhase section */
		AB32079529E6E81A007AC36E /* Frameworks */ = {
			isa = PBXFrameworksBuildPhase;
			buildActionMask = 2147483647;
			files = (
				ABC1267629E7153C007C2996 /* AWSAPIPlugin in Frameworks */,
				ABC1267829E7153C007C2996 /* AWSCognitoAuthPlugin in Frameworks */,
				AB3207D629E6EF8D007AC36E /* Amplify in Frameworks */,
				ABC1267A29E7153C007C2996 /* AWSDataStorePlugin in Frameworks */,
				AB32079A29E6E81A007AC36E /* SwiftUI.framework in Frameworks */,
				AB32079929E6E81A007AC36E /* WidgetKit.framework in Frameworks */,
			);
			runOnlyForDeploymentPostprocessing = 0;
		};
		ABD8B55929D0DB42007BF1BC /* Frameworks */ = {
			isa = PBXFrameworksBuildPhase;
			buildActionMask = 2147483647;
			files = (
				ABD8B57329D0E185007BF1BC /* Amplify in Frameworks */,
				ABD8B56F29D0E185007BF1BC /* AWSAPIPlugin in Frameworks */,
				AB47E61E29FC04110016AB7F /* StoreKit.framework in Frameworks */,
				ABD8B57129D0E185007BF1BC /* AWSDataStorePlugin in Frameworks */,
				AB250F6829D32B5100CE6728 /* AWSCognitoAuthPlugin in Frameworks */,
			);
			runOnlyForDeploymentPostprocessing = 0;
		};
/* End PBXFrameworksBuildPhase section */

/* Begin PBXGroup section */
		200E5784871EE73A95C0E1B4 /* AmplifyModels */ = {
			isa = PBXGroup;
			children = (
				A21EA54876D8A5ECB6EFAFC8 /* Project.swift */,
				E1F8946CC5880A8134AE56BC /* Priority.swift */,
				D781533A5E6CD22C412C1473 /* AmplifyModels.swift */,
				28ED0A8147BCB45602FC6B75 /* Project+Schema.swift */,
				5BBC0B37A32F33423FE5F60D /* User+Schema.swift */,
				946F237B04D95635BE6B041E /* User.swift */,
				8F4DB6D200749F1674B76C74 /* Session+Schema.swift */,
				0CB941005A219887539F437F /* Session.swift */,
				9070A37BC6840D06E536FB42 /* Weekday.swift */,
			);
			name = AmplifyModels;
			sourceTree = "<group>";
		};
		75C5AC0504245D94FFE6F0A3 /* AmplifyConfig */ = {
			isa = PBXGroup;
			children = (
				2DE0EC291922DAB9CFB2C068 /* awsconfiguration.json */,
				D9179760947888B9F0613F4B /* amplifyconfiguration.json */,
			);
			name = AmplifyConfig;
			sourceTree = "<group>";
		};
		AB0967B329F950DF0023C055 /* TotalHoursWorked */ = {
			isa = PBXGroup;
			children = (
				AB80C9AD29F9D4A500E637F5 /* HomeScreen */,
				AB80C9AC29F9D49E00E637F5 /* LockScreen */,
			);
			path = TotalHoursWorked;
			sourceTree = "<group>";
		};
		AB0967B829F95A420023C055 /* Utilities */ = {
			isa = PBXGroup;
			children = (
				AB0967B929F95A5C0023C055 /* PlaceholderData.swift */,
			);
			path = Utilities;
			sourceTree = "<group>";
		};
		AB250F6629D32B5100CE6728 /* Frameworks */ = {
			isa = PBXGroup;
			children = (
				AB47E61D29FC04110016AB7F /* StoreKit.framework */,
				AB32077F29E6E7EB007AC36E /* WidgetKit.framework */,
				AB32078129E6E7EB007AC36E /* SwiftUI.framework */,
			);
			name = Frameworks;
			sourceTree = "<group>";
		};
		AB2C0A5D29DB11500018B62F /* Projects */ = {
			isa = PBXGroup;
			children = (
				AB2C0A5E29DB115E0018B62F /* AddEditProject */,
				AB59AB2429DDB9EF0041F6F8 /* ProjectDetails */,
			);
			path = Projects;
			sourceTree = "<group>";
		};
		AB2C0A5E29DB115E0018B62F /* AddEditProject */ = {
			isa = PBXGroup;
			children = (
				AB2C0A5F29DB11660018B62F /* AddEditProjectView.swift */,
				AB2C0A6129DB13220018B62F /* AddEditProjectViewModel.swift */,
			);
			path = AddEditProject;
			sourceTree = "<group>";
		};
		AB32079B29E6E81A007AC36E /* AccountableWidgets */ = {
			isa = PBXGroup;
			children = (
				AB32079C29E6E81A007AC36E /* AccountableWidgetsBundle.swift */,
				AB68D9FB29F2D28E008F5077 /* Provider.swift */,
				AB68DA0129F2D448008F5077 /* SimpleEntry.swift */,
				ABF5093D29F2D5F6004D80FA /* LastWeekChart */,
				AB0967B329F950DF0023C055 /* TotalHoursWorked */,
				AB0967B829F95A420023C055 /* Utilities */,
				ABDCA77529F58379009B0DA9 /* Individual Elements */,
				AB3207A229E6E81B007AC36E /* Assets.xcassets */,
				AB3207A429E6E81B007AC36E /* Info.plist */,
			);
			path = AccountableWidgets;
			sourceTree = "<group>";
		};
		AB45540629D710F000A5CFEB /* SignUp */ = {
			isa = PBXGroup;
			children = (
				AB45540729D7110700A5CFEB /* SignUpView.swift */,
				AB45540929D7110F00A5CFEB /* SignUpViewModel.swift */,
			);
			path = SignUp;
			sourceTree = "<group>";
		};
		AB45540F29D71BF500A5CFEB /* ConfirmCode */ = {
			isa = PBXGroup;
			children = (
				AB45541029D71C0500A5CFEB /* ConfirmCodeView.swift */,
				AB45541929D72B4300A5CFEB /* ConfirmCodeViewModel.swift */,
				AB88C8C429D780D400F5DAD1 /* ConfirmCodeTextField.swift */,
			);
			path = ConfirmCode;
			sourceTree = "<group>";
		};
		AB47E62129FC10D70016AB7F /* StoreKit */ = {
			isa = PBXGroup;
			children = (
				AB47E62429FC10F20016AB7F /* UpgradeView.swift */,
				AB47E62629FC10F80016AB7F /* UpgradeViewModel.swift */,
			);
			path = StoreKit;
			sourceTree = "<group>";
		};
		AB4ADC0E29E06610000AFDCA /* IndividualElements */ = {
			isa = PBXGroup;
			children = (
				ABBC403929E4BB3000FD447A /* ProjectDetailsPastWeekSection.swift */,
				ABBC403729E4B98800FD447A /* ProjectDetailsSessionChart.swift */,
				AB74D08C29E4F72E00BFEA2B /* ProjectDetailsStatsGrid.swift */,
				AB4ADC1129E0666A000AFDCA /* FirstThreeProjectSessionsHeader.swift */,
				AB4ADC0F29E06623000AFDCA /* FirstThreeProjectSessionsList.swift */,
			);
			path = IndividualElements;
			sourceTree = "<group>";
		};
		AB59AB2429DDB9EF0041F6F8 /* ProjectDetails */ = {
			isa = PBXGroup;
			children = (
				AB59AB2529DDB9F80041F6F8 /* ProjectDetailsView.swift */,
				AB59AB2729DDBA000041F6F8 /* ProjectDetailsViewModel.swift */,
				AB4ADC0E29E06610000AFDCA /* IndividualElements */,
			);
			path = ProjectDetails;
			sourceTree = "<group>";
		};
		AB59AB2929DDBA8E0041F6F8 /* AmplifyModelExtensions */ = {
			isa = PBXGroup;
			children = (
				ABDC752529E237D70020E5F9 /* User+Helpers.swift */,
				AB59AB2A29DDBAA00041F6F8 /* Project+Helpers.swift */,
				AB4ADC0A29E06291000AFDCA /* Session+Helpers.swift */,
				AB2C0A6629DB15D10018B62F /* Priority+Helpers.swift */,
				ABDB663D29E2FFA300684219 /* Weekday+Helpers.swift */,
			);
			path = AmplifyModelExtensions;
			sourceTree = "<group>";
		};
		AB59AB2F29DDBDA70041F6F8 /* HomeView */ = {
			isa = PBXGroup;
			children = (
				ABB998EB29D9B7C700421E01 /* HomeView.swift */,
				ABB998EE29D9B7F900421E01 /* HomeViewModel.swift */,
				ABA4DE5229E5EC8800D65434 /* ChartCarousel */,
				AB59AB3029DDBDAD0041F6F8 /* IndividualElements */,
			);
			path = HomeView;
			sourceTree = "<group>";
		};
		AB59AB3029DDBDAD0041F6F8 /* IndividualElements */ = {
			isa = PBXGroup;
			children = (
				AB59AB3129DDBDB90041F6F8 /* HomeViewProjectRow.swift */,
				AB67AA0429DDFCD700D797BD /* HomeProjectsHeader.swift */,
				AB67AA0029DDFBD400D797BD /* HomeProjectsList.swift */,
			);
			path = IndividualElements;
			sourceTree = "<group>";
		};
		AB67AA0A29DE326700D797BD /* Sessions */ = {
			isa = PBXGroup;
			children = (
				AB67AA0B29DE327F00D797BD /* StartStopSessionView.swift */,
				ABDC752729E239F40020E5F9 /* AllSessions */,
				ABF6DA1229DEFABB003F412A /* IndividualElements */,
			);
			path = Sessions;
			sourceTree = "<group>";
		};
		AB77867629D5D23A00CE5989 /* Controllers */ = {
			isa = PBXGroup;
			children = (
				ABF6EF4129D4722000918FD2 /* LoginController.swift */,
				AB45541229D725AA00A5CFEB /* AuthController.swift */,
				AB67AA0829DE2CA100D797BD /* OngoingSessionController.swift */,
				ABDCA77D29F5D328009B0DA9 /* FileManagerController.swift */,
				ABEECFC629FD5BD50011C15D /* StoreKitTransactionController.swift */,
			);
			path = Controllers;
			sourceTree = "<group>";
		};
		AB77867729D5D24500CE5989 /* Model */ = {
			isa = PBXGroup;
			children = (
				ABCD330729D477EC00BA9529 /* LoginStatus.swift */,
				AB45541429D726F200A5CFEB /* ViewState.swift */,
				ABAC1F3A29D87CBA007B0A0B /* TextFieldType.swift */,
			);
			path = Model;
			sourceTree = "<group>";
		};
		AB77867829D5D24C00CE5989 /* Views */ = {
			isa = PBXGroup;
			children = (
				AB6071B129FEB08400F18BFF /* Launch Screen.storyboard */,
				AB47E62129FC10D70016AB7F /* StoreKit */,
				AB77867A29D5D2DC00CE5989 /* Onboarding */,
				ABB998EA29D9B7C000421E01 /* Home */,
				AB2C0A5D29DB11500018B62F /* Projects */,
				AB67AA0A29DE326700D797BD /* Sessions */,
				ABB998ED29D9B7CA00421E01 /* IndividualElements */,
			);
			path = Views;
			sourceTree = "<group>";
		};
		AB77867929D5D25D00CE5989 /* StylesAndModifiers */ = {
			isa = PBXGroup;
			children = (
				AB77867229D5C9AE00CE5989 /* SocialSignInButtonStyle.swift */,
				AB77867B29D5D37900CE5989 /* PrimaryButtonStyle.swift */,
				ABAC1F3829D877FB007B0A0B /* NoAutoCapsOrCorrectionsTextField.swift */,
				ABA4DE5729E60FF000D65434 /* BarMarkAnnotationTextStyle.swift */,
			);
			path = StylesAndModifiers;
			sourceTree = "<group>";
		};
		AB77867A29D5D2DC00CE5989 /* Onboarding */ = {
			isa = PBXGroup;
			children = (
				AB77867D29D5D53700CE5989 /* Login */,
				AB45540629D710F000A5CFEB /* SignUp */,
				AB45540F29D71BF500A5CFEB /* ConfirmCode */,
				AB45540B29D71A6B00A5CFEB /* OnboardingNavigationController.swift */,
				AB45540D29D71B1300A5CFEB /* OnboardingNavigationDestination.swift */,
			);
			path = Onboarding;
			sourceTree = "<group>";
		};
		AB77867D29D5D53700CE5989 /* Login */ = {
			isa = PBXGroup;
			children = (
				ABD8B56129D0DB42007BF1BC /* LoginView.swift */,
				ABCD330529D475E900BA9529 /* LoginViewModel.swift */,
			);
			path = Login;
			sourceTree = "<group>";
		};
		AB80C9AC29F9D49E00E637F5 /* LockScreen */ = {
			isa = PBXGroup;
			children = (
				AB80C9B229F9D59B00E637F5 /* TotalHoursWorkedLockScreenWidget.swift */,
				AB80C9B329F9D59C00E637F5 /* TotalHoursWorkedLockScreenWidgetView.swift */,
			);
			path = LockScreen;
			sourceTree = "<group>";
		};
		AB80C9AD29F9D4A500E637F5 /* HomeScreen */ = {
			isa = PBXGroup;
			children = (
				AB0967B429F950EE0023C055 /* TotalHoursWorkedHomeScreenWidget.swift */,
				AB0967B529F9512B0023C055 /* TotalHoursWorkedHomeScreenWidgetView.swift */,
			);
			path = HomeScreen;
			sourceTree = "<group>";
		};
		ABA4DE5229E5EC8800D65434 /* ChartCarousel */ = {
			isa = PBXGroup;
			children = (
				ABA4DE5029E5EB7900D65434 /* HomeChartCarousel.swift */,
			);
			path = ChartCarousel;
			sourceTree = "<group>";
		};
		ABB2D84429D68B74004F9278 /* Extensions */ = {
			isa = PBXGroup;
			children = (
				AB59AB2929DDBA8E0041F6F8 /* AmplifyModelExtensions */,
				ABB2D84529D68BB1004F9278 /* Notification.Name+CustomNotifications.swift */,
				AB38AA2C29FB5922008F6368 /* View+scenePhaseChanges.swift */,
				ABC1CE6C29F6D2DB007452C7 /* Data+prettyPrintedJSONString().swift */,
				AB019BD929DCC57D007010ED /* String+isReallyEmpty.swift */,
				ABB8CD9529DB815D00367A62 /* View+HideKeyboard.swift */,
				ABA728AB29DC6E4100E66D98 /* Color+CustomColors.swift */,
				AB4ADC0C29E063AE000AFDCA /* Int+secondsAsPeriodOfTime.swift */,
				ABDCA77A29F58C63009B0DA9 /* Date+Helpers.swift */,
				ABC1CE9329F6DC8A007452C7 /* URL+storeUrl.swift */,
			);
			path = Extensions;
			sourceTree = "<group>";
		};
		ABB2D84729D69050004F9278 /* Utilities */ = {
			isa = PBXGroup;
			children = (
				ABB2D84A29D69059004F9278 /* Constants */,
			);
			path = Utilities;
			sourceTree = "<group>";
		};
		ABB2D84A29D69059004F9278 /* Constants */ = {
			isa = PBXGroup;
			children = (
				ABB2D84829D69057004F9278 /* ErrorMessageConstants.swift */,
				AB88C8C629D7988000F5DAD1 /* NotificationConstants.swift */,
				ABAC1F3629D8751C007B0A0B /* UiConstants.swift */,
				AB6D7C3C29E30AD800C2DB1F /* DateConstants.swift */,
				AB1F420229F0208600344FDA /* KeychainConstants.swift */,
				ABDCA77F29F5D359009B0DA9 /* FileManagerConstants.swift */,
				ABDCA78129F5D36C009B0DA9 /* AppGroupConstants.swift */,
				ABEECFCB29FD9C1C0011C15D /* StoreKitConstants.swift */,
			);
			path = Constants;
			sourceTree = "<group>";
		};
		ABB998EA29D9B7C000421E01 /* Home */ = {
			isa = PBXGroup;
			children = (
				AB59AB2F29DDBDA70041F6F8 /* HomeView */,
			);
			path = Home;
			sourceTree = "<group>";
		};
		ABB998ED29D9B7CA00421E01 /* IndividualElements */ = {
			isa = PBXGroup;
			children = (
				ABAC1F3429D87358007B0A0B /* CenteredHeader.swift */,
				ABA728A929DC5C6D00E66D98 /* CustomBackButton.swift */,
				AB5609E729D86AEC00B75F46 /* AsyncButton.swift */,
				AB2D1EF729D5C30E00215C9C /* CustomDivider.swift */,
				AB77867429D5CFB600CE5989 /* SplashScreenView.swift */,
				ABCD330B29D4841400BA9529 /* TextFieldWithLine.swift */,
				AB06CDE729DB08EF00F4D912 /* SectionTitle.swift */,
				AB2C0A6329DB152C0018B62F /* CustomSegmentedPicker.swift */,
				AB59AB2C29DDBCA20041F6F8 /* CustomProgressView.swift */,
				AB67AA0629DE00AF00D797BD /* CustomGroupBox.swift */,
				AB4ADC0629E04FCF000AFDCA /* OngoingSessionTitleAndBox.swift */,
				ABA4DE5329E6061C00D65434 /* StatBox.swift */,
				ABA4DE5529E607C800D65434 /* StatGrid.swift */,
			);
			path = IndividualElements;
			sourceTree = "<group>";
		};
		ABB998F029D9CCE200421E01 /* Services */ = {
			isa = PBXGroup;
			children = (
				ABB998F129D9CCF600421E01 /* DatabaseService.swift */,
				AB06CDE229DA2CC000F4D912 /* AuthService.swift */,
			);
			path = Services;
			sourceTree = "<group>";
		};
		ABB998F329D9CE5000421E01 /* Errors */ = {
			isa = PBXGroup;
			children = (
				ABB998F429D9CE7900421E01 /* DataStoreError.swift */,
				AB06CDE429DA2D4F00F4D912 /* AuthServiceError.swift */,
				AB1F420029F01EFE00344FDA /* KeychainError.swift */,
				ABC1CE6929F6D193007452C7 /* FileManagerError.swift */,
				ABEECFC129FD4A640011C15D /* StoreKitError.swift */,
			);
			path = Errors;
			sourceTree = "<group>";
		};
		ABD8B55329D0DB42007BF1BC = {
			isa = PBXGroup;
			children = (
				AB75E34E29EC4CC500609496 /* AccountableWidgetsExtension.entitlements */,
				ABD8B55E29D0DB42007BF1BC /* Accountable */,
				ABD8B55D29D0DB42007BF1BC /* Products */,
				75C5AC0504245D94FFE6F0A3 /* AmplifyConfig */,
				200E5784871EE73A95C0E1B4 /* AmplifyModels */,
				AB250F6629D32B5100CE6728 /* Frameworks */,
				AB32079B29E6E81A007AC36E /* AccountableWidgets */,
			);
			sourceTree = "<group>";
		};
		ABD8B55D29D0DB42007BF1BC /* Products */ = {
			isa = PBXGroup;
			children = (
				ABD8B55C29D0DB42007BF1BC /* Accountable.app */,
				AB32079829E6E81A007AC36E /* AccountableWidgetsExtension.appex */,
			);
			name = Products;
			sourceTree = "<group>";
		};
		ABD8B55E29D0DB42007BF1BC /* Accountable */ = {
			isa = PBXGroup;
			children = (
				AB75E34D29EC4C5200609496 /* Accountable.entitlements */,
				AB3CF95429D2874A00E7FD45 /* Info.plist */,
				ABD8B55F29D0DB42007BF1BC /* AccountableApp.swift */,
				ABD8C84C29FCAA4600F942CA /* StoreKit */,
				AB77867729D5D24500CE5989 /* Model */,
				AB77867829D5D24C00CE5989 /* Views */,
				AB77867629D5D23A00CE5989 /* Controllers */,
				ABB998F029D9CCE200421E01 /* Services */,
				ABB2D84729D69050004F9278 /* Utilities */,
				ABB2D84429D68B74004F9278 /* Extensions */,
				ABB998F329D9CE5000421E01 /* Errors */,
				AB77867929D5D25D00CE5989 /* StylesAndModifiers */,
				ABD8B56329D0DB43007BF1BC /* Assets.xcassets */,
				ABD8B56529D0DB43007BF1BC /* Preview Content */,
			);
			path = Accountable;
			sourceTree = "<group>";
		};
		ABD8B56529D0DB43007BF1BC /* Preview Content */ = {
			isa = PBXGroup;
			children = (
				ABD8B56629D0DB43007BF1BC /* Preview Assets.xcassets */,
			);
			path = "Preview Content";
			sourceTree = "<group>";
		};
		ABD8C84C29FCAA4600F942CA /* StoreKit */ = {
			isa = PBXGroup;
			children = (
				ABD8C84D29FCAA7200F942CA /* StoreKitConfiguration.storekit */,
			);
			path = StoreKit;
			sourceTree = "<group>";
		};
		ABDC752729E239F40020E5F9 /* AllSessions */ = {
			isa = PBXGroup;
			children = (
				ABDC752829E23A100020E5F9 /* AllSessionsView.swift */,
				ABDC752A29E23A1A0020E5F9 /* AllSessionsViewModel.swift */,
			);
			path = AllSessions;
			sourceTree = "<group>";
		};
		ABDCA77529F58379009B0DA9 /* Individual Elements */ = {
			isa = PBXGroup;
			children = (
				AB0967BC29F9632E0023C055 /* LastWeekChartPlaceholder.swift */,
			);
			path = "Individual Elements";
			sourceTree = "<group>";
		};
		ABF5093D29F2D5F6004D80FA /* LastWeekChart */ = {
			isa = PBXGroup;
			children = (
				AB68D9FE29F2D3FB008F5077 /* LastWeekChartWidget.swift */,
				AB3207A029E6E81A007AC36E /* LastWeekChartWidgetView.swift */,
			);
			path = LastWeekChart;
			sourceTree = "<group>";
		};
		ABF6DA1229DEFABB003F412A /* IndividualElements */ = {
			isa = PBXGroup;
			children = (
				AB44AD4729E244DF003175BB /* SessionRow.swift */,
			);
			path = IndividualElements;
			sourceTree = "<group>";
		};
/* End PBXGroup section */

/* Begin PBXNativeTarget section */
		AB32079729E6E81A007AC36E /* AccountableWidgetsExtension */ = {
			isa = PBXNativeTarget;
			buildConfigurationList = AB3207A829E6E81B007AC36E /* Build configuration list for PBXNativeTarget "AccountableWidgetsExtension" */;
			buildPhases = (
				AB32079429E6E81A007AC36E /* Sources */,
				AB32079529E6E81A007AC36E /* Frameworks */,
				AB32079629E6E81A007AC36E /* Resources */,
			);
			buildRules = (
			);
			dependencies = (
			);
			name = AccountableWidgetsExtension;
			packageProductDependencies = (
				AB3207D529E6EF8D007AC36E /* Amplify */,
				ABC1267529E7153C007C2996 /* AWSAPIPlugin */,
				ABC1267729E7153C007C2996 /* AWSCognitoAuthPlugin */,
				ABC1267929E7153C007C2996 /* AWSDataStorePlugin */,
			);
			productName = AccountableWidgetsExtension;
			productReference = AB32079829E6E81A007AC36E /* AccountableWidgetsExtension.appex */;
			productType = "com.apple.product-type.app-extension";
		};
		ABD8B55B29D0DB42007BF1BC /* Accountable */ = {
			isa = PBXNativeTarget;
			buildConfigurationList = ABD8B56A29D0DB43007BF1BC /* Build configuration list for PBXNativeTarget "Accountable" */;
			buildPhases = (
				ABD8B55829D0DB42007BF1BC /* Sources */,
				ABD8B55929D0DB42007BF1BC /* Frameworks */,
				ABD8B55A29D0DB42007BF1BC /* Resources */,
				AB32079029E6E7ED007AC36E /* Embed Foundation Extensions */,
			);
			buildRules = (
			);
			dependencies = (
				AB3207A629E6E81B007AC36E /* PBXTargetDependency */,
			);
			name = Accountable;
			packageProductDependencies = (
				ABD8B56E29D0E185007BF1BC /* AWSAPIPlugin */,
				ABD8B57029D0E185007BF1BC /* AWSDataStorePlugin */,
				ABD8B57229D0E185007BF1BC /* Amplify */,
				AB250F6729D32B5100CE6728 /* AWSCognitoAuthPlugin */,
			);
			productName = Accountable;
			productReference = ABD8B55C29D0DB42007BF1BC /* Accountable.app */;
			productType = "com.apple.product-type.application";
		};
/* End PBXNativeTarget section */

/* Begin PBXProject section */
		ABD8B55429D0DB42007BF1BC /* Project object */ = {
			isa = PBXProject;
			attributes = {
				BuildIndependentTargetsInParallel = 1;
				LastSwiftUpdateCheck = 1420;
				LastUpgradeCheck = 1420;
				TargetAttributes = {
					AB32079729E6E81A007AC36E = {
						CreatedOnToolsVersion = 14.2;
					};
					ABD8B55B29D0DB42007BF1BC = {
						CreatedOnToolsVersion = 14.2;
					};
				};
			};
			buildConfigurationList = ABD8B55729D0DB42007BF1BC /* Build configuration list for PBXProject "Accountable" */;
			compatibilityVersion = "Xcode 14.0";
			developmentRegion = en;
			hasScannedForEncodings = 0;
			knownRegions = (
				en,
				Base,
			);
			mainGroup = ABD8B55329D0DB42007BF1BC;
			packageReferences = (
				ABD8B56D29D0E185007BF1BC /* XCRemoteSwiftPackageReference "amplify-swift" */,
			);
			productRefGroup = ABD8B55D29D0DB42007BF1BC /* Products */;
			projectDirPath = "";
			projectRoot = "";
			targets = (
				ABD8B55B29D0DB42007BF1BC /* Accountable */,
				AB32079729E6E81A007AC36E /* AccountableWidgetsExtension */,
			);
		};
/* End PBXProject section */

/* Begin PBXResourcesBuildPhase section */
		AB32079629E6E81A007AC36E /* Resources */ = {
			isa = PBXResourcesBuildPhase;
			buildActionMask = 2147483647;
			files = (
				AB3207A329E6E81B007AC36E /* Assets.xcassets in Resources */,
				AB1F41FE29EEDEE700344FDA /* amplifyconfiguration.json in Resources */,
				AB1F41FF29EEDEE700344FDA /* awsconfiguration.json in Resources */,
			);
			runOnlyForDeploymentPostprocessing = 0;
		};
		ABD8B55A29D0DB42007BF1BC /* Resources */ = {
			isa = PBXResourcesBuildPhase;
			buildActionMask = 2147483647;
			files = (
				AB6071B229FEB08400F18BFF /* Launch Screen.storyboard in Resources */,
				ABD8B56729D0DB43007BF1BC /* Preview Assets.xcassets in Resources */,
				ABD8B56429D0DB43007BF1BC /* Assets.xcassets in Resources */,
				5DDAF38E01F93465CFBA5EAE /* awsconfiguration.json in Resources */,
				ABD8C84E29FCAA7200F942CA /* StoreKitConfiguration.storekit in Resources */,
				392EF8EAE755C271A9472C1C /* amplifyconfiguration.json in Resources */,
			);
			runOnlyForDeploymentPostprocessing = 0;
		};
/* End PBXResourcesBuildPhase section */

/* Begin PBXSourcesBuildPhase section */
		AB32079429E6E81A007AC36E /* Sources */ = {
			isa = PBXSourcesBuildPhase;
			buildActionMask = 2147483647;
			files = (
				ABC1267329E70EE4007C2996 /* Weekday+Helpers.swift in Sources */,
				ABDCA77C29F58C66009B0DA9 /* Date+Helpers.swift in Sources */,
				AB1F420429F0245100344FDA /* LoginStatus.swift in Sources */,
				AB3207D029E6EF2B007AC36E /* ErrorMessageConstants.swift in Sources */,
				AB3207C329E6EF1C007AC36E /* User.swift in Sources */,
				ABDCA78429F5E3A9009B0DA9 /* FileManagerConstants.swift in Sources */,
				AB1F420629F0296500344FDA /* KeychainError.swift in Sources */,
				ABC1267429E70EE4007C2996 /* Priority+Helpers.swift in Sources */,
				AB3207C629E6EF1C007AC36E /* Weekday.swift in Sources */,
				AB68D9FD29F2D2C8008F5077 /* Provider.swift in Sources */,
				ABDCA78329F5E2D2009B0DA9 /* FileManagerController.swift in Sources */,
				AB75E35A29EC751300609496 /* SectionTitle.swift in Sources */,
				AB3207C729E6EF1C007AC36E /* Project+Schema.swift in Sources */,
				AB75E35929EC742F00609496 /* BarMarkAnnotationTextStyle.swift in Sources */,
				AB0967B729F9518B0023C055 /* TotalHoursWorkedHomeScreenWidgetView.swift in Sources */,
				ABC1CE6E29F6D2DD007452C7 /* Data+prettyPrintedJSONString().swift in Sources */,
				AB3207CA29E6EF1C007AC36E /* User+Schema.swift in Sources */,
				AB3207C929E6EF1C007AC36E /* Priority.swift in Sources */,
				ABDCA77829F585EA009B0DA9 /* ViewState.swift in Sources */,
				AB3207C829E6EF1C007AC36E /* AmplifyModels.swift in Sources */,
				AB3207C529E6EF1C007AC36E /* Session.swift in Sources */,
				AB1F420529F0285200344FDA /* KeychainConstants.swift in Sources */,
				AB3207D129E6EF2B007AC36E /* UiConstants.swift in Sources */,
				AB3207CD29E6EF24007AC36E /* DatabaseService.swift in Sources */,
				AB75E35829EC741D00609496 /* Int+secondsAsPeriodOfTime.swift in Sources */,
				AB3207CF29E6EF2B007AC36E /* DateConstants.swift in Sources */,
				AB80C9B429F9D82B00E637F5 /* TotalHoursWorkedLockScreenWidget.swift in Sources */,
				AB32079D29E6E81A007AC36E /* AccountableWidgetsBundle.swift in Sources */,
				AB3207D229E6EF2B007AC36E /* NotificationConstants.swift in Sources */,
				AB80C9B529F9D82B00E637F5 /* TotalHoursWorkedLockScreenWidgetView.swift in Sources */,
				ABF5093C29F2D591004D80FA /* LastWeekChartWidget.swift in Sources */,
				AB3207C429E6EF1C007AC36E /* Project.swift in Sources */,
				AB0967B629F9518B0023C055 /* TotalHoursWorkedHomeScreenWidget.swift in Sources */,
				AB3207D429E6EF3A007AC36E /* AuthServiceError.swift in Sources */,
				ABC1267029E70EE4007C2996 /* User+Helpers.swift in Sources */,
				AB68DA0229F2D448008F5077 /* SimpleEntry.swift in Sources */,
				ABC1267229E70EE4007C2996 /* Session+Helpers.swift in Sources */,
				AB3207D329E6EF3A007AC36E /* DataStoreError.swift in Sources */,
				ABC1CE9529F6DC8A007452C7 /* URL+storeUrl.swift in Sources */,
				AB0967BD29F9632E0023C055 /* LastWeekChartPlaceholder.swift in Sources */,
				AB3207CE29E6EF24007AC36E /* AuthService.swift in Sources */,
				ABC1267129E70EE4007C2996 /* Project+Helpers.swift in Sources */,
				AB3207A129E6E81A007AC36E /* LastWeekChartWidgetView.swift in Sources */,
				ABDCA78529F5E3B7009B0DA9 /* AppGroupConstants.swift in Sources */,
				AB0967BB29F95A5F0023C055 /* PlaceholderData.swift in Sources */,
				ABC1CE6B29F6D1F6007452C7 /* FileManagerError.swift in Sources */,
				AB3207CB29E6EF1C007AC36E /* Session+Schema.swift in Sources */,
			);
			runOnlyForDeploymentPostprocessing = 0;
		};
		ABD8B55829D0DB42007BF1BC /* Sources */ = {
			isa = PBXSourcesBuildPhase;
			buildActionMask = 2147483647;
			files = (
				ABDCA77E29F5D328009B0DA9 /* FileManagerController.swift in Sources */,
				ABB2D84929D69057004F9278 /* ErrorMessageConstants.swift in Sources */,
				AB44AD4829E244DF003175BB /* SessionRow.swift in Sources */,
				AB77867329D5C9AE00CE5989 /* SocialSignInButtonStyle.swift in Sources */,
				AB2C0A6429DB152C0018B62F /* CustomSegmentedPicker.swift in Sources */,
				AB59AB2D29DDBCA20041F6F8 /* CustomProgressView.swift in Sources */,
				AB019BDA29DCC57D007010ED /* String+isReallyEmpty.swift in Sources */,
				ABDC752629E237D70020E5F9 /* User+Helpers.swift in Sources */,
				AB88C8C529D780D400F5DAD1 /* ConfirmCodeTextField.swift in Sources */,
				AB45541329D725AA00A5CFEB /* AuthController.swift in Sources */,
				ABA4DE5829E60FF000D65434 /* BarMarkAnnotationTextStyle.swift in Sources */,
				AB77867529D5CFB600CE5989 /* SplashScreenView.swift in Sources */,
				ABD8B56229D0DB42007BF1BC /* LoginView.swift in Sources */,
				ABDC752929E23A100020E5F9 /* AllSessionsView.swift in Sources */,
				AB59AB2B29DDBAA00041F6F8 /* Project+Helpers.swift in Sources */,
				ABD8B56029D0DB42007BF1BC /* AccountableApp.swift in Sources */,
				AB4ADC1029E06623000AFDCA /* FirstThreeProjectSessionsList.swift in Sources */,
				AB06CDE329DA2CC000F4D912 /* AuthService.swift in Sources */,
				ABA728AA29DC5C6D00E66D98 /* CustomBackButton.swift in Sources */,
				ABB998F529D9CE7900421E01 /* DataStoreError.swift in Sources */,
				ABA4DE5429E6061C00D65434 /* StatBox.swift in Sources */,
				AB45540A29D7110F00A5CFEB /* SignUpViewModel.swift in Sources */,
				ABBC403A29E4BB3000FD447A /* ProjectDetailsPastWeekSection.swift in Sources */,
				AB77867C29D5D37900CE5989 /* PrimaryButtonStyle.swift in Sources */,
				E0C960E8788CE8E94464E4C3 /* AmplifyModels.swift in Sources */,
				AB06CDE529DA2D4F00F4D912 /* AuthServiceError.swift in Sources */,
				AB2C0A6229DB13220018B62F /* AddEditProjectViewModel.swift in Sources */,
				ABDB663E29E2FFA300684219 /* Weekday+Helpers.swift in Sources */,
				AB06CDE829DB08EF00F4D912 /* SectionTitle.swift in Sources */,
				74FAED5A93C9CA1CBA468188 /* Priority.swift in Sources */,
				ABEECFC729FD5BD50011C15D /* StoreKitTransactionController.swift in Sources */,
				AB59AB3229DDBDB90041F6F8 /* HomeViewProjectRow.swift in Sources */,
				ABAC1F3529D87358007B0A0B /* CenteredHeader.swift in Sources */,
				AB67AA0729DE00AF00D797BD /* CustomGroupBox.swift in Sources */,
				ABDCA78029F5D359009B0DA9 /* FileManagerConstants.swift in Sources */,
				AB45540C29D71A6B00A5CFEB /* OnboardingNavigationController.swift in Sources */,
				ABC1CE9429F6DC8A007452C7 /* URL+storeUrl.swift in Sources */,
				AB4ADC1229E0666A000AFDCA /* FirstThreeProjectSessionsHeader.swift in Sources */,
				ABCD330629D475E900BA9529 /* LoginViewModel.swift in Sources */,
				A8453C0FEA8A0E969C7C4DBA /* Project+Schema.swift in Sources */,
				AB45541A29D72B4300A5CFEB /* ConfirmCodeViewModel.swift in Sources */,
				AB4ADC0B29E06291000AFDCA /* Session+Helpers.swift in Sources */,
				AB6D7C3D29E30AD800C2DB1F /* DateConstants.swift in Sources */,
				AB2C0A6729DB15D10018B62F /* Priority+Helpers.swift in Sources */,
				ABDCA77B29F58C63009B0DA9 /* Date+Helpers.swift in Sources */,
				ABB998EF29D9B7F900421E01 /* HomeViewModel.swift in Sources */,
				65EB8B7F0792FA6A77D3F7DE /* Project.swift in Sources */,
				AB67AA0129DDFBD400D797BD /* HomeProjectsList.swift in Sources */,
				ABBC403829E4B98800FD447A /* ProjectDetailsSessionChart.swift in Sources */,
				AB2D1EF829D5C30E00215C9C /* CustomDivider.swift in Sources */,
				AB67AA0929DE2CA100D797BD /* OngoingSessionController.swift in Sources */,
				ABB998F229D9CCF600421E01 /* DatabaseService.swift in Sources */,
				ABB2D84629D68BB1004F9278 /* Notification.Name+CustomNotifications.swift in Sources */,
				AB59AB2829DDBA000041F6F8 /* ProjectDetailsViewModel.swift in Sources */,
				ABAC1F3729D8751C007B0A0B /* UiConstants.swift in Sources */,
				ABDC752B29E23A1A0020E5F9 /* AllSessionsViewModel.swift in Sources */,
				AB45541129D71C0500A5CFEB /* ConfirmCodeView.swift in Sources */,
				AB2C0A6029DB11660018B62F /* AddEditProjectView.swift in Sources */,
				AB45540E29D71B1300A5CFEB /* OnboardingNavigationDestination.swift in Sources */,
				AB5609E829D86AED00B75F46 /* AsyncButton.swift in Sources */,
				ABAC1F3B29D87CBA007B0A0B /* TextFieldType.swift in Sources */,
				ABCD330829D477EC00BA9529 /* LoginStatus.swift in Sources */,
				AB4ADC0D29E063AE000AFDCA /* Int+secondsAsPeriodOfTime.swift in Sources */,
				ABA4DE5629E607C800D65434 /* StatGrid.swift in Sources */,
				ABDCA77929F585EB009B0DA9 /* ViewState.swift in Sources */,
				AB67AA0C29DE327F00D797BD /* StartStopSessionView.swift in Sources */,
				ABA4DE5129E5EB7900D65434 /* HomeChartCarousel.swift in Sources */,
				ABB998EC29D9B7C700421E01 /* HomeView.swift in Sources */,
				ABB8CD9629DB815D00367A62 /* View+HideKeyboard.swift in Sources */,
				ABCD330C29D4841400BA9529 /* TextFieldWithLine.swift in Sources */,
				AB47E62529FC10F20016AB7F /* UpgradeView.swift in Sources */,
				ABC1CE6D29F6D2DB007452C7 /* Data+prettyPrintedJSONString().swift in Sources */,
				ABAC1F3929D877FB007B0A0B /* NoAutoCapsOrCorrectionsTextField.swift in Sources */,
				AB74D08D29E4F72E00BFEA2B /* ProjectDetailsStatsGrid.swift in Sources */,
				AB59AB2629DDB9F80041F6F8 /* ProjectDetailsView.swift in Sources */,
				ABEECFC229FD4A640011C15D /* StoreKitError.swift in Sources */,
				AB88C8C729D7988000F5DAD1 /* NotificationConstants.swift in Sources */,
				AB45540829D7110700A5CFEB /* SignUpView.swift in Sources */,
				ABF6EF4229D4722000918FD2 /* LoginController.swift in Sources */,
				ABA728AC29DC6E4100E66D98 /* Color+CustomColors.swift in Sources */,
				ABEECFCC29FD9C1C0011C15D /* StoreKitConstants.swift in Sources */,
				AB67AA0529DDFCD700D797BD /* HomeProjectsHeader.swift in Sources */,
				244EB944306004A5CB42C338 /* User+Schema.swift in Sources */,
				A6D207C73E6C0835E2EE6E4C /* User.swift in Sources */,
				AB1F420129F01EFE00344FDA /* KeychainError.swift in Sources */,
				AB38AA2D29FB5922008F6368 /* View+scenePhaseChanges.swift in Sources */,
				AB1F420329F0208600344FDA /* KeychainConstants.swift in Sources */,
				AB4ADC0729E04FCF000AFDCA /* OngoingSessionTitleAndBox.swift in Sources */,
				ABDCA78229F5D36C009B0DA9 /* AppGroupConstants.swift in Sources */,
				ABC1CE6A29F6D193007452C7 /* FileManagerError.swift in Sources */,
				B0B82126D421A137CB3DF277 /* Session+Schema.swift in Sources */,
				AB47E62729FC10F80016AB7F /* UpgradeViewModel.swift in Sources */,
				64C6A9509AE91BF8107231E0 /* Session.swift in Sources */,
				B544ADD6DEC40FB4F639C956 /* Weekday.swift in Sources */,
			);
			runOnlyForDeploymentPostprocessing = 0;
		};
/* End PBXSourcesBuildPhase section */

/* Begin PBXTargetDependency section */
		AB3207A629E6E81B007AC36E /* PBXTargetDependency */ = {
			isa = PBXTargetDependency;
			target = AB32079729E6E81A007AC36E /* AccountableWidgetsExtension */;
			targetProxy = AB3207A529E6E81B007AC36E /* PBXContainerItemProxy */;
		};
/* End PBXTargetDependency section */

/* Begin XCBuildConfiguration section */
		AB3207A929E6E81B007AC36E /* Debug */ = {
			isa = XCBuildConfiguration;
			buildSettings = {
				ASSETCATALOG_COMPILER_GLOBAL_ACCENT_COLOR_NAME = AccentColor;
				ASSETCATALOG_COMPILER_WIDGET_BACKGROUND_COLOR_NAME = WidgetBackground;
				CODE_SIGN_ENTITLEMENTS = AccountableWidgetsExtension.entitlements;
				CODE_SIGN_STYLE = Automatic;
				CURRENT_PROJECT_VERSION = 1;
				DEVELOPMENT_TEAM = 9LT5ZRK64X;
				GENERATE_INFOPLIST_FILE = YES;
				INFOPLIST_FILE = AccountableWidgets/Info.plist;
				INFOPLIST_KEY_CFBundleDisplayName = AccountableWidgets;
				INFOPLIST_KEY_NSHumanReadableCopyright = "";
				LD_RUNPATH_SEARCH_PATHS = (
					"$(inherited)",
					"@executable_path/Frameworks",
					"@executable_path/../../Frameworks",
				);
				MARKETING_VERSION = 1.0;
				PRODUCT_BUNDLE_IDENTIFIER = com.julianmichaeltechnologies.Accountable.AccountableWidgets;
				PRODUCT_NAME = "$(TARGET_NAME)";
				SKIP_INSTALL = YES;
				SWIFT_EMIT_LOC_STRINGS = YES;
				SWIFT_VERSION = 5.0;
				TARGETED_DEVICE_FAMILY = "1,2";
			};
			name = Debug;
		};
		AB3207AA29E6E81B007AC36E /* Release */ = {
			isa = XCBuildConfiguration;
			buildSettings = {
				ASSETCATALOG_COMPILER_GLOBAL_ACCENT_COLOR_NAME = AccentColor;
				ASSETCATALOG_COMPILER_WIDGET_BACKGROUND_COLOR_NAME = WidgetBackground;
				CODE_SIGN_ENTITLEMENTS = AccountableWidgetsExtension.entitlements;
				CODE_SIGN_STYLE = Automatic;
				CURRENT_PROJECT_VERSION = 1;
				DEVELOPMENT_TEAM = 9LT5ZRK64X;
				GENERATE_INFOPLIST_FILE = YES;
				INFOPLIST_FILE = AccountableWidgets/Info.plist;
				INFOPLIST_KEY_CFBundleDisplayName = AccountableWidgets;
				INFOPLIST_KEY_NSHumanReadableCopyright = "";
				LD_RUNPATH_SEARCH_PATHS = (
					"$(inherited)",
					"@executable_path/Frameworks",
					"@executable_path/../../Frameworks",
				);
				MARKETING_VERSION = 1.0;
				PRODUCT_BUNDLE_IDENTIFIER = com.julianmichaeltechnologies.Accountable.AccountableWidgets;
				PRODUCT_NAME = "$(TARGET_NAME)";
				SKIP_INSTALL = YES;
				SWIFT_EMIT_LOC_STRINGS = YES;
				SWIFT_VERSION = 5.0;
				TARGETED_DEVICE_FAMILY = "1,2";
			};
			name = Release;
		};
		ABD8B56829D0DB43007BF1BC /* Debug */ = {
			isa = XCBuildConfiguration;
			buildSettings = {
				ALWAYS_SEARCH_USER_PATHS = NO;
				CLANG_ANALYZER_NONNULL = YES;
				CLANG_ANALYZER_NUMBER_OBJECT_CONVERSION = YES_AGGRESSIVE;
				CLANG_CXX_LANGUAGE_STANDARD = "gnu++20";
				CLANG_ENABLE_MODULES = YES;
				CLANG_ENABLE_OBJC_ARC = YES;
				CLANG_ENABLE_OBJC_WEAK = YES;
				CLANG_WARN_BLOCK_CAPTURE_AUTORELEASING = YES;
				CLANG_WARN_BOOL_CONVERSION = YES;
				CLANG_WARN_COMMA = YES;
				CLANG_WARN_CONSTANT_CONVERSION = YES;
				CLANG_WARN_DEPRECATED_OBJC_IMPLEMENTATIONS = YES;
				CLANG_WARN_DIRECT_OBJC_ISA_USAGE = YES_ERROR;
				CLANG_WARN_DOCUMENTATION_COMMENTS = YES;
				CLANG_WARN_EMPTY_BODY = YES;
				CLANG_WARN_ENUM_CONVERSION = YES;
				CLANG_WARN_INFINITE_RECURSION = YES;
				CLANG_WARN_INT_CONVERSION = YES;
				CLANG_WARN_NON_LITERAL_NULL_CONVERSION = YES;
				CLANG_WARN_OBJC_IMPLICIT_RETAIN_SELF = YES;
				CLANG_WARN_OBJC_LITERAL_CONVERSION = YES;
				CLANG_WARN_OBJC_ROOT_CLASS = YES_ERROR;
				CLANG_WARN_QUOTED_INCLUDE_IN_FRAMEWORK_HEADER = YES;
				CLANG_WARN_RANGE_LOOP_ANALYSIS = YES;
				CLANG_WARN_STRICT_PROTOTYPES = YES;
				CLANG_WARN_SUSPICIOUS_MOVE = YES;
				CLANG_WARN_UNGUARDED_AVAILABILITY = YES_AGGRESSIVE;
				CLANG_WARN_UNREACHABLE_CODE = YES;
				CLANG_WARN__DUPLICATE_METHOD_MATCH = YES;
				COPY_PHASE_STRIP = NO;
				DEBUG_INFORMATION_FORMAT = dwarf;
				ENABLE_STRICT_OBJC_MSGSEND = YES;
				ENABLE_TESTABILITY = YES;
				GCC_C_LANGUAGE_STANDARD = gnu11;
				GCC_DYNAMIC_NO_PIC = NO;
				GCC_NO_COMMON_BLOCKS = YES;
				GCC_OPTIMIZATION_LEVEL = 0;
				GCC_PREPROCESSOR_DEFINITIONS = (
					"DEBUG=1",
					"$(inherited)",
				);
				GCC_WARN_64_TO_32_BIT_CONVERSION = YES;
				GCC_WARN_ABOUT_RETURN_TYPE = YES_ERROR;
				GCC_WARN_UNDECLARED_SELECTOR = YES;
				GCC_WARN_UNINITIALIZED_AUTOS = YES_AGGRESSIVE;
				GCC_WARN_UNUSED_FUNCTION = YES;
				GCC_WARN_UNUSED_VARIABLE = YES;
				IPHONEOS_DEPLOYMENT_TARGET = 16.2;
				MTL_ENABLE_DEBUG_INFO = INCLUDE_SOURCE;
				MTL_FAST_MATH = YES;
				ONLY_ACTIVE_ARCH = YES;
				SDKROOT = iphoneos;
				SWIFT_ACTIVE_COMPILATION_CONDITIONS = DEBUG;
				SWIFT_OPTIMIZATION_LEVEL = "-Onone";
			};
			name = Debug;
		};
		ABD8B56929D0DB43007BF1BC /* Release */ = {
			isa = XCBuildConfiguration;
			buildSettings = {
				ALWAYS_SEARCH_USER_PATHS = NO;
				CLANG_ANALYZER_NONNULL = YES;
				CLANG_ANALYZER_NUMBER_OBJECT_CONVERSION = YES_AGGRESSIVE;
				CLANG_CXX_LANGUAGE_STANDARD = "gnu++20";
				CLANG_ENABLE_MODULES = YES;
				CLANG_ENABLE_OBJC_ARC = YES;
				CLANG_ENABLE_OBJC_WEAK = YES;
				CLANG_WARN_BLOCK_CAPTURE_AUTORELEASING = YES;
				CLANG_WARN_BOOL_CONVERSION = YES;
				CLANG_WARN_COMMA = YES;
				CLANG_WARN_CONSTANT_CONVERSION = YES;
				CLANG_WARN_DEPRECATED_OBJC_IMPLEMENTATIONS = YES;
				CLANG_WARN_DIRECT_OBJC_ISA_USAGE = YES_ERROR;
				CLANG_WARN_DOCUMENTATION_COMMENTS = YES;
				CLANG_WARN_EMPTY_BODY = YES;
				CLANG_WARN_ENUM_CONVERSION = YES;
				CLANG_WARN_INFINITE_RECURSION = YES;
				CLANG_WARN_INT_CONVERSION = YES;
				CLANG_WARN_NON_LITERAL_NULL_CONVERSION = YES;
				CLANG_WARN_OBJC_IMPLICIT_RETAIN_SELF = YES;
				CLANG_WARN_OBJC_LITERAL_CONVERSION = YES;
				CLANG_WARN_OBJC_ROOT_CLASS = YES_ERROR;
				CLANG_WARN_QUOTED_INCLUDE_IN_FRAMEWORK_HEADER = YES;
				CLANG_WARN_RANGE_LOOP_ANALYSIS = YES;
				CLANG_WARN_STRICT_PROTOTYPES = YES;
				CLANG_WARN_SUSPICIOUS_MOVE = YES;
				CLANG_WARN_UNGUARDED_AVAILABILITY = YES_AGGRESSIVE;
				CLANG_WARN_UNREACHABLE_CODE = YES;
				CLANG_WARN__DUPLICATE_METHOD_MATCH = YES;
				COPY_PHASE_STRIP = NO;
				DEBUG_INFORMATION_FORMAT = "dwarf-with-dsym";
				ENABLE_NS_ASSERTIONS = NO;
				ENABLE_STRICT_OBJC_MSGSEND = YES;
				GCC_C_LANGUAGE_STANDARD = gnu11;
				GCC_NO_COMMON_BLOCKS = YES;
				GCC_WARN_64_TO_32_BIT_CONVERSION = YES;
				GCC_WARN_ABOUT_RETURN_TYPE = YES_ERROR;
				GCC_WARN_UNDECLARED_SELECTOR = YES;
				GCC_WARN_UNINITIALIZED_AUTOS = YES_AGGRESSIVE;
				GCC_WARN_UNUSED_FUNCTION = YES;
				GCC_WARN_UNUSED_VARIABLE = YES;
				IPHONEOS_DEPLOYMENT_TARGET = 16.2;
				MTL_ENABLE_DEBUG_INFO = NO;
				MTL_FAST_MATH = YES;
				SDKROOT = iphoneos;
				SWIFT_COMPILATION_MODE = wholemodule;
				SWIFT_OPTIMIZATION_LEVEL = "-O";
				VALIDATE_PRODUCT = YES;
			};
			name = Release;
		};
		ABD8B56B29D0DB43007BF1BC /* Debug */ = {
			isa = XCBuildConfiguration;
			buildSettings = {
				ALWAYS_EMBED_SWIFT_STANDARD_LIBRARIES = YES;
				ASSETCATALOG_COMPILER_APPICON_NAME = AppIcon;
				ASSETCATALOG_COMPILER_GLOBAL_ACCENT_COLOR_NAME = AccentColor;
				CODE_SIGN_ENTITLEMENTS = Accountable/Accountable.entitlements;
				CODE_SIGN_STYLE = Automatic;
				CURRENT_PROJECT_VERSION = 1;
				DEVELOPMENT_ASSET_PATHS = "\"Accountable/Preview Content\"";
				DEVELOPMENT_TEAM = 9LT5ZRK64X;
				ENABLE_PREVIEWS = YES;
				GENERATE_INFOPLIST_FILE = YES;
				INFOPLIST_FILE = Accountable/Info.plist;
				INFOPLIST_KEY_CFBundleDisplayName = Accountable;
				INFOPLIST_KEY_LSApplicationCategoryType = "public.app-category.productivity";
				INFOPLIST_KEY_UIApplicationSceneManifest_Generation = YES;
				INFOPLIST_KEY_UIApplicationSupportsIndirectInputEvents = YES;
				INFOPLIST_KEY_UILaunchStoryboardName = "Launch Screen.storyboard";
				INFOPLIST_KEY_UISupportedInterfaceOrientations = UIInterfaceOrientationPortrait;
				LD_RUNPATH_SEARCH_PATHS = (
					"$(inherited)",
					"@executable_path/Frameworks",
				);
				MARKETING_VERSION = 1.0;
				PRODUCT_BUNDLE_IDENTIFIER = com.julianmichaeltechnologies.Accountable;
				PRODUCT_NAME = "$(TARGET_NAME)";
				SUPPORTED_PLATFORMS = "iphoneos iphonesimulator";
				SUPPORTS_MACCATALYST = NO;
				SUPPORTS_MAC_DESIGNED_FOR_IPHONE_IPAD = NO;
				SWIFT_EMIT_LOC_STRINGS = YES;
				SWIFT_VERSION = 5.0;
				TARGETED_DEVICE_FAMILY = 1;
			};
			name = Debug;
		};
		ABD8B56C29D0DB43007BF1BC /* Release */ = {
			isa = XCBuildConfiguration;
			buildSettings = {
				ALWAYS_EMBED_SWIFT_STANDARD_LIBRARIES = YES;
				ASSETCATALOG_COMPILER_APPICON_NAME = AppIcon;
				ASSETCATALOG_COMPILER_GLOBAL_ACCENT_COLOR_NAME = AccentColor;
				CODE_SIGN_ENTITLEMENTS = Accountable/Accountable.entitlements;
				CODE_SIGN_STYLE = Automatic;
				CURRENT_PROJECT_VERSION = 1;
				DEVELOPMENT_ASSET_PATHS = "\"Accountable/Preview Content\"";
				DEVELOPMENT_TEAM = 9LT5ZRK64X;
				ENABLE_PREVIEWS = YES;
				GENERATE_INFOPLIST_FILE = YES;
				INFOPLIST_FILE = Accountable/Info.plist;
				INFOPLIST_KEY_CFBundleDisplayName = Accountable;
				INFOPLIST_KEY_LSApplicationCategoryType = "public.app-category.productivity";
				INFOPLIST_KEY_UIApplicationSceneManifest_Generation = YES;
				INFOPLIST_KEY_UIApplicationSupportsIndirectInputEvents = YES;
				INFOPLIST_KEY_UILaunchStoryboardName = "Launch Screen.storyboard";
				INFOPLIST_KEY_UISupportedInterfaceOrientations = UIInterfaceOrientationPortrait;
				LD_RUNPATH_SEARCH_PATHS = (
					"$(inherited)",
					"@executable_path/Frameworks",
				);
				MARKETING_VERSION = 1.0;
				PRODUCT_BUNDLE_IDENTIFIER = com.julianmichaeltechnologies.Accountable;
				PRODUCT_NAME = "$(TARGET_NAME)";
				SUPPORTED_PLATFORMS = "iphoneos iphonesimulator";
				SUPPORTS_MACCATALYST = NO;
				SUPPORTS_MAC_DESIGNED_FOR_IPHONE_IPAD = NO;
				SWIFT_EMIT_LOC_STRINGS = YES;
				SWIFT_VERSION = 5.0;
				TARGETED_DEVICE_FAMILY = 1;
			};
			name = Release;
		};
/* End XCBuildConfiguration section */

/* Begin XCConfigurationList section */
		AB3207A829E6E81B007AC36E /* Build configuration list for PBXNativeTarget "AccountableWidgetsExtension" */ = {
			isa = XCConfigurationList;
			buildConfigurations = (
				AB3207A929E6E81B007AC36E /* Debug */,
				AB3207AA29E6E81B007AC36E /* Release */,
			);
			defaultConfigurationIsVisible = 0;
			defaultConfigurationName = Release;
		};
		ABD8B55729D0DB42007BF1BC /* Build configuration list for PBXProject "Accountable" */ = {
			isa = XCConfigurationList;
			buildConfigurations = (
				ABD8B56829D0DB43007BF1BC /* Debug */,
				ABD8B56929D0DB43007BF1BC /* Release */,
			);
			defaultConfigurationIsVisible = 0;
			defaultConfigurationName = Release;
		};
		ABD8B56A29D0DB43007BF1BC /* Build configuration list for PBXNativeTarget "Accountable" */ = {
			isa = XCConfigurationList;
			buildConfigurations = (
				ABD8B56B29D0DB43007BF1BC /* Debug */,
				ABD8B56C29D0DB43007BF1BC /* Release */,
			);
			defaultConfigurationIsVisible = 0;
			defaultConfigurationName = Release;
		};
/* End XCConfigurationList section */

/* Begin XCRemoteSwiftPackageReference section */
		ABD8B56D29D0E185007BF1BC /* XCRemoteSwiftPackageReference "amplify-swift" */ = {
			isa = XCRemoteSwiftPackageReference;
			repositoryURL = "https://github.com/aws-amplify/amplify-swift";
			requirement = {
				kind = upToNextMajorVersion;
				minimumVersion = 2.0.0;
			};
		};
/* End XCRemoteSwiftPackageReference section */

/* Begin XCSwiftPackageProductDependency section */
		AB250F6729D32B5100CE6728 /* AWSCognitoAuthPlugin */ = {
			isa = XCSwiftPackageProductDependency;
			package = ABD8B56D29D0E185007BF1BC /* XCRemoteSwiftPackageReference "amplify-swift" */;
			productName = AWSCognitoAuthPlugin;
		};
		AB3207D529E6EF8D007AC36E /* Amplify */ = {
			isa = XCSwiftPackageProductDependency;
			package = ABD8B56D29D0E185007BF1BC /* XCRemoteSwiftPackageReference "amplify-swift" */;
			productName = Amplify;
		};
		ABC1267529E7153C007C2996 /* AWSAPIPlugin */ = {
			isa = XCSwiftPackageProductDependency;
			package = ABD8B56D29D0E185007BF1BC /* XCRemoteSwiftPackageReference "amplify-swift" */;
			productName = AWSAPIPlugin;
		};
		ABC1267729E7153C007C2996 /* AWSCognitoAuthPlugin */ = {
			isa = XCSwiftPackageProductDependency;
			package = ABD8B56D29D0E185007BF1BC /* XCRemoteSwiftPackageReference "amplify-swift" */;
			productName = AWSCognitoAuthPlugin;
		};
		ABC1267929E7153C007C2996 /* AWSDataStorePlugin */ = {
			isa = XCSwiftPackageProductDependency;
			package = ABD8B56D29D0E185007BF1BC /* XCRemoteSwiftPackageReference "amplify-swift" */;
			productName = AWSDataStorePlugin;
		};
		ABD8B56E29D0E185007BF1BC /* AWSAPIPlugin */ = {
			isa = XCSwiftPackageProductDependency;
			package = ABD8B56D29D0E185007BF1BC /* XCRemoteSwiftPackageReference "amplify-swift" */;
			productName = AWSAPIPlugin;
		};
		ABD8B57029D0E185007BF1BC /* AWSDataStorePlugin */ = {
			isa = XCSwiftPackageProductDependency;
			package = ABD8B56D29D0E185007BF1BC /* XCRemoteSwiftPackageReference "amplify-swift" */;
			productName = AWSDataStorePlugin;
		};
		ABD8B57229D0E185007BF1BC /* Amplify */ = {
			isa = XCSwiftPackageProductDependency;
			package = ABD8B56D29D0E185007BF1BC /* XCRemoteSwiftPackageReference "amplify-swift" */;
			productName = Amplify;
		};
/* End XCSwiftPackageProductDependency section */
	};
	rootObject = ABD8B55429D0DB42007BF1BC /* Project object */;
}
