// !$*UTF8*$!
{
	archiveVersion = 1;
	classes = {
	};
	objectVersion = 56;
	objects = {

/* Begin PBXBuildFile section */
		244EB944306004A5CB42C338 /* User+Schema.swift in Sources */ = {isa = PBXBuildFile; fileRef = 5BBC0B37A32F33423FE5F60D /* User+Schema.swift */; };
		392EF8EAE755C271A9472C1C /* amplifyconfiguration.json in Resources */ = {isa = PBXBuildFile; fileRef = D9179760947888B9F0613F4B /* amplifyconfiguration.json */; };
		5DDAF38E01F93465CFBA5EAE /* awsconfiguration.json in Resources */ = {isa = PBXBuildFile; fileRef = 2DE0EC291922DAB9CFB2C068 /* awsconfiguration.json */; };
		65EB8B7F0792FA6A77D3F7DE /* Project.swift in Sources */ = {isa = PBXBuildFile; fileRef = A21EA54876D8A5ECB6EFAFC8 /* Project.swift */; };
		6FA8CE26E35A7E70EFA5618E /* ExternalProvider.swift in Sources */ = {isa = PBXBuildFile; fileRef = 2EC5A52B98EBCAC916F4BC09 /* ExternalProvider.swift */; };
		74FAED5A93C9CA1CBA468188 /* Priority.swift in Sources */ = {isa = PBXBuildFile; fileRef = E1F8946CC5880A8134AE56BC /* Priority.swift */; };
		A6D207C73E6C0835E2EE6E4C /* User.swift in Sources */ = {isa = PBXBuildFile; fileRef = 946F237B04D95635BE6B041E /* User.swift */; };
		A8453C0FEA8A0E969C7C4DBA /* Project+Schema.swift in Sources */ = {isa = PBXBuildFile; fileRef = 28ED0A8147BCB45602FC6B75 /* Project+Schema.swift */; };
		AB019BDA29DCC57D007010ED /* String+isReallyEmpty.swift in Sources */ = {isa = PBXBuildFile; fileRef = AB019BD929DCC57D007010ED /* String+isReallyEmpty.swift */; };
		AB06CDE329DA2CC000F4D912 /* AuthService.swift in Sources */ = {isa = PBXBuildFile; fileRef = AB06CDE229DA2CC000F4D912 /* AuthService.swift */; };
		AB06CDE529DA2D4F00F4D912 /* AuthServiceError.swift in Sources */ = {isa = PBXBuildFile; fileRef = AB06CDE429DA2D4F00F4D912 /* AuthServiceError.swift */; };
		AB06CDE829DB08EF00F4D912 /* SectionTitle.swift in Sources */ = {isa = PBXBuildFile; fileRef = AB06CDE729DB08EF00F4D912 /* SectionTitle.swift */; };
		AB250F6829D32B5100CE6728 /* AWSCognitoAuthPlugin in Frameworks */ = {isa = PBXBuildFile; productRef = AB250F6729D32B5100CE6728 /* AWSCognitoAuthPlugin */; };
		AB2C0A6029DB11660018B62F /* AddEditProjectView.swift in Sources */ = {isa = PBXBuildFile; fileRef = AB2C0A5F29DB11660018B62F /* AddEditProjectView.swift */; };
		AB2C0A6229DB13220018B62F /* AddEditProjectViewModel.swift in Sources */ = {isa = PBXBuildFile; fileRef = AB2C0A6129DB13220018B62F /* AddEditProjectViewModel.swift */; };
		AB2C0A6429DB152C0018B62F /* CustomSegmentedPicker.swift in Sources */ = {isa = PBXBuildFile; fileRef = AB2C0A6329DB152C0018B62F /* CustomSegmentedPicker.swift */; };
		AB2C0A6729DB15D10018B62F /* Priority+CaseIterable.swift in Sources */ = {isa = PBXBuildFile; fileRef = AB2C0A6629DB15D10018B62F /* Priority+CaseIterable.swift */; };
		AB2D1EF829D5C30E00215C9C /* CustomDivider.swift in Sources */ = {isa = PBXBuildFile; fileRef = AB2D1EF729D5C30E00215C9C /* CustomDivider.swift */; };
		AB45540829D7110700A5CFEB /* SignUpView.swift in Sources */ = {isa = PBXBuildFile; fileRef = AB45540729D7110700A5CFEB /* SignUpView.swift */; };
		AB45540A29D7110F00A5CFEB /* SignUpViewModel.swift in Sources */ = {isa = PBXBuildFile; fileRef = AB45540929D7110F00A5CFEB /* SignUpViewModel.swift */; };
		AB45540C29D71A6B00A5CFEB /* OnboardingNavigationController.swift in Sources */ = {isa = PBXBuildFile; fileRef = AB45540B29D71A6B00A5CFEB /* OnboardingNavigationController.swift */; };
		AB45540E29D71B1300A5CFEB /* OnboardingNavigationDestination.swift in Sources */ = {isa = PBXBuildFile; fileRef = AB45540D29D71B1300A5CFEB /* OnboardingNavigationDestination.swift */; };
		AB45541129D71C0500A5CFEB /* ConfirmCodeView.swift in Sources */ = {isa = PBXBuildFile; fileRef = AB45541029D71C0500A5CFEB /* ConfirmCodeView.swift */; };
		AB45541329D725AA00A5CFEB /* AuthController.swift in Sources */ = {isa = PBXBuildFile; fileRef = AB45541229D725AA00A5CFEB /* AuthController.swift */; };
		AB45541529D726F200A5CFEB /* ViewState.swift in Sources */ = {isa = PBXBuildFile; fileRef = AB45541429D726F200A5CFEB /* ViewState.swift */; };
		AB45541A29D72B4300A5CFEB /* ConfirmCodeViewModel.swift in Sources */ = {isa = PBXBuildFile; fileRef = AB45541929D72B4300A5CFEB /* ConfirmCodeViewModel.swift */; };
		AB5609E829D86AED00B75F46 /* AsyncButton.swift in Sources */ = {isa = PBXBuildFile; fileRef = AB5609E729D86AEC00B75F46 /* AsyncButton.swift */; };
		AB59AB2329DDAA190041F6F8 /* Project+Identifiable.swift in Sources */ = {isa = PBXBuildFile; fileRef = AB59AB2229DDAA190041F6F8 /* Project+Identifiable.swift */; };
		AB59AB2629DDB9F80041F6F8 /* ProjectDetailsView.swift in Sources */ = {isa = PBXBuildFile; fileRef = AB59AB2529DDB9F80041F6F8 /* ProjectDetailsView.swift */; };
		AB59AB2829DDBA000041F6F8 /* ProjectDetailsViewModel.swift in Sources */ = {isa = PBXBuildFile; fileRef = AB59AB2729DDBA000041F6F8 /* ProjectDetailsViewModel.swift */; };
		AB59AB2B29DDBAA00041F6F8 /* Project+example.swift in Sources */ = {isa = PBXBuildFile; fileRef = AB59AB2A29DDBAA00041F6F8 /* Project+example.swift */; };
		AB59AB2D29DDBCA20041F6F8 /* CustomProgressView.swift in Sources */ = {isa = PBXBuildFile; fileRef = AB59AB2C29DDBCA20041F6F8 /* CustomProgressView.swift */; };
		AB59AB3229DDBDB90041F6F8 /* HomeViewProjectRow.swift in Sources */ = {isa = PBXBuildFile; fileRef = AB59AB3129DDBDB90041F6F8 /* HomeViewProjectRow.swift */; };
		AB67AA0129DDFBD400D797BD /* HomeProjectsList.swift in Sources */ = {isa = PBXBuildFile; fileRef = AB67AA0029DDFBD400D797BD /* HomeProjectsList.swift */; };
		AB67AA0329DDFC6200D797BD /* HomeCarouselView.swift in Sources */ = {isa = PBXBuildFile; fileRef = AB67AA0229DDFC6200D797BD /* HomeCarouselView.swift */; };
		AB67AA0529DDFCD700D797BD /* HomeProjectsHeader.swift in Sources */ = {isa = PBXBuildFile; fileRef = AB67AA0429DDFCD700D797BD /* HomeProjectsHeader.swift */; };
		AB77867329D5C9AE00CE5989 /* SocialSignInButtonStyle.swift in Sources */ = {isa = PBXBuildFile; fileRef = AB77867229D5C9AE00CE5989 /* SocialSignInButtonStyle.swift */; };
		AB77867529D5CFB600CE5989 /* SplashScreenView.swift in Sources */ = {isa = PBXBuildFile; fileRef = AB77867429D5CFB600CE5989 /* SplashScreenView.swift */; };
		AB77867C29D5D37900CE5989 /* PrimaryButtonStyle.swift in Sources */ = {isa = PBXBuildFile; fileRef = AB77867B29D5D37900CE5989 /* PrimaryButtonStyle.swift */; };
		AB77868029D5D55A00CE5989 /* LoginSocialMediaButtons.swift in Sources */ = {isa = PBXBuildFile; fileRef = AB77867F29D5D55A00CE5989 /* LoginSocialMediaButtons.swift */; };
		AB88C8C529D780D400F5DAD1 /* ConfirmCodeTextField.swift in Sources */ = {isa = PBXBuildFile; fileRef = AB88C8C429D780D400F5DAD1 /* ConfirmCodeTextField.swift */; };
		AB88C8C729D7988000F5DAD1 /* NotificationConstants.swift in Sources */ = {isa = PBXBuildFile; fileRef = AB88C8C629D7988000F5DAD1 /* NotificationConstants.swift */; };
		ABA728AA29DC5C6D00E66D98 /* CustomBackButton.swift in Sources */ = {isa = PBXBuildFile; fileRef = ABA728A929DC5C6D00E66D98 /* CustomBackButton.swift */; };
		ABA728AC29DC6E4100E66D98 /* Color+CustomColors.swift in Sources */ = {isa = PBXBuildFile; fileRef = ABA728AB29DC6E4100E66D98 /* Color+CustomColors.swift */; };
		ABAC1F3529D87358007B0A0B /* OnboardingViewHeader.swift in Sources */ = {isa = PBXBuildFile; fileRef = ABAC1F3429D87358007B0A0B /* OnboardingViewHeader.swift */; };
		ABAC1F3729D8751C007B0A0B /* UiConstants.swift in Sources */ = {isa = PBXBuildFile; fileRef = ABAC1F3629D8751C007B0A0B /* UiConstants.swift */; };
		ABAC1F3929D877FB007B0A0B /* NoAutoCapsOrCorrectionsTextField.swift in Sources */ = {isa = PBXBuildFile; fileRef = ABAC1F3829D877FB007B0A0B /* NoAutoCapsOrCorrectionsTextField.swift */; };
		ABAC1F3B29D87CBA007B0A0B /* TextFieldType.swift in Sources */ = {isa = PBXBuildFile; fileRef = ABAC1F3A29D87CBA007B0A0B /* TextFieldType.swift */; };
		ABB2D84629D68BB1004F9278 /* Notification.Name+CustomNotifications.swift in Sources */ = {isa = PBXBuildFile; fileRef = ABB2D84529D68BB1004F9278 /* Notification.Name+CustomNotifications.swift */; };
		ABB2D84929D69057004F9278 /* ErrorMessageConstants.swift in Sources */ = {isa = PBXBuildFile; fileRef = ABB2D84829D69057004F9278 /* ErrorMessageConstants.swift */; };
		ABB8CD9629DB815D00367A62 /* View+HideKeyboard.swift in Sources */ = {isa = PBXBuildFile; fileRef = ABB8CD9529DB815D00367A62 /* View+HideKeyboard.swift */; };
		ABB998EC29D9B7C700421E01 /* HomeView.swift in Sources */ = {isa = PBXBuildFile; fileRef = ABB998EB29D9B7C700421E01 /* HomeView.swift */; };
		ABB998EF29D9B7F900421E01 /* HomeViewModel.swift in Sources */ = {isa = PBXBuildFile; fileRef = ABB998EE29D9B7F900421E01 /* HomeViewModel.swift */; };
		ABB998F229D9CCF600421E01 /* DatabaseService.swift in Sources */ = {isa = PBXBuildFile; fileRef = ABB998F129D9CCF600421E01 /* DatabaseService.swift */; };
		ABB998F529D9CE7900421E01 /* DataStoreError.swift in Sources */ = {isa = PBXBuildFile; fileRef = ABB998F429D9CE7900421E01 /* DataStoreError.swift */; };
		ABCD330629D475E900BA9529 /* LoginViewModel.swift in Sources */ = {isa = PBXBuildFile; fileRef = ABCD330529D475E900BA9529 /* LoginViewModel.swift */; };
		ABCD330829D477EC00BA9529 /* LoginStatus.swift in Sources */ = {isa = PBXBuildFile; fileRef = ABCD330729D477EC00BA9529 /* LoginStatus.swift */; };
		ABCD330C29D4841400BA9529 /* TextFieldWithLine.swift in Sources */ = {isa = PBXBuildFile; fileRef = ABCD330B29D4841400BA9529 /* TextFieldWithLine.swift */; };
		ABD8B56029D0DB42007BF1BC /* AccountableApp.swift in Sources */ = {isa = PBXBuildFile; fileRef = ABD8B55F29D0DB42007BF1BC /* AccountableApp.swift */; };
		ABD8B56229D0DB42007BF1BC /* LoginView.swift in Sources */ = {isa = PBXBuildFile; fileRef = ABD8B56129D0DB42007BF1BC /* LoginView.swift */; };
		ABD8B56429D0DB43007BF1BC /* Assets.xcassets in Resources */ = {isa = PBXBuildFile; fileRef = ABD8B56329D0DB43007BF1BC /* Assets.xcassets */; };
		ABD8B56729D0DB43007BF1BC /* Preview Assets.xcassets in Resources */ = {isa = PBXBuildFile; fileRef = ABD8B56629D0DB43007BF1BC /* Preview Assets.xcassets */; };
		ABD8B56F29D0E185007BF1BC /* AWSAPIPlugin in Frameworks */ = {isa = PBXBuildFile; productRef = ABD8B56E29D0E185007BF1BC /* AWSAPIPlugin */; };
		ABD8B57129D0E185007BF1BC /* AWSDataStorePlugin in Frameworks */ = {isa = PBXBuildFile; productRef = ABD8B57029D0E185007BF1BC /* AWSDataStorePlugin */; };
		ABD8B57329D0E185007BF1BC /* Amplify in Frameworks */ = {isa = PBXBuildFile; productRef = ABD8B57229D0E185007BF1BC /* Amplify */; };
		ABF6EF4229D4722000918FD2 /* LoginController.swift in Sources */ = {isa = PBXBuildFile; fileRef = ABF6EF4129D4722000918FD2 /* LoginController.swift */; };
		E0C960E8788CE8E94464E4C3 /* AmplifyModels.swift in Sources */ = {isa = PBXBuildFile; fileRef = D781533A5E6CD22C412C1473 /* AmplifyModels.swift */; };
/* End PBXBuildFile section */

/* Begin PBXFileReference section */
		28ED0A8147BCB45602FC6B75 /* Project+Schema.swift */ = {isa = PBXFileReference; explicitFileType = sourcecode.swift; name = "Project+Schema.swift"; path = "amplify/generated/models/Project+Schema.swift"; sourceTree = "<group>"; };
		2DE0EC291922DAB9CFB2C068 /* awsconfiguration.json */ = {isa = PBXFileReference; explicitFileType = text.json; path = awsconfiguration.json; sourceTree = "<group>"; };
		2EC5A52B98EBCAC916F4BC09 /* ExternalProvider.swift */ = {isa = PBXFileReference; explicitFileType = sourcecode.swift; name = ExternalProvider.swift; path = amplify/generated/models/ExternalProvider.swift; sourceTree = "<group>"; };
		5BBC0B37A32F33423FE5F60D /* User+Schema.swift */ = {isa = PBXFileReference; explicitFileType = sourcecode.swift; name = "User+Schema.swift"; path = "amplify/generated/models/User+Schema.swift"; sourceTree = "<group>"; };
		946F237B04D95635BE6B041E /* User.swift */ = {isa = PBXFileReference; explicitFileType = sourcecode.swift; name = User.swift; path = amplify/generated/models/User.swift; sourceTree = "<group>"; };
		A21EA54876D8A5ECB6EFAFC8 /* Project.swift */ = {isa = PBXFileReference; explicitFileType = sourcecode.swift; name = Project.swift; path = amplify/generated/models/Project.swift; sourceTree = "<group>"; };
		AB019BD929DCC57D007010ED /* String+isReallyEmpty.swift */ = {isa = PBXFileReference; lastKnownFileType = sourcecode.swift; path = "String+isReallyEmpty.swift"; sourceTree = "<group>"; };
		AB06CDE229DA2CC000F4D912 /* AuthService.swift */ = {isa = PBXFileReference; lastKnownFileType = sourcecode.swift; path = AuthService.swift; sourceTree = "<group>"; };
		AB06CDE429DA2D4F00F4D912 /* AuthServiceError.swift */ = {isa = PBXFileReference; lastKnownFileType = sourcecode.swift; path = AuthServiceError.swift; sourceTree = "<group>"; };
		AB06CDE729DB08EF00F4D912 /* SectionTitle.swift */ = {isa = PBXFileReference; lastKnownFileType = sourcecode.swift; path = SectionTitle.swift; sourceTree = "<group>"; };
		AB2C0A5F29DB11660018B62F /* AddEditProjectView.swift */ = {isa = PBXFileReference; lastKnownFileType = sourcecode.swift; path = AddEditProjectView.swift; sourceTree = "<group>"; };
		AB2C0A6129DB13220018B62F /* AddEditProjectViewModel.swift */ = {isa = PBXFileReference; lastKnownFileType = sourcecode.swift; path = AddEditProjectViewModel.swift; sourceTree = "<group>"; };
		AB2C0A6329DB152C0018B62F /* CustomSegmentedPicker.swift */ = {isa = PBXFileReference; lastKnownFileType = sourcecode.swift; path = CustomSegmentedPicker.swift; sourceTree = "<group>"; };
		AB2C0A6629DB15D10018B62F /* Priority+CaseIterable.swift */ = {isa = PBXFileReference; lastKnownFileType = sourcecode.swift; path = "Priority+CaseIterable.swift"; sourceTree = "<group>"; };
		AB2D1EF729D5C30E00215C9C /* CustomDivider.swift */ = {isa = PBXFileReference; lastKnownFileType = sourcecode.swift; path = CustomDivider.swift; sourceTree = "<group>"; };
		AB3CF95429D2874A00E7FD45 /* Info.plist */ = {isa = PBXFileReference; lastKnownFileType = text.plist; path = Info.plist; sourceTree = "<group>"; };
		AB45540729D7110700A5CFEB /* SignUpView.swift */ = {isa = PBXFileReference; lastKnownFileType = sourcecode.swift; path = SignUpView.swift; sourceTree = "<group>"; };
		AB45540929D7110F00A5CFEB /* SignUpViewModel.swift */ = {isa = PBXFileReference; lastKnownFileType = sourcecode.swift; path = SignUpViewModel.swift; sourceTree = "<group>"; };
		AB45540B29D71A6B00A5CFEB /* OnboardingNavigationController.swift */ = {isa = PBXFileReference; lastKnownFileType = sourcecode.swift; path = OnboardingNavigationController.swift; sourceTree = "<group>"; };
		AB45540D29D71B1300A5CFEB /* OnboardingNavigationDestination.swift */ = {isa = PBXFileReference; lastKnownFileType = sourcecode.swift; path = OnboardingNavigationDestination.swift; sourceTree = "<group>"; };
		AB45541029D71C0500A5CFEB /* ConfirmCodeView.swift */ = {isa = PBXFileReference; lastKnownFileType = sourcecode.swift; path = ConfirmCodeView.swift; sourceTree = "<group>"; };
		AB45541229D725AA00A5CFEB /* AuthController.swift */ = {isa = PBXFileReference; lastKnownFileType = sourcecode.swift; path = AuthController.swift; sourceTree = "<group>"; };
		AB45541429D726F200A5CFEB /* ViewState.swift */ = {isa = PBXFileReference; lastKnownFileType = sourcecode.swift; path = ViewState.swift; sourceTree = "<group>"; };
		AB45541929D72B4300A5CFEB /* ConfirmCodeViewModel.swift */ = {isa = PBXFileReference; lastKnownFileType = sourcecode.swift; path = ConfirmCodeViewModel.swift; sourceTree = "<group>"; };
		AB5609E729D86AEC00B75F46 /* AsyncButton.swift */ = {isa = PBXFileReference; fileEncoding = 4; lastKnownFileType = sourcecode.swift; path = AsyncButton.swift; sourceTree = "<group>"; };
		AB59AB2229DDAA190041F6F8 /* Project+Identifiable.swift */ = {isa = PBXFileReference; lastKnownFileType = sourcecode.swift; path = "Project+Identifiable.swift"; sourceTree = "<group>"; };
		AB59AB2529DDB9F80041F6F8 /* ProjectDetailsView.swift */ = {isa = PBXFileReference; lastKnownFileType = sourcecode.swift; path = ProjectDetailsView.swift; sourceTree = "<group>"; };
		AB59AB2729DDBA000041F6F8 /* ProjectDetailsViewModel.swift */ = {isa = PBXFileReference; lastKnownFileType = sourcecode.swift; path = ProjectDetailsViewModel.swift; sourceTree = "<group>"; };
		AB59AB2A29DDBAA00041F6F8 /* Project+example.swift */ = {isa = PBXFileReference; lastKnownFileType = sourcecode.swift; path = "Project+example.swift"; sourceTree = "<group>"; };
		AB59AB2C29DDBCA20041F6F8 /* CustomProgressView.swift */ = {isa = PBXFileReference; lastKnownFileType = sourcecode.swift; path = CustomProgressView.swift; sourceTree = "<group>"; };
		AB59AB3129DDBDB90041F6F8 /* HomeViewProjectRow.swift */ = {isa = PBXFileReference; lastKnownFileType = sourcecode.swift; path = HomeViewProjectRow.swift; sourceTree = "<group>"; };
		AB67AA0029DDFBD400D797BD /* HomeProjectsList.swift */ = {isa = PBXFileReference; lastKnownFileType = sourcecode.swift; path = HomeProjectsList.swift; sourceTree = "<group>"; };
		AB67AA0229DDFC6200D797BD /* HomeCarouselView.swift */ = {isa = PBXFileReference; lastKnownFileType = sourcecode.swift; path = HomeCarouselView.swift; sourceTree = "<group>"; };
		AB67AA0429DDFCD700D797BD /* HomeProjectsHeader.swift */ = {isa = PBXFileReference; lastKnownFileType = sourcecode.swift; path = HomeProjectsHeader.swift; sourceTree = "<group>"; };
		AB77867229D5C9AE00CE5989 /* SocialSignInButtonStyle.swift */ = {isa = PBXFileReference; lastKnownFileType = sourcecode.swift; path = SocialSignInButtonStyle.swift; sourceTree = "<group>"; };
		AB77867429D5CFB600CE5989 /* SplashScreenView.swift */ = {isa = PBXFileReference; lastKnownFileType = sourcecode.swift; path = SplashScreenView.swift; sourceTree = "<group>"; };
		AB77867B29D5D37900CE5989 /* PrimaryButtonStyle.swift */ = {isa = PBXFileReference; lastKnownFileType = sourcecode.swift; path = PrimaryButtonStyle.swift; sourceTree = "<group>"; };
		AB77867F29D5D55A00CE5989 /* LoginSocialMediaButtons.swift */ = {isa = PBXFileReference; lastKnownFileType = sourcecode.swift; path = LoginSocialMediaButtons.swift; sourceTree = "<group>"; };
		AB88C8C429D780D400F5DAD1 /* ConfirmCodeTextField.swift */ = {isa = PBXFileReference; lastKnownFileType = sourcecode.swift; path = ConfirmCodeTextField.swift; sourceTree = "<group>"; };
		AB88C8C629D7988000F5DAD1 /* NotificationConstants.swift */ = {isa = PBXFileReference; lastKnownFileType = sourcecode.swift; path = NotificationConstants.swift; sourceTree = "<group>"; };
		ABA728A929DC5C6D00E66D98 /* CustomBackButton.swift */ = {isa = PBXFileReference; lastKnownFileType = sourcecode.swift; path = CustomBackButton.swift; sourceTree = "<group>"; };
		ABA728AB29DC6E4100E66D98 /* Color+CustomColors.swift */ = {isa = PBXFileReference; lastKnownFileType = sourcecode.swift; path = "Color+CustomColors.swift"; sourceTree = "<group>"; };
		ABAC1F3429D87358007B0A0B /* OnboardingViewHeader.swift */ = {isa = PBXFileReference; lastKnownFileType = sourcecode.swift; path = OnboardingViewHeader.swift; sourceTree = "<group>"; };
		ABAC1F3629D8751C007B0A0B /* UiConstants.swift */ = {isa = PBXFileReference; lastKnownFileType = sourcecode.swift; path = UiConstants.swift; sourceTree = "<group>"; };
		ABAC1F3829D877FB007B0A0B /* NoAutoCapsOrCorrectionsTextField.swift */ = {isa = PBXFileReference; lastKnownFileType = sourcecode.swift; path = NoAutoCapsOrCorrectionsTextField.swift; sourceTree = "<group>"; };
		ABAC1F3A29D87CBA007B0A0B /* TextFieldType.swift */ = {isa = PBXFileReference; lastKnownFileType = sourcecode.swift; path = TextFieldType.swift; sourceTree = "<group>"; };
		ABB2D84529D68BB1004F9278 /* Notification.Name+CustomNotifications.swift */ = {isa = PBXFileReference; lastKnownFileType = sourcecode.swift; path = "Notification.Name+CustomNotifications.swift"; sourceTree = "<group>"; };
		ABB2D84829D69057004F9278 /* ErrorMessageConstants.swift */ = {isa = PBXFileReference; lastKnownFileType = sourcecode.swift; path = ErrorMessageConstants.swift; sourceTree = "<group>"; };
		ABB8CD9529DB815D00367A62 /* View+HideKeyboard.swift */ = {isa = PBXFileReference; lastKnownFileType = sourcecode.swift; path = "View+HideKeyboard.swift"; sourceTree = "<group>"; };
		ABB998EB29D9B7C700421E01 /* HomeView.swift */ = {isa = PBXFileReference; lastKnownFileType = sourcecode.swift; path = HomeView.swift; sourceTree = "<group>"; };
		ABB998EE29D9B7F900421E01 /* HomeViewModel.swift */ = {isa = PBXFileReference; lastKnownFileType = sourcecode.swift; path = HomeViewModel.swift; sourceTree = "<group>"; };
		ABB998F129D9CCF600421E01 /* DatabaseService.swift */ = {isa = PBXFileReference; lastKnownFileType = sourcecode.swift; path = DatabaseService.swift; sourceTree = "<group>"; };
		ABB998F429D9CE7900421E01 /* DataStoreError.swift */ = {isa = PBXFileReference; lastKnownFileType = sourcecode.swift; path = DataStoreError.swift; sourceTree = "<group>"; };
		ABCD330529D475E900BA9529 /* LoginViewModel.swift */ = {isa = PBXFileReference; lastKnownFileType = sourcecode.swift; path = LoginViewModel.swift; sourceTree = "<group>"; };
		ABCD330729D477EC00BA9529 /* LoginStatus.swift */ = {isa = PBXFileReference; lastKnownFileType = sourcecode.swift; path = LoginStatus.swift; sourceTree = "<group>"; };
		ABCD330B29D4841400BA9529 /* TextFieldWithLine.swift */ = {isa = PBXFileReference; lastKnownFileType = sourcecode.swift; path = TextFieldWithLine.swift; sourceTree = "<group>"; };
		ABD8B55C29D0DB42007BF1BC /* Accountable.app */ = {isa = PBXFileReference; explicitFileType = wrapper.application; includeInIndex = 0; path = Accountable.app; sourceTree = BUILT_PRODUCTS_DIR; };
		ABD8B55F29D0DB42007BF1BC /* AccountableApp.swift */ = {isa = PBXFileReference; lastKnownFileType = sourcecode.swift; path = AccountableApp.swift; sourceTree = "<group>"; };
		ABD8B56129D0DB42007BF1BC /* LoginView.swift */ = {isa = PBXFileReference; lastKnownFileType = sourcecode.swift; path = LoginView.swift; sourceTree = "<group>"; };
		ABD8B56329D0DB43007BF1BC /* Assets.xcassets */ = {isa = PBXFileReference; lastKnownFileType = folder.assetcatalog; path = Assets.xcassets; sourceTree = "<group>"; };
		ABD8B56629D0DB43007BF1BC /* Preview Assets.xcassets */ = {isa = PBXFileReference; lastKnownFileType = folder.assetcatalog; path = "Preview Assets.xcassets"; sourceTree = "<group>"; };
		ABF6EF4129D4722000918FD2 /* LoginController.swift */ = {isa = PBXFileReference; lastKnownFileType = sourcecode.swift; path = LoginController.swift; sourceTree = "<group>"; };
		D781533A5E6CD22C412C1473 /* AmplifyModels.swift */ = {isa = PBXFileReference; explicitFileType = sourcecode.swift; name = AmplifyModels.swift; path = amplify/generated/models/AmplifyModels.swift; sourceTree = "<group>"; };
		D9179760947888B9F0613F4B /* amplifyconfiguration.json */ = {isa = PBXFileReference; explicitFileType = text.json; path = amplifyconfiguration.json; sourceTree = "<group>"; };
		E1F8946CC5880A8134AE56BC /* Priority.swift */ = {isa = PBXFileReference; explicitFileType = sourcecode.swift; name = Priority.swift; path = amplify/generated/models/Priority.swift; sourceTree = "<group>"; };
/* End PBXFileReference section */

/* Begin PBXFrameworksBuildPhase section */
		ABD8B55929D0DB42007BF1BC /* Frameworks */ = {
			isa = PBXFrameworksBuildPhase;
			buildActionMask = 2147483647;
			files = (
				ABD8B57329D0E185007BF1BC /* Amplify in Frameworks */,
				ABD8B56F29D0E185007BF1BC /* AWSAPIPlugin in Frameworks */,
				ABD8B57129D0E185007BF1BC /* AWSDataStorePlugin in Frameworks */,
				AB250F6829D32B5100CE6728 /* AWSCognitoAuthPlugin in Frameworks */,
			);
			runOnlyForDeploymentPostprocessing = 0;
		};
/* End PBXFrameworksBuildPhase section */

/* Begin PBXGroup section */
		200E5784871EE73A95C0E1B4 /* AmplifyModels */ = {
			isa = PBXGroup;
			children = (
				A21EA54876D8A5ECB6EFAFC8 /* Project.swift */,
				E1F8946CC5880A8134AE56BC /* Priority.swift */,
				D781533A5E6CD22C412C1473 /* AmplifyModels.swift */,
				28ED0A8147BCB45602FC6B75 /* Project+Schema.swift */,
				5BBC0B37A32F33423FE5F60D /* User+Schema.swift */,
				946F237B04D95635BE6B041E /* User.swift */,
				2EC5A52B98EBCAC916F4BC09 /* ExternalProvider.swift */,
			);
			name = AmplifyModels;
			sourceTree = "<group>";
		};
		75C5AC0504245D94FFE6F0A3 /* AmplifyConfig */ = {
			isa = PBXGroup;
			children = (
				2DE0EC291922DAB9CFB2C068 /* awsconfiguration.json */,
				D9179760947888B9F0613F4B /* amplifyconfiguration.json */,
			);
			name = AmplifyConfig;
			sourceTree = "<group>";
		};
		AB250F6629D32B5100CE6728 /* Frameworks */ = {
			isa = PBXGroup;
			children = (
			);
			name = Frameworks;
			sourceTree = "<group>";
		};
		AB2C0A5D29DB11500018B62F /* Projects */ = {
			isa = PBXGroup;
			children = (
				AB59AB2429DDB9EF0041F6F8 /* ProjectDetails */,
				AB2C0A5E29DB115E0018B62F /* AddEditProject */,
			);
			path = Projects;
			sourceTree = "<group>";
		};
		AB2C0A5E29DB115E0018B62F /* AddEditProject */ = {
			isa = PBXGroup;
			children = (
				AB2C0A5F29DB11660018B62F /* AddEditProjectView.swift */,
				AB2C0A6129DB13220018B62F /* AddEditProjectViewModel.swift */,
			);
			path = AddEditProject;
			sourceTree = "<group>";
		};
		AB45540629D710F000A5CFEB /* SignUp */ = {
			isa = PBXGroup;
			children = (
				AB45540729D7110700A5CFEB /* SignUpView.swift */,
				AB45540929D7110F00A5CFEB /* SignUpViewModel.swift */,
			);
			path = SignUp;
			sourceTree = "<group>";
		};
		AB45540F29D71BF500A5CFEB /* ConfirmCode */ = {
			isa = PBXGroup;
			children = (
				AB45541029D71C0500A5CFEB /* ConfirmCodeView.swift */,
				AB45541929D72B4300A5CFEB /* ConfirmCodeViewModel.swift */,
				AB88C8C429D780D400F5DAD1 /* ConfirmCodeTextField.swift */,
			);
			path = ConfirmCode;
			sourceTree = "<group>";
		};
		AB59AB2429DDB9EF0041F6F8 /* ProjectDetails */ = {
			isa = PBXGroup;
			children = (
				AB59AB2529DDB9F80041F6F8 /* ProjectDetailsView.swift */,
				AB59AB2729DDBA000041F6F8 /* ProjectDetailsViewModel.swift */,
			);
			path = ProjectDetails;
			sourceTree = "<group>";
		};
		AB59AB2929DDBA8E0041F6F8 /* AmplifyModelExtensions */ = {
			isa = PBXGroup;
			children = (
				AB2C0A6629DB15D10018B62F /* Priority+CaseIterable.swift */,
				AB59AB2229DDAA190041F6F8 /* Project+Identifiable.swift */,
				AB59AB2A29DDBAA00041F6F8 /* Project+example.swift */,
			);
			path = AmplifyModelExtensions;
			sourceTree = "<group>";
		};
		AB59AB2F29DDBDA70041F6F8 /* HomeView */ = {
			isa = PBXGroup;
			children = (
				ABB998EB29D9B7C700421E01 /* HomeView.swift */,
				AB67AA0229DDFC6200D797BD /* HomeCarouselView.swift */,
				AB67AA0429DDFCD700D797BD /* HomeProjectsHeader.swift */,
				AB67AA0029DDFBD400D797BD /* HomeProjectsList.swift */,
				ABB998EE29D9B7F900421E01 /* HomeViewModel.swift */,
			);
			path = HomeView;
			sourceTree = "<group>";
		};
		AB59AB3029DDBDAD0041F6F8 /* IndividualElements */ = {
			isa = PBXGroup;
			children = (
				AB59AB3129DDBDB90041F6F8 /* HomeViewProjectRow.swift */,
			);
			path = IndividualElements;
			sourceTree = "<group>";
		};
		AB77867629D5D23A00CE5989 /* Controllers */ = {
			isa = PBXGroup;
			children = (
				ABF6EF4129D4722000918FD2 /* LoginController.swift */,
				AB45541229D725AA00A5CFEB /* AuthController.swift */,
			);
			path = Controllers;
			sourceTree = "<group>";
		};
		AB77867729D5D24500CE5989 /* Model */ = {
			isa = PBXGroup;
			children = (
				ABCD330729D477EC00BA9529 /* LoginStatus.swift */,
				AB45541429D726F200A5CFEB /* ViewState.swift */,
				ABAC1F3A29D87CBA007B0A0B /* TextFieldType.swift */,
			);
			path = Model;
			sourceTree = "<group>";
		};
		AB77867829D5D24C00CE5989 /* Views */ = {
			isa = PBXGroup;
			children = (
				AB77867A29D5D2DC00CE5989 /* Onboarding */,
				ABB998EA29D9B7C000421E01 /* Home */,
				AB2C0A5D29DB11500018B62F /* Projects */,
				ABB998ED29D9B7CA00421E01 /* IndividualElements */,
			);
			path = Views;
			sourceTree = "<group>";
		};
		AB77867929D5D25D00CE5989 /* StylesAndModifiers */ = {
			isa = PBXGroup;
			children = (
				AB77867229D5C9AE00CE5989 /* SocialSignInButtonStyle.swift */,
				AB77867B29D5D37900CE5989 /* PrimaryButtonStyle.swift */,
				ABAC1F3829D877FB007B0A0B /* NoAutoCapsOrCorrectionsTextField.swift */,
			);
			path = StylesAndModifiers;
			sourceTree = "<group>";
		};
		AB77867A29D5D2DC00CE5989 /* Onboarding */ = {
			isa = PBXGroup;
			children = (
				AB77867D29D5D53700CE5989 /* Login */,
				AB45540629D710F000A5CFEB /* SignUp */,
				AB45540F29D71BF500A5CFEB /* ConfirmCode */,
				ABAC1F3429D87358007B0A0B /* OnboardingViewHeader.swift */,
				AB45540B29D71A6B00A5CFEB /* OnboardingNavigationController.swift */,
				AB45540D29D71B1300A5CFEB /* OnboardingNavigationDestination.swift */,
			);
			path = Onboarding;
			sourceTree = "<group>";
		};
		AB77867D29D5D53700CE5989 /* Login */ = {
			isa = PBXGroup;
			children = (
				ABD8B56129D0DB42007BF1BC /* LoginView.swift */,
				AB77867F29D5D55A00CE5989 /* LoginSocialMediaButtons.swift */,
				ABCD330529D475E900BA9529 /* LoginViewModel.swift */,
			);
			path = Login;
			sourceTree = "<group>";
		};
		ABB2D84429D68B74004F9278 /* Extensions */ = {
			isa = PBXGroup;
			children = (
				AB59AB2929DDBA8E0041F6F8 /* AmplifyModelExtensions */,
				ABB2D84529D68BB1004F9278 /* Notification.Name+CustomNotifications.swift */,
				AB019BD929DCC57D007010ED /* String+isReallyEmpty.swift */,
				ABB8CD9529DB815D00367A62 /* View+HideKeyboard.swift */,
				ABA728AB29DC6E4100E66D98 /* Color+CustomColors.swift */,
			);
			path = Extensions;
			sourceTree = "<group>";
		};
		ABB2D84729D69050004F9278 /* Utilities */ = {
			isa = PBXGroup;
			children = (
				ABB2D84A29D69059004F9278 /* Constants */,
			);
			path = Utilities;
			sourceTree = "<group>";
		};
		ABB2D84A29D69059004F9278 /* Constants */ = {
			isa = PBXGroup;
			children = (
				ABB2D84829D69057004F9278 /* ErrorMessageConstants.swift */,
				AB88C8C629D7988000F5DAD1 /* NotificationConstants.swift */,
				ABAC1F3629D8751C007B0A0B /* UiConstants.swift */,
			);
			path = Constants;
			sourceTree = "<group>";
		};
		ABB998EA29D9B7C000421E01 /* Home */ = {
			isa = PBXGroup;
			children = (
				AB59AB2F29DDBDA70041F6F8 /* HomeView */,
				AB59AB3029DDBDAD0041F6F8 /* IndividualElements */,
			);
			path = Home;
			sourceTree = "<group>";
		};
		ABB998ED29D9B7CA00421E01 /* IndividualElements */ = {
			isa = PBXGroup;
			children = (
				ABA728A929DC5C6D00E66D98 /* CustomBackButton.swift */,
				AB5609E729D86AEC00B75F46 /* AsyncButton.swift */,
				AB2D1EF729D5C30E00215C9C /* CustomDivider.swift */,
				AB77867429D5CFB600CE5989 /* SplashScreenView.swift */,
				ABCD330B29D4841400BA9529 /* TextFieldWithLine.swift */,
				AB06CDE729DB08EF00F4D912 /* SectionTitle.swift */,
				AB2C0A6329DB152C0018B62F /* CustomSegmentedPicker.swift */,
				AB59AB2C29DDBCA20041F6F8 /* CustomProgressView.swift */,
			);
			path = IndividualElements;
			sourceTree = "<group>";
		};
		ABB998F029D9CCE200421E01 /* Services */ = {
			isa = PBXGroup;
			children = (
				ABB998F129D9CCF600421E01 /* DatabaseService.swift */,
				AB06CDE229DA2CC000F4D912 /* AuthService.swift */,
			);
			path = Services;
			sourceTree = "<group>";
		};
		ABB998F329D9CE5000421E01 /* Errors */ = {
			isa = PBXGroup;
			children = (
				ABB998F429D9CE7900421E01 /* DataStoreError.swift */,
				AB06CDE429DA2D4F00F4D912 /* AuthServiceError.swift */,
			);
			path = Errors;
			sourceTree = "<group>";
		};
		ABD8B55329D0DB42007BF1BC = {
			isa = PBXGroup;
			children = (
				ABD8B55E29D0DB42007BF1BC /* Accountable */,
				ABD8B55D29D0DB42007BF1BC /* Products */,
				75C5AC0504245D94FFE6F0A3 /* AmplifyConfig */,
				200E5784871EE73A95C0E1B4 /* AmplifyModels */,
				AB250F6629D32B5100CE6728 /* Frameworks */,
			);
			sourceTree = "<group>";
		};
		ABD8B55D29D0DB42007BF1BC /* Products */ = {
			isa = PBXGroup;
			children = (
				ABD8B55C29D0DB42007BF1BC /* Accountable.app */,
			);
			name = Products;
			sourceTree = "<group>";
		};
		ABD8B55E29D0DB42007BF1BC /* Accountable */ = {
			isa = PBXGroup;
			children = (
				AB3CF95429D2874A00E7FD45 /* Info.plist */,
				ABD8B55F29D0DB42007BF1BC /* AccountableApp.swift */,
				AB77867729D5D24500CE5989 /* Model */,
				AB77867829D5D24C00CE5989 /* Views */,
				AB77867629D5D23A00CE5989 /* Controllers */,
				ABB998F029D9CCE200421E01 /* Services */,
				ABB2D84729D69050004F9278 /* Utilities */,
				ABB2D84429D68B74004F9278 /* Extensions */,
				ABB998F329D9CE5000421E01 /* Errors */,
				AB77867929D5D25D00CE5989 /* StylesAndModifiers */,
				ABD8B56329D0DB43007BF1BC /* Assets.xcassets */,
				ABD8B56529D0DB43007BF1BC /* Preview Content */,
			);
			path = Accountable;
			sourceTree = "<group>";
		};
		ABD8B56529D0DB43007BF1BC /* Preview Content */ = {
			isa = PBXGroup;
			children = (
				ABD8B56629D0DB43007BF1BC /* Preview Assets.xcassets */,
			);
			path = "Preview Content";
			sourceTree = "<group>";
		};
/* End PBXGroup section */

/* Begin PBXNativeTarget section */
		ABD8B55B29D0DB42007BF1BC /* Accountable */ = {
			isa = PBXNativeTarget;
			buildConfigurationList = ABD8B56A29D0DB43007BF1BC /* Build configuration list for PBXNativeTarget "Accountable" */;
			buildPhases = (
				ABD8B55829D0DB42007BF1BC /* Sources */,
				ABD8B55929D0DB42007BF1BC /* Frameworks */,
				ABD8B55A29D0DB42007BF1BC /* Resources */,
			);
			buildRules = (
			);
			dependencies = (
			);
			name = Accountable;
			packageProductDependencies = (
				ABD8B56E29D0E185007BF1BC /* AWSAPIPlugin */,
				ABD8B57029D0E185007BF1BC /* AWSDataStorePlugin */,
				ABD8B57229D0E185007BF1BC /* Amplify */,
				AB250F6729D32B5100CE6728 /* AWSCognitoAuthPlugin */,
			);
			productName = Accountable;
			productReference = ABD8B55C29D0DB42007BF1BC /* Accountable.app */;
			productType = "com.apple.product-type.application";
		};
/* End PBXNativeTarget section */

/* Begin PBXProject section */
		ABD8B55429D0DB42007BF1BC /* Project object */ = {
			isa = PBXProject;
			attributes = {
				BuildIndependentTargetsInParallel = 1;
				LastSwiftUpdateCheck = 1420;
				LastUpgradeCheck = 1420;
				TargetAttributes = {
					ABD8B55B29D0DB42007BF1BC = {
						CreatedOnToolsVersion = 14.2;
					};
				};
			};
			buildConfigurationList = ABD8B55729D0DB42007BF1BC /* Build configuration list for PBXProject "Accountable" */;
			compatibilityVersion = "Xcode 14.0";
			developmentRegion = en;
			hasScannedForEncodings = 0;
			knownRegions = (
				en,
				Base,
			);
			mainGroup = ABD8B55329D0DB42007BF1BC;
			packageReferences = (
				ABD8B56D29D0E185007BF1BC /* XCRemoteSwiftPackageReference "amplify-swift" */,
			);
			productRefGroup = ABD8B55D29D0DB42007BF1BC /* Products */;
			projectDirPath = "";
			projectRoot = "";
			targets = (
				ABD8B55B29D0DB42007BF1BC /* Accountable */,
			);
		};
/* End PBXProject section */

/* Begin PBXResourcesBuildPhase section */
		ABD8B55A29D0DB42007BF1BC /* Resources */ = {
			isa = PBXResourcesBuildPhase;
			buildActionMask = 2147483647;
			files = (
				ABD8B56729D0DB43007BF1BC /* Preview Assets.xcassets in Resources */,
				ABD8B56429D0DB43007BF1BC /* Assets.xcassets in Resources */,
				5DDAF38E01F93465CFBA5EAE /* awsconfiguration.json in Resources */,
				392EF8EAE755C271A9472C1C /* amplifyconfiguration.json in Resources */,
			);
			runOnlyForDeploymentPostprocessing = 0;
		};
/* End PBXResourcesBuildPhase section */

/* Begin PBXSourcesBuildPhase section */
		ABD8B55829D0DB42007BF1BC /* Sources */ = {
			isa = PBXSourcesBuildPhase;
			buildActionMask = 2147483647;
			files = (
				ABB2D84929D69057004F9278 /* ErrorMessageConstants.swift in Sources */,
				AB77867329D5C9AE00CE5989 /* SocialSignInButtonStyle.swift in Sources */,
				AB2C0A6429DB152C0018B62F /* CustomSegmentedPicker.swift in Sources */,
				AB59AB2D29DDBCA20041F6F8 /* CustomProgressView.swift in Sources */,
				AB019BDA29DCC57D007010ED /* String+isReallyEmpty.swift in Sources */,
				AB88C8C529D780D400F5DAD1 /* ConfirmCodeTextField.swift in Sources */,
				AB45541329D725AA00A5CFEB /* AuthController.swift in Sources */,
				AB77867529D5CFB600CE5989 /* SplashScreenView.swift in Sources */,
				ABD8B56229D0DB42007BF1BC /* LoginView.swift in Sources */,
				AB59AB2B29DDBAA00041F6F8 /* Project+example.swift in Sources */,
				ABD8B56029D0DB42007BF1BC /* AccountableApp.swift in Sources */,
				AB06CDE329DA2CC000F4D912 /* AuthService.swift in Sources */,
				ABA728AA29DC5C6D00E66D98 /* CustomBackButton.swift in Sources */,
				ABB998F529D9CE7900421E01 /* DataStoreError.swift in Sources */,
				AB45540A29D7110F00A5CFEB /* SignUpViewModel.swift in Sources */,
				AB77867C29D5D37900CE5989 /* PrimaryButtonStyle.swift in Sources */,
				AB77868029D5D55A00CE5989 /* LoginSocialMediaButtons.swift in Sources */,
				E0C960E8788CE8E94464E4C3 /* AmplifyModels.swift in Sources */,
				AB06CDE529DA2D4F00F4D912 /* AuthServiceError.swift in Sources */,
				AB2C0A6229DB13220018B62F /* AddEditProjectViewModel.swift in Sources */,
				AB06CDE829DB08EF00F4D912 /* SectionTitle.swift in Sources */,
				74FAED5A93C9CA1CBA468188 /* Priority.swift in Sources */,
				AB59AB3229DDBDB90041F6F8 /* HomeViewProjectRow.swift in Sources */,
				ABAC1F3529D87358007B0A0B /* OnboardingViewHeader.swift in Sources */,
				AB45540C29D71A6B00A5CFEB /* OnboardingNavigationController.swift in Sources */,
				ABCD330629D475E900BA9529 /* LoginViewModel.swift in Sources */,
				A8453C0FEA8A0E969C7C4DBA /* Project+Schema.swift in Sources */,
				AB45541A29D72B4300A5CFEB /* ConfirmCodeViewModel.swift in Sources */,
				AB2C0A6729DB15D10018B62F /* Priority+CaseIterable.swift in Sources */,
				ABB998EF29D9B7F900421E01 /* HomeViewModel.swift in Sources */,
				AB45541529D726F200A5CFEB /* ViewState.swift in Sources */,
				65EB8B7F0792FA6A77D3F7DE /* Project.swift in Sources */,
				AB67AA0129DDFBD400D797BD /* HomeProjectsList.swift in Sources */,
				AB2D1EF829D5C30E00215C9C /* CustomDivider.swift in Sources */,
				ABB998F229D9CCF600421E01 /* DatabaseService.swift in Sources */,
				ABB2D84629D68BB1004F9278 /* Notification.Name+CustomNotifications.swift in Sources */,
				AB59AB2829DDBA000041F6F8 /* ProjectDetailsViewModel.swift in Sources */,
				ABAC1F3729D8751C007B0A0B /* UiConstants.swift in Sources */,
				AB45541129D71C0500A5CFEB /* ConfirmCodeView.swift in Sources */,
				AB2C0A6029DB11660018B62F /* AddEditProjectView.swift in Sources */,
				AB45540E29D71B1300A5CFEB /* OnboardingNavigationDestination.swift in Sources */,
				AB67AA0329DDFC6200D797BD /* HomeCarouselView.swift in Sources */,
				AB5609E829D86AED00B75F46 /* AsyncButton.swift in Sources */,
				ABAC1F3B29D87CBA007B0A0B /* TextFieldType.swift in Sources */,
				ABCD330829D477EC00BA9529 /* LoginStatus.swift in Sources */,
				ABB998EC29D9B7C700421E01 /* HomeView.swift in Sources */,
				ABB8CD9629DB815D00367A62 /* View+HideKeyboard.swift in Sources */,
				ABCD330C29D4841400BA9529 /* TextFieldWithLine.swift in Sources */,
				ABAC1F3929D877FB007B0A0B /* NoAutoCapsOrCorrectionsTextField.swift in Sources */,
				AB59AB2629DDB9F80041F6F8 /* ProjectDetailsView.swift in Sources */,
				AB88C8C729D7988000F5DAD1 /* NotificationConstants.swift in Sources */,
				AB45540829D7110700A5CFEB /* SignUpView.swift in Sources */,
				ABF6EF4229D4722000918FD2 /* LoginController.swift in Sources */,
				ABA728AC29DC6E4100E66D98 /* Color+CustomColors.swift in Sources */,
				AB67AA0529DDFCD700D797BD /* HomeProjectsHeader.swift in Sources */,
				244EB944306004A5CB42C338 /* User+Schema.swift in Sources */,
				A6D207C73E6C0835E2EE6E4C /* User.swift in Sources */,
				6FA8CE26E35A7E70EFA5618E /* ExternalProvider.swift in Sources */,
				AB59AB2329DDAA190041F6F8 /* Project+Identifiable.swift in Sources */,
			);
			runOnlyForDeploymentPostprocessing = 0;
		};
/* End PBXSourcesBuildPhase section */

/* Begin XCBuildConfiguration section */
		ABD8B56829D0DB43007BF1BC /* Debug */ = {
			isa = XCBuildConfiguration;
			buildSettings = {
				ALWAYS_SEARCH_USER_PATHS = NO;
				CLANG_ANALYZER_NONNULL = YES;
				CLANG_ANALYZER_NUMBER_OBJECT_CONVERSION = YES_AGGRESSIVE;
				CLANG_CXX_LANGUAGE_STANDARD = "gnu++20";
				CLANG_ENABLE_MODULES = YES;
				CLANG_ENABLE_OBJC_ARC = YES;
				CLANG_ENABLE_OBJC_WEAK = YES;
				CLANG_WARN_BLOCK_CAPTURE_AUTORELEASING = YES;
				CLANG_WARN_BOOL_CONVERSION = YES;
				CLANG_WARN_COMMA = YES;
				CLANG_WARN_CONSTANT_CONVERSION = YES;
				CLANG_WARN_DEPRECATED_OBJC_IMPLEMENTATIONS = YES;
				CLANG_WARN_DIRECT_OBJC_ISA_USAGE = YES_ERROR;
				CLANG_WARN_DOCUMENTATION_COMMENTS = YES;
				CLANG_WARN_EMPTY_BODY = YES;
				CLANG_WARN_ENUM_CONVERSION = YES;
				CLANG_WARN_INFINITE_RECURSION = YES;
				CLANG_WARN_INT_CONVERSION = YES;
				CLANG_WARN_NON_LITERAL_NULL_CONVERSION = YES;
				CLANG_WARN_OBJC_IMPLICIT_RETAIN_SELF = YES;
				CLANG_WARN_OBJC_LITERAL_CONVERSION = YES;
				CLANG_WARN_OBJC_ROOT_CLASS = YES_ERROR;
				CLANG_WARN_QUOTED_INCLUDE_IN_FRAMEWORK_HEADER = YES;
				CLANG_WARN_RANGE_LOOP_ANALYSIS = YES;
				CLANG_WARN_STRICT_PROTOTYPES = YES;
				CLANG_WARN_SUSPICIOUS_MOVE = YES;
				CLANG_WARN_UNGUARDED_AVAILABILITY = YES_AGGRESSIVE;
				CLANG_WARN_UNREACHABLE_CODE = YES;
				CLANG_WARN__DUPLICATE_METHOD_MATCH = YES;
				COPY_PHASE_STRIP = NO;
				DEBUG_INFORMATION_FORMAT = dwarf;
				ENABLE_STRICT_OBJC_MSGSEND = YES;
				ENABLE_TESTABILITY = YES;
				GCC_C_LANGUAGE_STANDARD = gnu11;
				GCC_DYNAMIC_NO_PIC = NO;
				GCC_NO_COMMON_BLOCKS = YES;
				GCC_OPTIMIZATION_LEVEL = 0;
				GCC_PREPROCESSOR_DEFINITIONS = (
					"DEBUG=1",
					"$(inherited)",
				);
				GCC_WARN_64_TO_32_BIT_CONVERSION = YES;
				GCC_WARN_ABOUT_RETURN_TYPE = YES_ERROR;
				GCC_WARN_UNDECLARED_SELECTOR = YES;
				GCC_WARN_UNINITIALIZED_AUTOS = YES_AGGRESSIVE;
				GCC_WARN_UNUSED_FUNCTION = YES;
				GCC_WARN_UNUSED_VARIABLE = YES;
				IPHONEOS_DEPLOYMENT_TARGET = 16.2;
				MTL_ENABLE_DEBUG_INFO = INCLUDE_SOURCE;
				MTL_FAST_MATH = YES;
				ONLY_ACTIVE_ARCH = YES;
				SDKROOT = iphoneos;
				SWIFT_ACTIVE_COMPILATION_CONDITIONS = DEBUG;
				SWIFT_OPTIMIZATION_LEVEL = "-Onone";
			};
			name = Debug;
		};
		ABD8B56929D0DB43007BF1BC /* Release */ = {
			isa = XCBuildConfiguration;
			buildSettings = {
				ALWAYS_SEARCH_USER_PATHS = NO;
				CLANG_ANALYZER_NONNULL = YES;
				CLANG_ANALYZER_NUMBER_OBJECT_CONVERSION = YES_AGGRESSIVE;
				CLANG_CXX_LANGUAGE_STANDARD = "gnu++20";
				CLANG_ENABLE_MODULES = YES;
				CLANG_ENABLE_OBJC_ARC = YES;
				CLANG_ENABLE_OBJC_WEAK = YES;
				CLANG_WARN_BLOCK_CAPTURE_AUTORELEASING = YES;
				CLANG_WARN_BOOL_CONVERSION = YES;
				CLANG_WARN_COMMA = YES;
				CLANG_WARN_CONSTANT_CONVERSION = YES;
				CLANG_WARN_DEPRECATED_OBJC_IMPLEMENTATIONS = YES;
				CLANG_WARN_DIRECT_OBJC_ISA_USAGE = YES_ERROR;
				CLANG_WARN_DOCUMENTATION_COMMENTS = YES;
				CLANG_WARN_EMPTY_BODY = YES;
				CLANG_WARN_ENUM_CONVERSION = YES;
				CLANG_WARN_INFINITE_RECURSION = YES;
				CLANG_WARN_INT_CONVERSION = YES;
				CLANG_WARN_NON_LITERAL_NULL_CONVERSION = YES;
				CLANG_WARN_OBJC_IMPLICIT_RETAIN_SELF = YES;
				CLANG_WARN_OBJC_LITERAL_CONVERSION = YES;
				CLANG_WARN_OBJC_ROOT_CLASS = YES_ERROR;
				CLANG_WARN_QUOTED_INCLUDE_IN_FRAMEWORK_HEADER = YES;
				CLANG_WARN_RANGE_LOOP_ANALYSIS = YES;
				CLANG_WARN_STRICT_PROTOTYPES = YES;
				CLANG_WARN_SUSPICIOUS_MOVE = YES;
				CLANG_WARN_UNGUARDED_AVAILABILITY = YES_AGGRESSIVE;
				CLANG_WARN_UNREACHABLE_CODE = YES;
				CLANG_WARN__DUPLICATE_METHOD_MATCH = YES;
				COPY_PHASE_STRIP = NO;
				DEBUG_INFORMATION_FORMAT = "dwarf-with-dsym";
				ENABLE_NS_ASSERTIONS = NO;
				ENABLE_STRICT_OBJC_MSGSEND = YES;
				GCC_C_LANGUAGE_STANDARD = gnu11;
				GCC_NO_COMMON_BLOCKS = YES;
				GCC_WARN_64_TO_32_BIT_CONVERSION = YES;
				GCC_WARN_ABOUT_RETURN_TYPE = YES_ERROR;
				GCC_WARN_UNDECLARED_SELECTOR = YES;
				GCC_WARN_UNINITIALIZED_AUTOS = YES_AGGRESSIVE;
				GCC_WARN_UNUSED_FUNCTION = YES;
				GCC_WARN_UNUSED_VARIABLE = YES;
				IPHONEOS_DEPLOYMENT_TARGET = 16.2;
				MTL_ENABLE_DEBUG_INFO = NO;
				MTL_FAST_MATH = YES;
				SDKROOT = iphoneos;
				SWIFT_COMPILATION_MODE = wholemodule;
				SWIFT_OPTIMIZATION_LEVEL = "-O";
				VALIDATE_PRODUCT = YES;
			};
			name = Release;
		};
		ABD8B56B29D0DB43007BF1BC /* Debug */ = {
			isa = XCBuildConfiguration;
			buildSettings = {
				ASSETCATALOG_COMPILER_APPICON_NAME = AppIcon;
				ASSETCATALOG_COMPILER_GLOBAL_ACCENT_COLOR_NAME = AccentColor;
				CODE_SIGN_STYLE = Automatic;
				CURRENT_PROJECT_VERSION = 1;
				DEVELOPMENT_ASSET_PATHS = "\"Accountable/Preview Content\"";
				DEVELOPMENT_TEAM = 9LT5ZRK64X;
				ENABLE_PREVIEWS = YES;
				GENERATE_INFOPLIST_FILE = YES;
				INFOPLIST_FILE = Accountable/Info.plist;
				INFOPLIST_KEY_UIApplicationSupportsIndirectInputEvents = YES;
				INFOPLIST_KEY_UILaunchScreen_Generation = YES;
				INFOPLIST_KEY_UISupportedInterfaceOrientations = UIInterfaceOrientationPortrait;
				LD_RUNPATH_SEARCH_PATHS = (
					"$(inherited)",
					"@executable_path/Frameworks",
				);
				MARKETING_VERSION = 1.0;
				PRODUCT_BUNDLE_IDENTIFIER = com.julianmichaeltechnologies.Accountable;
				PRODUCT_NAME = "$(TARGET_NAME)";
				SUPPORTED_PLATFORMS = "iphoneos iphonesimulator";
				SUPPORTS_MACCATALYST = NO;
				SUPPORTS_MAC_DESIGNED_FOR_IPHONE_IPAD = NO;
				SWIFT_EMIT_LOC_STRINGS = YES;
				SWIFT_VERSION = 5.0;
				TARGETED_DEVICE_FAMILY = 1;
			};
			name = Debug;
		};
		ABD8B56C29D0DB43007BF1BC /* Release */ = {
			isa = XCBuildConfiguration;
			buildSettings = {
				ASSETCATALOG_COMPILER_APPICON_NAME = AppIcon;
				ASSETCATALOG_COMPILER_GLOBAL_ACCENT_COLOR_NAME = AccentColor;
				CODE_SIGN_STYLE = Automatic;
				CURRENT_PROJECT_VERSION = 1;
				DEVELOPMENT_ASSET_PATHS = "\"Accountable/Preview Content\"";
				DEVELOPMENT_TEAM = 9LT5ZRK64X;
				ENABLE_PREVIEWS = YES;
				GENERATE_INFOPLIST_FILE = YES;
				INFOPLIST_FILE = Accountable/Info.plist;
				INFOPLIST_KEY_UIApplicationSupportsIndirectInputEvents = YES;
				INFOPLIST_KEY_UILaunchScreen_Generation = YES;
				INFOPLIST_KEY_UISupportedInterfaceOrientations = UIInterfaceOrientationPortrait;
				LD_RUNPATH_SEARCH_PATHS = (
					"$(inherited)",
					"@executable_path/Frameworks",
				);
				MARKETING_VERSION = 1.0;
				PRODUCT_BUNDLE_IDENTIFIER = com.julianmichaeltechnologies.Accountable;
				PRODUCT_NAME = "$(TARGET_NAME)";
				SUPPORTED_PLATFORMS = "iphoneos iphonesimulator";
				SUPPORTS_MACCATALYST = NO;
				SUPPORTS_MAC_DESIGNED_FOR_IPHONE_IPAD = NO;
				SWIFT_EMIT_LOC_STRINGS = YES;
				SWIFT_VERSION = 5.0;
				TARGETED_DEVICE_FAMILY = 1;
			};
			name = Release;
		};
/* End XCBuildConfiguration section */

/* Begin XCConfigurationList section */
		ABD8B55729D0DB42007BF1BC /* Build configuration list for PBXProject "Accountable" */ = {
			isa = XCConfigurationList;
			buildConfigurations = (
				ABD8B56829D0DB43007BF1BC /* Debug */,
				ABD8B56929D0DB43007BF1BC /* Release */,
			);
			defaultConfigurationIsVisible = 0;
			defaultConfigurationName = Release;
		};
		ABD8B56A29D0DB43007BF1BC /* Build configuration list for PBXNativeTarget "Accountable" */ = {
			isa = XCConfigurationList;
			buildConfigurations = (
				ABD8B56B29D0DB43007BF1BC /* Debug */,
				ABD8B56C29D0DB43007BF1BC /* Release */,
			);
			defaultConfigurationIsVisible = 0;
			defaultConfigurationName = Release;
		};
/* End XCConfigurationList section */

/* Begin XCRemoteSwiftPackageReference section */
		ABD8B56D29D0E185007BF1BC /* XCRemoteSwiftPackageReference "amplify-swift" */ = {
			isa = XCRemoteSwiftPackageReference;
			repositoryURL = "https://github.com/aws-amplify/amplify-swift";
			requirement = {
				kind = upToNextMajorVersion;
				minimumVersion = 2.0.0;
			};
		};
/* End XCRemoteSwiftPackageReference section */

/* Begin XCSwiftPackageProductDependency section */
		AB250F6729D32B5100CE6728 /* AWSCognitoAuthPlugin */ = {
			isa = XCSwiftPackageProductDependency;
			package = ABD8B56D29D0E185007BF1BC /* XCRemoteSwiftPackageReference "amplify-swift" */;
			productName = AWSCognitoAuthPlugin;
		};
		ABD8B56E29D0E185007BF1BC /* AWSAPIPlugin */ = {
			isa = XCSwiftPackageProductDependency;
			package = ABD8B56D29D0E185007BF1BC /* XCRemoteSwiftPackageReference "amplify-swift" */;
			productName = AWSAPIPlugin;
		};
		ABD8B57029D0E185007BF1BC /* AWSDataStorePlugin */ = {
			isa = XCSwiftPackageProductDependency;
			package = ABD8B56D29D0E185007BF1BC /* XCRemoteSwiftPackageReference "amplify-swift" */;
			productName = AWSDataStorePlugin;
		};
		ABD8B57229D0E185007BF1BC /* Amplify */ = {
			isa = XCSwiftPackageProductDependency;
			package = ABD8B56D29D0E185007BF1BC /* XCRemoteSwiftPackageReference "amplify-swift" */;
			productName = Amplify;
		};
/* End XCSwiftPackageProductDependency section */
	};
	rootObject = ABD8B55429D0DB42007BF1BC /* Project object */;
}
