// !$*UTF8*$!
{
	archiveVersion = 1;
	classes = {
	};
	objectVersion = 56;
	objects = {

/* Begin PBXBuildFile section */
		392EF8EAE755C271A9472C1C /* amplifyconfiguration.json in Resources */ = {isa = PBXBuildFile; fileRef = D9179760947888B9F0613F4B /* amplifyconfiguration.json */; };
		5DDAF38E01F93465CFBA5EAE /* awsconfiguration.json in Resources */ = {isa = PBXBuildFile; fileRef = 2DE0EC291922DAB9CFB2C068 /* awsconfiguration.json */; };
		65EB8B7F0792FA6A77D3F7DE /* Project.swift in Sources */ = {isa = PBXBuildFile; fileRef = A21EA54876D8A5ECB6EFAFC8 /* Project.swift */; };
		74FAED5A93C9CA1CBA468188 /* Priority.swift in Sources */ = {isa = PBXBuildFile; fileRef = E1F8946CC5880A8134AE56BC /* Priority.swift */; };
		A8453C0FEA8A0E969C7C4DBA /* Project+Schema.swift in Sources */ = {isa = PBXBuildFile; fileRef = 28ED0A8147BCB45602FC6B75 /* Project+Schema.swift */; };
		AB250F6829D32B5100CE6728 /* AWSCognitoAuthPlugin in Frameworks */ = {isa = PBXBuildFile; productRef = AB250F6729D32B5100CE6728 /* AWSCognitoAuthPlugin */; };
		AB2D1EF829D5C30E00215C9C /* CustomDivider.swift in Sources */ = {isa = PBXBuildFile; fileRef = AB2D1EF729D5C30E00215C9C /* CustomDivider.swift */; };
		AB77867329D5C9AE00CE5989 /* SocialSignInButtonStyle.swift in Sources */ = {isa = PBXBuildFile; fileRef = AB77867229D5C9AE00CE5989 /* SocialSignInButtonStyle.swift */; };
		AB77867529D5CFB600CE5989 /* SplashScreenView.swift in Sources */ = {isa = PBXBuildFile; fileRef = AB77867429D5CFB600CE5989 /* SplashScreenView.swift */; };
		ABCD330629D475E900BA9529 /* LoginViewModel.swift in Sources */ = {isa = PBXBuildFile; fileRef = ABCD330529D475E900BA9529 /* LoginViewModel.swift */; };
		ABCD330829D477EC00BA9529 /* LoginStatus.swift in Sources */ = {isa = PBXBuildFile; fileRef = ABCD330729D477EC00BA9529 /* LoginStatus.swift */; };
		ABCD330C29D4841400BA9529 /* TextFieldWithIcon.swift in Sources */ = {isa = PBXBuildFile; fileRef = ABCD330B29D4841400BA9529 /* TextFieldWithIcon.swift */; };
		ABD8B56029D0DB42007BF1BC /* AccountableApp.swift in Sources */ = {isa = PBXBuildFile; fileRef = ABD8B55F29D0DB42007BF1BC /* AccountableApp.swift */; };
		ABD8B56229D0DB42007BF1BC /* LoginView.swift in Sources */ = {isa = PBXBuildFile; fileRef = ABD8B56129D0DB42007BF1BC /* LoginView.swift */; };
		ABD8B56429D0DB43007BF1BC /* Assets.xcassets in Resources */ = {isa = PBXBuildFile; fileRef = ABD8B56329D0DB43007BF1BC /* Assets.xcassets */; };
		ABD8B56729D0DB43007BF1BC /* Preview Assets.xcassets in Resources */ = {isa = PBXBuildFile; fileRef = ABD8B56629D0DB43007BF1BC /* Preview Assets.xcassets */; };
		ABD8B56F29D0E185007BF1BC /* AWSAPIPlugin in Frameworks */ = {isa = PBXBuildFile; productRef = ABD8B56E29D0E185007BF1BC /* AWSAPIPlugin */; };
		ABD8B57129D0E185007BF1BC /* AWSDataStorePlugin in Frameworks */ = {isa = PBXBuildFile; productRef = ABD8B57029D0E185007BF1BC /* AWSDataStorePlugin */; };
		ABD8B57329D0E185007BF1BC /* Amplify in Frameworks */ = {isa = PBXBuildFile; productRef = ABD8B57229D0E185007BF1BC /* Amplify */; };
		ABF6EF4229D4722000918FD2 /* LoginController.swift in Sources */ = {isa = PBXBuildFile; fileRef = ABF6EF4129D4722000918FD2 /* LoginController.swift */; };
		E0C960E8788CE8E94464E4C3 /* AmplifyModels.swift in Sources */ = {isa = PBXBuildFile; fileRef = D781533A5E6CD22C412C1473 /* AmplifyModels.swift */; };
/* End PBXBuildFile section */

/* Begin PBXFileReference section */
		28ED0A8147BCB45602FC6B75 /* Project+Schema.swift */ = {isa = PBXFileReference; explicitFileType = sourcecode.swift; name = "Project+Schema.swift"; path = "amplify/generated/models/Project+Schema.swift"; sourceTree = "<group>"; };
		2DE0EC291922DAB9CFB2C068 /* awsconfiguration.json */ = {isa = PBXFileReference; explicitFileType = text.json; path = awsconfiguration.json; sourceTree = "<group>"; };
		A21EA54876D8A5ECB6EFAFC8 /* Project.swift */ = {isa = PBXFileReference; explicitFileType = sourcecode.swift; name = Project.swift; path = amplify/generated/models/Project.swift; sourceTree = "<group>"; };
		AB2D1EF729D5C30E00215C9C /* CustomDivider.swift */ = {isa = PBXFileReference; lastKnownFileType = sourcecode.swift; path = CustomDivider.swift; sourceTree = "<group>"; };
		AB3CF95429D2874A00E7FD45 /* Info.plist */ = {isa = PBXFileReference; lastKnownFileType = text.plist; path = Info.plist; sourceTree = "<group>"; };
		AB77867229D5C9AE00CE5989 /* SocialSignInButtonStyle.swift */ = {isa = PBXFileReference; lastKnownFileType = sourcecode.swift; path = SocialSignInButtonStyle.swift; sourceTree = "<group>"; };
		AB77867429D5CFB600CE5989 /* SplashScreenView.swift */ = {isa = PBXFileReference; lastKnownFileType = sourcecode.swift; path = SplashScreenView.swift; sourceTree = "<group>"; };
		ABCD330529D475E900BA9529 /* LoginViewModel.swift */ = {isa = PBXFileReference; lastKnownFileType = sourcecode.swift; path = LoginViewModel.swift; sourceTree = "<group>"; };
		ABCD330729D477EC00BA9529 /* LoginStatus.swift */ = {isa = PBXFileReference; lastKnownFileType = sourcecode.swift; path = LoginStatus.swift; sourceTree = "<group>"; };
		ABCD330B29D4841400BA9529 /* TextFieldWithIcon.swift */ = {isa = PBXFileReference; lastKnownFileType = sourcecode.swift; path = TextFieldWithIcon.swift; sourceTree = "<group>"; };
		ABD8B55C29D0DB42007BF1BC /* Accountable.app */ = {isa = PBXFileReference; explicitFileType = wrapper.application; includeInIndex = 0; path = Accountable.app; sourceTree = BUILT_PRODUCTS_DIR; };
		ABD8B55F29D0DB42007BF1BC /* AccountableApp.swift */ = {isa = PBXFileReference; lastKnownFileType = sourcecode.swift; path = AccountableApp.swift; sourceTree = "<group>"; };
		ABD8B56129D0DB42007BF1BC /* LoginView.swift */ = {isa = PBXFileReference; lastKnownFileType = sourcecode.swift; path = LoginView.swift; sourceTree = "<group>"; };
		ABD8B56329D0DB43007BF1BC /* Assets.xcassets */ = {isa = PBXFileReference; lastKnownFileType = folder.assetcatalog; path = Assets.xcassets; sourceTree = "<group>"; };
		ABD8B56629D0DB43007BF1BC /* Preview Assets.xcassets */ = {isa = PBXFileReference; lastKnownFileType = folder.assetcatalog; path = "Preview Assets.xcassets"; sourceTree = "<group>"; };
		ABF6EF4129D4722000918FD2 /* LoginController.swift */ = {isa = PBXFileReference; lastKnownFileType = sourcecode.swift; path = LoginController.swift; sourceTree = "<group>"; };
		D781533A5E6CD22C412C1473 /* AmplifyModels.swift */ = {isa = PBXFileReference; explicitFileType = sourcecode.swift; name = AmplifyModels.swift; path = amplify/generated/models/AmplifyModels.swift; sourceTree = "<group>"; };
		D9179760947888B9F0613F4B /* amplifyconfiguration.json */ = {isa = PBXFileReference; explicitFileType = text.json; path = amplifyconfiguration.json; sourceTree = "<group>"; };
		E1F8946CC5880A8134AE56BC /* Priority.swift */ = {isa = PBXFileReference; explicitFileType = sourcecode.swift; name = Priority.swift; path = amplify/generated/models/Priority.swift; sourceTree = "<group>"; };
/* End PBXFileReference section */

/* Begin PBXFrameworksBuildPhase section */
		ABD8B55929D0DB42007BF1BC /* Frameworks */ = {
			isa = PBXFrameworksBuildPhase;
			buildActionMask = 2147483647;
			files = (
				ABD8B57329D0E185007BF1BC /* Amplify in Frameworks */,
				ABD8B56F29D0E185007BF1BC /* AWSAPIPlugin in Frameworks */,
				ABD8B57129D0E185007BF1BC /* AWSDataStorePlugin in Frameworks */,
				AB250F6829D32B5100CE6728 /* AWSCognitoAuthPlugin in Frameworks */,
			);
			runOnlyForDeploymentPostprocessing = 0;
		};
/* End PBXFrameworksBuildPhase section */

/* Begin PBXGroup section */
		200E5784871EE73A95C0E1B4 /* AmplifyModels */ = {
			isa = PBXGroup;
			children = (
				A21EA54876D8A5ECB6EFAFC8 /* Project.swift */,
				E1F8946CC5880A8134AE56BC /* Priority.swift */,
				D781533A5E6CD22C412C1473 /* AmplifyModels.swift */,
				28ED0A8147BCB45602FC6B75 /* Project+Schema.swift */,
			);
			name = AmplifyModels;
			sourceTree = "<group>";
		};
		75C5AC0504245D94FFE6F0A3 /* AmplifyConfig */ = {
			isa = PBXGroup;
			children = (
				2DE0EC291922DAB9CFB2C068 /* awsconfiguration.json */,
				D9179760947888B9F0613F4B /* amplifyconfiguration.json */,
			);
			name = AmplifyConfig;
			sourceTree = "<group>";
		};
		AB250F6629D32B5100CE6728 /* Frameworks */ = {
			isa = PBXGroup;
			children = (
			);
			name = Frameworks;
			sourceTree = "<group>";
		};
		ABD8B55329D0DB42007BF1BC = {
			isa = PBXGroup;
			children = (
				ABD8B55E29D0DB42007BF1BC /* Accountable */,
				ABD8B55D29D0DB42007BF1BC /* Products */,
				75C5AC0504245D94FFE6F0A3 /* AmplifyConfig */,
				200E5784871EE73A95C0E1B4 /* AmplifyModels */,
				AB250F6629D32B5100CE6728 /* Frameworks */,
			);
			sourceTree = "<group>";
		};
		ABD8B55D29D0DB42007BF1BC /* Products */ = {
			isa = PBXGroup;
			children = (
				ABD8B55C29D0DB42007BF1BC /* Accountable.app */,
			);
			name = Products;
			sourceTree = "<group>";
		};
		ABD8B55E29D0DB42007BF1BC /* Accountable */ = {
			isa = PBXGroup;
			children = (
				AB3CF95429D2874A00E7FD45 /* Info.plist */,
				ABD8B55F29D0DB42007BF1BC /* AccountableApp.swift */,
				AB77867429D5CFB600CE5989 /* SplashScreenView.swift */,
				ABD8B56129D0DB42007BF1BC /* LoginView.swift */,
				AB77867229D5C9AE00CE5989 /* SocialSignInButtonStyle.swift */,
				AB2D1EF729D5C30E00215C9C /* CustomDivider.swift */,
				ABCD330529D475E900BA9529 /* LoginViewModel.swift */,
				ABCD330B29D4841400BA9529 /* TextFieldWithIcon.swift */,
				ABCD330729D477EC00BA9529 /* LoginStatus.swift */,
				ABF6EF4029D4721600918FD2 /* LoginController */,
				ABD8B56329D0DB43007BF1BC /* Assets.xcassets */,
				ABD8B56529D0DB43007BF1BC /* Preview Content */,
			);
			path = Accountable;
			sourceTree = "<group>";
		};
		ABD8B56529D0DB43007BF1BC /* Preview Content */ = {
			isa = PBXGroup;
			children = (
				ABD8B56629D0DB43007BF1BC /* Preview Assets.xcassets */,
			);
			path = "Preview Content";
			sourceTree = "<group>";
		};
		ABF6EF4029D4721600918FD2 /* LoginController */ = {
			isa = PBXGroup;
			children = (
				ABF6EF4129D4722000918FD2 /* LoginController.swift */,
			);
			path = LoginController;
			sourceTree = "<group>";
		};
/* End PBXGroup section */

/* Begin PBXNativeTarget section */
		ABD8B55B29D0DB42007BF1BC /* Accountable */ = {
			isa = PBXNativeTarget;
			buildConfigurationList = ABD8B56A29D0DB43007BF1BC /* Build configuration list for PBXNativeTarget "Accountable" */;
			buildPhases = (
				ABD8B55829D0DB42007BF1BC /* Sources */,
				ABD8B55929D0DB42007BF1BC /* Frameworks */,
				ABD8B55A29D0DB42007BF1BC /* Resources */,
			);
			buildRules = (
			);
			dependencies = (
			);
			name = Accountable;
			packageProductDependencies = (
				ABD8B56E29D0E185007BF1BC /* AWSAPIPlugin */,
				ABD8B57029D0E185007BF1BC /* AWSDataStorePlugin */,
				ABD8B57229D0E185007BF1BC /* Amplify */,
				AB250F6729D32B5100CE6728 /* AWSCognitoAuthPlugin */,
			);
			productName = Accountable;
			productReference = ABD8B55C29D0DB42007BF1BC /* Accountable.app */;
			productType = "com.apple.product-type.application";
		};
/* End PBXNativeTarget section */

/* Begin PBXProject section */
		ABD8B55429D0DB42007BF1BC /* Project object */ = {
			isa = PBXProject;
			attributes = {
				BuildIndependentTargetsInParallel = 1;
				LastSwiftUpdateCheck = 1420;
				LastUpgradeCheck = 1420;
				TargetAttributes = {
					ABD8B55B29D0DB42007BF1BC = {
						CreatedOnToolsVersion = 14.2;
					};
				};
			};
			buildConfigurationList = ABD8B55729D0DB42007BF1BC /* Build configuration list for PBXProject "Accountable" */;
			compatibilityVersion = "Xcode 14.0";
			developmentRegion = en;
			hasScannedForEncodings = 0;
			knownRegions = (
				en,
				Base,
			);
			mainGroup = ABD8B55329D0DB42007BF1BC;
			packageReferences = (
				ABD8B56D29D0E185007BF1BC /* XCRemoteSwiftPackageReference "amplify-swift" */,
			);
			productRefGroup = ABD8B55D29D0DB42007BF1BC /* Products */;
			projectDirPath = "";
			projectRoot = "";
			targets = (
				ABD8B55B29D0DB42007BF1BC /* Accountable */,
			);
		};
/* End PBXProject section */

/* Begin PBXResourcesBuildPhase section */
		ABD8B55A29D0DB42007BF1BC /* Resources */ = {
			isa = PBXResourcesBuildPhase;
			buildActionMask = 2147483647;
			files = (
				ABD8B56729D0DB43007BF1BC /* Preview Assets.xcassets in Resources */,
				ABD8B56429D0DB43007BF1BC /* Assets.xcassets in Resources */,
				5DDAF38E01F93465CFBA5EAE /* awsconfiguration.json in Resources */,
				392EF8EAE755C271A9472C1C /* amplifyconfiguration.json in Resources */,
			);
			runOnlyForDeploymentPostprocessing = 0;
		};
/* End PBXResourcesBuildPhase section */

/* Begin PBXSourcesBuildPhase section */
		ABD8B55829D0DB42007BF1BC /* Sources */ = {
			isa = PBXSourcesBuildPhase;
			buildActionMask = 2147483647;
			files = (
				AB77867329D5C9AE00CE5989 /* SocialSignInButtonStyle.swift in Sources */,
				AB77867529D5CFB600CE5989 /* SplashScreenView.swift in Sources */,
				ABD8B56229D0DB42007BF1BC /* LoginView.swift in Sources */,
				ABD8B56029D0DB42007BF1BC /* AccountableApp.swift in Sources */,
				E0C960E8788CE8E94464E4C3 /* AmplifyModels.swift in Sources */,
				74FAED5A93C9CA1CBA468188 /* Priority.swift in Sources */,
				ABCD330629D475E900BA9529 /* LoginViewModel.swift in Sources */,
				A8453C0FEA8A0E969C7C4DBA /* Project+Schema.swift in Sources */,
				65EB8B7F0792FA6A77D3F7DE /* Project.swift in Sources */,
				AB2D1EF829D5C30E00215C9C /* CustomDivider.swift in Sources */,
				ABCD330829D477EC00BA9529 /* LoginStatus.swift in Sources */,
				ABCD330C29D4841400BA9529 /* TextFieldWithIcon.swift in Sources */,
				ABF6EF4229D4722000918FD2 /* LoginController.swift in Sources */,
			);
			runOnlyForDeploymentPostprocessing = 0;
		};
/* End PBXSourcesBuildPhase section */

/* Begin XCBuildConfiguration section */
		ABD8B56829D0DB43007BF1BC /* Debug */ = {
			isa = XCBuildConfiguration;
			buildSettings = {
				ALWAYS_SEARCH_USER_PATHS = NO;
				CLANG_ANALYZER_NONNULL = YES;
				CLANG_ANALYZER_NUMBER_OBJECT_CONVERSION = YES_AGGRESSIVE;
				CLANG_CXX_LANGUAGE_STANDARD = "gnu++20";
				CLANG_ENABLE_MODULES = YES;
				CLANG_ENABLE_OBJC_ARC = YES;
				CLANG_ENABLE_OBJC_WEAK = YES;
				CLANG_WARN_BLOCK_CAPTURE_AUTORELEASING = YES;
				CLANG_WARN_BOOL_CONVERSION = YES;
				CLANG_WARN_COMMA = YES;
				CLANG_WARN_CONSTANT_CONVERSION = YES;
				CLANG_WARN_DEPRECATED_OBJC_IMPLEMENTATIONS = YES;
				CLANG_WARN_DIRECT_OBJC_ISA_USAGE = YES_ERROR;
				CLANG_WARN_DOCUMENTATION_COMMENTS = YES;
				CLANG_WARN_EMPTY_BODY = YES;
				CLANG_WARN_ENUM_CONVERSION = YES;
				CLANG_WARN_INFINITE_RECURSION = YES;
				CLANG_WARN_INT_CONVERSION = YES;
				CLANG_WARN_NON_LITERAL_NULL_CONVERSION = YES;
				CLANG_WARN_OBJC_IMPLICIT_RETAIN_SELF = YES;
				CLANG_WARN_OBJC_LITERAL_CONVERSION = YES;
				CLANG_WARN_OBJC_ROOT_CLASS = YES_ERROR;
				CLANG_WARN_QUOTED_INCLUDE_IN_FRAMEWORK_HEADER = YES;
				CLANG_WARN_RANGE_LOOP_ANALYSIS = YES;
				CLANG_WARN_STRICT_PROTOTYPES = YES;
				CLANG_WARN_SUSPICIOUS_MOVE = YES;
				CLANG_WARN_UNGUARDED_AVAILABILITY = YES_AGGRESSIVE;
				CLANG_WARN_UNREACHABLE_CODE = YES;
				CLANG_WARN__DUPLICATE_METHOD_MATCH = YES;
				COPY_PHASE_STRIP = NO;
				DEBUG_INFORMATION_FORMAT = dwarf;
				ENABLE_STRICT_OBJC_MSGSEND = YES;
				ENABLE_TESTABILITY = YES;
				GCC_C_LANGUAGE_STANDARD = gnu11;
				GCC_DYNAMIC_NO_PIC = NO;
				GCC_NO_COMMON_BLOCKS = YES;
				GCC_OPTIMIZATION_LEVEL = 0;
				GCC_PREPROCESSOR_DEFINITIONS = (
					"DEBUG=1",
					"$(inherited)",
				);
				GCC_WARN_64_TO_32_BIT_CONVERSION = YES;
				GCC_WARN_ABOUT_RETURN_TYPE = YES_ERROR;
				GCC_WARN_UNDECLARED_SELECTOR = YES;
				GCC_WARN_UNINITIALIZED_AUTOS = YES_AGGRESSIVE;
				GCC_WARN_UNUSED_FUNCTION = YES;
				GCC_WARN_UNUSED_VARIABLE = YES;
				IPHONEOS_DEPLOYMENT_TARGET = 16.2;
				MTL_ENABLE_DEBUG_INFO = INCLUDE_SOURCE;
				MTL_FAST_MATH = YES;
				ONLY_ACTIVE_ARCH = YES;
				SDKROOT = iphoneos;
				SWIFT_ACTIVE_COMPILATION_CONDITIONS = DEBUG;
				SWIFT_OPTIMIZATION_LEVEL = "-Onone";
			};
			name = Debug;
		};
		ABD8B56929D0DB43007BF1BC /* Release */ = {
			isa = XCBuildConfiguration;
			buildSettings = {
				ALWAYS_SEARCH_USER_PATHS = NO;
				CLANG_ANALYZER_NONNULL = YES;
				CLANG_ANALYZER_NUMBER_OBJECT_CONVERSION = YES_AGGRESSIVE;
				CLANG_CXX_LANGUAGE_STANDARD = "gnu++20";
				CLANG_ENABLE_MODULES = YES;
				CLANG_ENABLE_OBJC_ARC = YES;
				CLANG_ENABLE_OBJC_WEAK = YES;
				CLANG_WARN_BLOCK_CAPTURE_AUTORELEASING = YES;
				CLANG_WARN_BOOL_CONVERSION = YES;
				CLANG_WARN_COMMA = YES;
				CLANG_WARN_CONSTANT_CONVERSION = YES;
				CLANG_WARN_DEPRECATED_OBJC_IMPLEMENTATIONS = YES;
				CLANG_WARN_DIRECT_OBJC_ISA_USAGE = YES_ERROR;
				CLANG_WARN_DOCUMENTATION_COMMENTS = YES;
				CLANG_WARN_EMPTY_BODY = YES;
				CLANG_WARN_ENUM_CONVERSION = YES;
				CLANG_WARN_INFINITE_RECURSION = YES;
				CLANG_WARN_INT_CONVERSION = YES;
				CLANG_WARN_NON_LITERAL_NULL_CONVERSION = YES;
				CLANG_WARN_OBJC_IMPLICIT_RETAIN_SELF = YES;
				CLANG_WARN_OBJC_LITERAL_CONVERSION = YES;
				CLANG_WARN_OBJC_ROOT_CLASS = YES_ERROR;
				CLANG_WARN_QUOTED_INCLUDE_IN_FRAMEWORK_HEADER = YES;
				CLANG_WARN_RANGE_LOOP_ANALYSIS = YES;
				CLANG_WARN_STRICT_PROTOTYPES = YES;
				CLANG_WARN_SUSPICIOUS_MOVE = YES;
				CLANG_WARN_UNGUARDED_AVAILABILITY = YES_AGGRESSIVE;
				CLANG_WARN_UNREACHABLE_CODE = YES;
				CLANG_WARN__DUPLICATE_METHOD_MATCH = YES;
				COPY_PHASE_STRIP = NO;
				DEBUG_INFORMATION_FORMAT = "dwarf-with-dsym";
				ENABLE_NS_ASSERTIONS = NO;
				ENABLE_STRICT_OBJC_MSGSEND = YES;
				GCC_C_LANGUAGE_STANDARD = gnu11;
				GCC_NO_COMMON_BLOCKS = YES;
				GCC_WARN_64_TO_32_BIT_CONVERSION = YES;
				GCC_WARN_ABOUT_RETURN_TYPE = YES_ERROR;
				GCC_WARN_UNDECLARED_SELECTOR = YES;
				GCC_WARN_UNINITIALIZED_AUTOS = YES_AGGRESSIVE;
				GCC_WARN_UNUSED_FUNCTION = YES;
				GCC_WARN_UNUSED_VARIABLE = YES;
				IPHONEOS_DEPLOYMENT_TARGET = 16.2;
				MTL_ENABLE_DEBUG_INFO = NO;
				MTL_FAST_MATH = YES;
				SDKROOT = iphoneos;
				SWIFT_COMPILATION_MODE = wholemodule;
				SWIFT_OPTIMIZATION_LEVEL = "-O";
				VALIDATE_PRODUCT = YES;
			};
			name = Release;
		};
		ABD8B56B29D0DB43007BF1BC /* Debug */ = {
			isa = XCBuildConfiguration;
			buildSettings = {
				ASSETCATALOG_COMPILER_APPICON_NAME = AppIcon;
				ASSETCATALOG_COMPILER_GLOBAL_ACCENT_COLOR_NAME = AccentColor;
				CODE_SIGN_STYLE = Automatic;
				CURRENT_PROJECT_VERSION = 1;
				DEVELOPMENT_ASSET_PATHS = "\"Accountable/Preview Content\"";
				DEVELOPMENT_TEAM = 9LT5ZRK64X;
				ENABLE_PREVIEWS = YES;
				GENERATE_INFOPLIST_FILE = YES;
				INFOPLIST_FILE = Accountable/Info.plist;
				INFOPLIST_KEY_UIApplicationSupportsIndirectInputEvents = YES;
				INFOPLIST_KEY_UILaunchScreen_Generation = YES;
				INFOPLIST_KEY_UISupportedInterfaceOrientations = UIInterfaceOrientationPortrait;
				LD_RUNPATH_SEARCH_PATHS = (
					"$(inherited)",
					"@executable_path/Frameworks",
				);
				MARKETING_VERSION = 1.0;
				PRODUCT_BUNDLE_IDENTIFIER = com.julianmichaeltechnologies.Accountable;
				PRODUCT_NAME = "$(TARGET_NAME)";
				SUPPORTED_PLATFORMS = "iphoneos iphonesimulator";
				SUPPORTS_MACCATALYST = NO;
				SUPPORTS_MAC_DESIGNED_FOR_IPHONE_IPAD = NO;
				SWIFT_EMIT_LOC_STRINGS = YES;
				SWIFT_VERSION = 5.0;
				TARGETED_DEVICE_FAMILY = 1;
			};
			name = Debug;
		};
		ABD8B56C29D0DB43007BF1BC /* Release */ = {
			isa = XCBuildConfiguration;
			buildSettings = {
				ASSETCATALOG_COMPILER_APPICON_NAME = AppIcon;
				ASSETCATALOG_COMPILER_GLOBAL_ACCENT_COLOR_NAME = AccentColor;
				CODE_SIGN_STYLE = Automatic;
				CURRENT_PROJECT_VERSION = 1;
				DEVELOPMENT_ASSET_PATHS = "\"Accountable/Preview Content\"";
				DEVELOPMENT_TEAM = 9LT5ZRK64X;
				ENABLE_PREVIEWS = YES;
				GENERATE_INFOPLIST_FILE = YES;
				INFOPLIST_FILE = Accountable/Info.plist;
				INFOPLIST_KEY_UIApplicationSupportsIndirectInputEvents = YES;
				INFOPLIST_KEY_UILaunchScreen_Generation = YES;
				INFOPLIST_KEY_UISupportedInterfaceOrientations = UIInterfaceOrientationPortrait;
				LD_RUNPATH_SEARCH_PATHS = (
					"$(inherited)",
					"@executable_path/Frameworks",
				);
				MARKETING_VERSION = 1.0;
				PRODUCT_BUNDLE_IDENTIFIER = com.julianmichaeltechnologies.Accountable;
				PRODUCT_NAME = "$(TARGET_NAME)";
				SUPPORTED_PLATFORMS = "iphoneos iphonesimulator";
				SUPPORTS_MACCATALYST = NO;
				SUPPORTS_MAC_DESIGNED_FOR_IPHONE_IPAD = NO;
				SWIFT_EMIT_LOC_STRINGS = YES;
				SWIFT_VERSION = 5.0;
				TARGETED_DEVICE_FAMILY = 1;
			};
			name = Release;
		};
/* End XCBuildConfiguration section */

/* Begin XCConfigurationList section */
		ABD8B55729D0DB42007BF1BC /* Build configuration list for PBXProject "Accountable" */ = {
			isa = XCConfigurationList;
			buildConfigurations = (
				ABD8B56829D0DB43007BF1BC /* Debug */,
				ABD8B56929D0DB43007BF1BC /* Release */,
			);
			defaultConfigurationIsVisible = 0;
			defaultConfigurationName = Release;
		};
		ABD8B56A29D0DB43007BF1BC /* Build configuration list for PBXNativeTarget "Accountable" */ = {
			isa = XCConfigurationList;
			buildConfigurations = (
				ABD8B56B29D0DB43007BF1BC /* Debug */,
				ABD8B56C29D0DB43007BF1BC /* Release */,
			);
			defaultConfigurationIsVisible = 0;
			defaultConfigurationName = Release;
		};
/* End XCConfigurationList section */

/* Begin XCRemoteSwiftPackageReference section */
		ABD8B56D29D0E185007BF1BC /* XCRemoteSwiftPackageReference "amplify-swift" */ = {
			isa = XCRemoteSwiftPackageReference;
			repositoryURL = "https://github.com/aws-amplify/amplify-swift";
			requirement = {
				kind = upToNextMajorVersion;
				minimumVersion = 2.0.0;
			};
		};
/* End XCRemoteSwiftPackageReference section */

/* Begin XCSwiftPackageProductDependency section */
		AB250F6729D32B5100CE6728 /* AWSCognitoAuthPlugin */ = {
			isa = XCSwiftPackageProductDependency;
			package = ABD8B56D29D0E185007BF1BC /* XCRemoteSwiftPackageReference "amplify-swift" */;
			productName = AWSCognitoAuthPlugin;
		};
		ABD8B56E29D0E185007BF1BC /* AWSAPIPlugin */ = {
			isa = XCSwiftPackageProductDependency;
			package = ABD8B56D29D0E185007BF1BC /* XCRemoteSwiftPackageReference "amplify-swift" */;
			productName = AWSAPIPlugin;
		};
		ABD8B57029D0E185007BF1BC /* AWSDataStorePlugin */ = {
			isa = XCSwiftPackageProductDependency;
			package = ABD8B56D29D0E185007BF1BC /* XCRemoteSwiftPackageReference "amplify-swift" */;
			productName = AWSDataStorePlugin;
		};
		ABD8B57229D0E185007BF1BC /* Amplify */ = {
			isa = XCSwiftPackageProductDependency;
			package = ABD8B56D29D0E185007BF1BC /* XCRemoteSwiftPackageReference "amplify-swift" */;
			productName = Amplify;
		};
/* End XCSwiftPackageProductDependency section */
	};
	rootObject = ABD8B55429D0DB42007BF1BC /* Project object */;
}
